
Microsoft Visual Studio Solution File, Format Version 12.00
Project("{2150E333-8FDC-42A3-9474-1A3956D46DE8}") = "01-CRUD", "01-CRUD", "{310D35C9-7E0A-438E-8C19-2CCB4A7336D2}"
EndProject
Project("{2150E333-8FDC-42A3-9474-1A3956D46DE8}") = "02-CRUDWithCQRS", "02-CRUDWithCQRS", "{B72056B4-67E7-47F8-8D2D-32A19D24EC44}"
EndProject
Project("{2150E333-8FDC-42A3-9474-1A3956D46DE8}") = "03-DomainGrouping", "03-DomainGrouping", "{429EFEB6-C0A0-408F-B9EB-09438A22BF1D}"
EndProject
Project("{2150E333-8FDC-42A3-9474-1A3956D46DE8}") = "04-SlimmedDomain", "04-SlimmedDomain", "{18840AB8-6E6C-4991-A9CA-8AA170D1542B}"
EndProject
Project("{2150E333-8FDC-42A3-9474-1A3956D46DE8}") = "05-ExplicitDomain", "05-ExplicitDomain", "{6EF94DAE-25B4-43E6-9048-5AEFA75FD7D5}"
EndProject
Project("{2150E333-8FDC-42A3-9474-1A3956D46DE8}") = "06-SlicedDomain", "06-SlicedDomain", "{8420C02E-4DFC-4860-923C-4FC240636A77}"
EndProject
Project("{2150E333-8FDC-42A3-9474-1A3956D46DE8}") = "07-FlattenedLayers", "07-FlattenedLayers", "{E1E147C6-4C24-458F-B733-E9B43A8242ED}"
EndProject
Project("{2150E333-8FDC-42A3-9474-1A3956D46DE8}") = "08-SlicedEndpoints", "08-SlicedEndpoints", "{09007895-4804-4F5E-978F-E0ADCF7677C0}"
EndProject
Project("{FAE04EC0-301F-11D3-BF4B-00C04F79EFBC}") = "ECommerce", "01-CRUD\ECommerce\ECommerce.csproj", "{79678A72-4978-45BC-8DA6-CFD3EDE9D77C}"
EndProject
Project("{FAE04EC0-301F-11D3-BF4B-00C04F79EFBC}") = "ECommerce", "02-CRUDWithCQRS\ECommerce\ECommerce.csproj", "{F9252415-9193-4E0B-B1AC-FD20DE81857C}"
EndProject
Project("{FAE04EC0-301F-11D3-BF4B-00C04F79EFBC}") = "ECommerce", "03-DomainGrouping\ECommerce\ECommerce.csproj", "{4497787A-2D83-4127-948D-51DADFB9261F}"
EndProject
Project("{FAE04EC0-301F-11D3-BF4B-00C04F79EFBC}") = "ECommerce.Domain", "03-DomainGrouping\ECommerce.Domain\ECommerce.Domain.csproj", "{A80206FA-8DE9-4AAE-A289-F12B5FD22BEE}"
EndProject
Project("{FAE04EC0-301F-11D3-BF4B-00C04F79EFBC}") = "ECommerce", "04-SlimmedDomain\ECommerce\ECommerce.csproj", "{6DFB940A-32AF-4FEF-8AE5-CC862AEDA120}"
EndProject
Project("{FAE04EC0-301F-11D3-BF4B-00C04F79EFBC}") = "ECommerce.Domain", "04-SlimmedDomain\ECommerce.Domain\ECommerce.Domain.csproj", "{F116FD8B-8265-4A45-95CD-3ABB3753B211}"
EndProject
Project("{FAE04EC0-301F-11D3-BF4B-00C04F79EFBC}") = "ECommerce", "05-ExplicitDomain\ECommerce\ECommerce.csproj", "{1960E1ED-D152-4327-9B65-14E0B2F13A74}"
EndProject
Project("{FAE04EC0-301F-11D3-BF4B-00C04F79EFBC}") = "ECommerce.Domain", "05-ExplicitDomain\ECommerce.Domain\ECommerce.Domain.csproj", "{C9156844-8437-456F-A04F-CE61B5236FEC}"
EndProject
Project("{FAE04EC0-301F-11D3-BF4B-00C04F79EFBC}") = "ECommerce.Domain", "06-SlicedDomain\ECommerce.Domain\ECommerce.Domain.csproj", "{EBE373D5-9E24-4197-B943-86527C858D90}"
EndProject
Project("{FAE04EC0-301F-11D3-BF4B-00C04F79EFBC}") = "ECommerce", "06-SlicedDomain\ECommerce\ECommerce.csproj", "{995DC4E3-536A-466C-A7D7-1E12685B5B87}"
EndProject
Project("{FAE04EC0-301F-11D3-BF4B-00C04F79EFBC}") = "ECommerce", "07-FlattenedLayers\ECommerce\ECommerce.csproj", "{8797B636-41DA-41DB-8B9E-FAD2704AE8CA}"
EndProject
Project("{FAE04EC0-301F-11D3-BF4B-00C04F79EFBC}") = "ECommerce.Domain", "07-FlattenedLayers\ECommerce.Domain\ECommerce.Domain.csproj", "{4B474654-E024-4E65-BA32-B5057BBB177F}"
EndProject
Project("{FAE04EC0-301F-11D3-BF4B-00C04F79EFBC}") = "ECommerce", "08-SlicedEndpoints\ECommerce\ECommerce.csproj", "{2FF32BBE-8A59-4FEC-97D2-6D067388B440}"
EndProject
Project("{FAE04EC0-301F-11D3-BF4B-00C04F79EFBC}") = "ECommerce.Domain", "08-SlicedEndpoints\ECommerce.Domain\ECommerce.Domain.csproj", "{E42EBB40-DEFD-45F1-984B-936D6DE527EC}"
EndProject
Project("{2150E333-8FDC-42A3-9474-1A3956D46DE8}") = "09-MultipleModules", "09-MultipleModules", "{1C2AA8BA-2D45-4C2B-BDCD-F5F7ACD4578F}"
EndProject
Project("{FAE04EC0-301F-11D3-BF4B-00C04F79EFBC}") = "ECommerce.Domain", "09-MultipleModules\ECommerce.Domain\ECommerce.Domain.csproj", "{648B8461-DFDE-4661-9F17-6F3E83C9A043}"
EndProject
Project("{FAE04EC0-301F-11D3-BF4B-00C04F79EFBC}") = "ECommerce", "09-MultipleModules\ECommerce\ECommerce.csproj", "{C9CBFDA7-938C-4C59-99CC-E33289718420}"
EndProject
Global
	GlobalSection(SolutionConfigurationPlatforms) = preSolution
		Debug|Any CPU = Debug|Any CPU
		Release|Any CPU = Release|Any CPU
	EndGlobalSection
	GlobalSection(NestedProjects) = preSolution
		{79678A72-4978-45BC-8DA6-CFD3EDE9D77C} = {310D35C9-7E0A-438E-8C19-2CCB4A7336D2}
		{F9252415-9193-4E0B-B1AC-FD20DE81857C} = {B72056B4-67E7-47F8-8D2D-32A19D24EC44}
		{4497787A-2D83-4127-948D-51DADFB9261F} = {429EFEB6-C0A0-408F-B9EB-09438A22BF1D}
		{A80206FA-8DE9-4AAE-A289-F12B5FD22BEE} = {429EFEB6-C0A0-408F-B9EB-09438A22BF1D}
		{6DFB940A-32AF-4FEF-8AE5-CC862AEDA120} = {18840AB8-6E6C-4991-A9CA-8AA170D1542B}
		{F116FD8B-8265-4A45-95CD-3ABB3753B211} = {18840AB8-6E6C-4991-A9CA-8AA170D1542B}
		{1960E1ED-D152-4327-9B65-14E0B2F13A74} = {6EF94DAE-25B4-43E6-9048-5AEFA75FD7D5}
		{C9156844-8437-456F-A04F-CE61B5236FEC} = {6EF94DAE-25B4-43E6-9048-5AEFA75FD7D5}
		{EBE373D5-9E24-4197-B943-86527C858D90} = {8420C02E-4DFC-4860-923C-4FC240636A77}
		{995DC4E3-536A-466C-A7D7-1E12685B5B87} = {8420C02E-4DFC-4860-923C-4FC240636A77}
		{8797B636-41DA-41DB-8B9E-FAD2704AE8CA} = {E1E147C6-4C24-458F-B733-E9B43A8242ED}
		{4B474654-E024-4E65-BA32-B5057BBB177F} = {E1E147C6-4C24-458F-B733-E9B43A8242ED}
		{2FF32BBE-8A59-4FEC-97D2-6D067388B440} = {09007895-4804-4F5E-978F-E0ADCF7677C0}
		{E42EBB40-DEFD-45F1-984B-936D6DE527EC} = {09007895-4804-4F5E-978F-E0ADCF7677C0}
		{648B8461-DFDE-4661-9F17-6F3E83C9A043} = {1C2AA8BA-2D45-4C2B-BDCD-F5F7ACD4578F}
		{C9CBFDA7-938C-4C59-99CC-E33289718420} = {1C2AA8BA-2D45-4C2B-BDCD-F5F7ACD4578F}
	EndGlobalSection
	GlobalSection(ProjectConfigurationPlatforms) = postSolution
		{79678A72-4978-45BC-8DA6-CFD3EDE9D77C}.Debug|Any CPU.ActiveCfg = Debug|Any CPU
		{79678A72-4978-45BC-8DA6-CFD3EDE9D77C}.Debug|Any CPU.Build.0 = Debug|Any CPU
		{79678A72-4978-45BC-8DA6-CFD3EDE9D77C}.Release|Any CPU.ActiveCfg = Release|Any CPU
		{79678A72-4978-45BC-8DA6-CFD3EDE9D77C}.Release|Any CPU.Build.0 = Release|Any CPU
		{F9252415-9193-4E0B-B1AC-FD20DE81857C}.Debug|Any CPU.ActiveCfg = Debug|Any CPU
		{F9252415-9193-4E0B-B1AC-FD20DE81857C}.Debug|Any CPU.Build.0 = Debug|Any CPU
		{F9252415-9193-4E0B-B1AC-FD20DE81857C}.Release|Any CPU.ActiveCfg = Release|Any CPU
		{F9252415-9193-4E0B-B1AC-FD20DE81857C}.Release|Any CPU.Build.0 = Release|Any CPU
		{4497787A-2D83-4127-948D-51DADFB9261F}.Debug|Any CPU.ActiveCfg = Debug|Any CPU
		{4497787A-2D83-4127-948D-51DADFB9261F}.Debug|Any CPU.Build.0 = Debug|Any CPU
		{4497787A-2D83-4127-948D-51DADFB9261F}.Release|Any CPU.ActiveCfg = Release|Any CPU
		{4497787A-2D83-4127-948D-51DADFB9261F}.Release|Any CPU.Build.0 = Release|Any CPU
		{A80206FA-8DE9-4AAE-A289-F12B5FD22BEE}.Debug|Any CPU.ActiveCfg = Debug|Any CPU
		{A80206FA-8DE9-4AAE-A289-F12B5FD22BEE}.Debug|Any CPU.Build.0 = Debug|Any CPU
		{A80206FA-8DE9-4AAE-A289-F12B5FD22BEE}.Release|Any CPU.ActiveCfg = Release|Any CPU
		{A80206FA-8DE9-4AAE-A289-F12B5FD22BEE}.Release|Any CPU.Build.0 = Release|Any CPU
		{6DFB940A-32AF-4FEF-8AE5-CC862AEDA120}.Debug|Any CPU.ActiveCfg = Debug|Any CPU
		{6DFB940A-32AF-4FEF-8AE5-CC862AEDA120}.Debug|Any CPU.Build.0 = Debug|Any CPU
		{6DFB940A-32AF-4FEF-8AE5-CC862AEDA120}.Release|Any CPU.ActiveCfg = Release|Any CPU
		{6DFB940A-32AF-4FEF-8AE5-CC862AEDA120}.Release|Any CPU.Build.0 = Release|Any CPU
		{F116FD8B-8265-4A45-95CD-3ABB3753B211}.Debug|Any CPU.ActiveCfg = Debug|Any CPU
		{F116FD8B-8265-4A45-95CD-3ABB3753B211}.Debug|Any CPU.Build.0 = Debug|Any CPU
		{F116FD8B-8265-4A45-95CD-3ABB3753B211}.Release|Any CPU.ActiveCfg = Release|Any CPU
		{F116FD8B-8265-4A45-95CD-3ABB3753B211}.Release|Any CPU.Build.0 = Release|Any CPU
		{1960E1ED-D152-4327-9B65-14E0B2F13A74}.Debug|Any CPU.ActiveCfg = Debug|Any CPU
		{1960E1ED-D152-4327-9B65-14E0B2F13A74}.Debug|Any CPU.Build.0 = Debug|Any CPU
		{1960E1ED-D152-4327-9B65-14E0B2F13A74}.Release|Any CPU.ActiveCfg = Release|Any CPU
		{1960E1ED-D152-4327-9B65-14E0B2F13A74}.Release|Any CPU.Build.0 = Release|Any CPU
		{C9156844-8437-456F-A04F-CE61B5236FEC}.Debug|Any CPU.ActiveCfg = Debug|Any CPU
		{C9156844-8437-456F-A04F-CE61B5236FEC}.Debug|Any CPU.Build.0 = Debug|Any CPU
		{C9156844-8437-456F-A04F-CE61B5236FEC}.Release|Any CPU.ActiveCfg = Release|Any CPU
		{C9156844-8437-456F-A04F-CE61B5236FEC}.Release|Any CPU.Build.0 = Release|Any CPU
		{EBE373D5-9E24-4197-B943-86527C858D90}.Debug|Any CPU.ActiveCfg = Debug|Any CPU
		{EBE373D5-9E24-4197-B943-86527C858D90}.Debug|Any CPU.Build.0 = Debug|Any CPU
		{EBE373D5-9E24-4197-B943-86527C858D90}.Release|Any CPU.ActiveCfg = Release|Any CPU
		{EBE373D5-9E24-4197-B943-86527C858D90}.Release|Any CPU.Build.0 = Release|Any CPU
		{995DC4E3-536A-466C-A7D7-1E12685B5B87}.Debug|Any CPU.ActiveCfg = Debug|Any CPU
		{995DC4E3-536A-466C-A7D7-1E12685B5B87}.Debug|Any CPU.Build.0 = Debug|Any CPU
		{995DC4E3-536A-466C-A7D7-1E12685B5B87}.Release|Any CPU.ActiveCfg = Release|Any CPU
		{995DC4E3-536A-466C-A7D7-1E12685B5B87}.Release|Any CPU.Build.0 = Release|Any CPU
		{8797B636-41DA-41DB-8B9E-FAD2704AE8CA}.Debug|Any CPU.ActiveCfg = Debug|Any CPU
		{8797B636-41DA-41DB-8B9E-FAD2704AE8CA}.Debug|Any CPU.Build.0 = Debug|Any CPU
		{8797B636-41DA-41DB-8B9E-FAD2704AE8CA}.Release|Any CPU.ActiveCfg = Release|Any CPU
		{8797B636-41DA-41DB-8B9E-FAD2704AE8CA}.Release|Any CPU.Build.0 = Release|Any CPU
		{4B474654-E024-4E65-BA32-B5057BBB177F}.Debug|Any CPU.ActiveCfg = Debug|Any CPU
		{4B474654-E024-4E65-BA32-B5057BBB177F}.Debug|Any CPU.Build.0 = Debug|Any CPU
		{4B474654-E024-4E65-BA32-B5057BBB177F}.Release|Any CPU.ActiveCfg = Release|Any CPU
		{4B474654-E024-4E65-BA32-B5057BBB177F}.Release|Any CPU.Build.0 = Release|Any CPU
		{2FF32BBE-8A59-4FEC-97D2-6D067388B440}.Debug|Any CPU.ActiveCfg = Debug|Any CPU
		{2FF32BBE-8A59-4FEC-97D2-6D067388B440}.Debug|Any CPU.Build.0 = Debug|Any CPU
		{2FF32BBE-8A59-4FEC-97D2-6D067388B440}.Release|Any CPU.ActiveCfg = Release|Any CPU
		{2FF32BBE-8A59-4FEC-97D2-6D067388B440}.Release|Any CPU.Build.0 = Release|Any CPU
		{E42EBB40-DEFD-45F1-984B-936D6DE527EC}.Debug|Any CPU.ActiveCfg = Debug|Any CPU
		{E42EBB40-DEFD-45F1-984B-936D6DE527EC}.Debug|Any CPU.Build.0 = Debug|Any CPU
		{E42EBB40-DEFD-45F1-984B-936D6DE527EC}.Release|Any CPU.ActiveCfg = Release|Any CPU
		{E42EBB40-DEFD-45F1-984B-936D6DE527EC}.Release|Any CPU.Build.0 = Release|Any CPU
		{648B8461-DFDE-4661-9F17-6F3E83C9A043}.Debug|Any CPU.ActiveCfg = Debug|Any CPU
		{648B8461-DFDE-4661-9F17-6F3E83C9A043}.Debug|Any CPU.Build.0 = Debug|Any CPU
		{648B8461-DFDE-4661-9F17-6F3E83C9A043}.Release|Any CPU.ActiveCfg = Release|Any CPU
		{648B8461-DFDE-4661-9F17-6F3E83C9A043}.Release|Any CPU.Build.0 = Release|Any CPU
		{C9CBFDA7-938C-4C59-99CC-E33289718420}.Debug|Any CPU.ActiveCfg = Debug|Any CPU
		{C9CBFDA7-938C-4C59-99CC-E33289718420}.Debug|Any CPU.Build.0 = Debug|Any CPU
		{C9CBFDA7-938C-4C59-99CC-E33289718420}.Release|Any CPU.ActiveCfg = Release|Any CPU
		{C9CBFDA7-938C-4C59-99CC-E33289718420}.Release|Any CPU.Build.0 = Release|Any CPU
	EndGlobalSection
EndGlobal
