
Microsoft Visual Studio Solution File, Format Version 12.00
# Visual Studio 15
VisualStudioVersion = 15.0.28307.438
MinimumVisualStudioVersion = 10.0.40219.1
Project("{2150E333-8FDC-42A3-9474-1A3956D46DE8}") = "docker", "docker", "{F42A029E-95A2-481F-91B1-91BCEAF0663F}"
ProjectSection(SolutionItems) = preProject
	docker\docker-compose.yml = docker\docker-compose.yml
EndProjectSection
EndProject
Project("{2150E333-8FDC-42A3-9474-1A3956D46DE8}") = "Solution Items", "Solution Items", "{28E16DFD-5C55-4C59-9829-B77B0ABBBF55}"
	ProjectSection(SolutionItems) = preProject
		Readme.md = Readme.md
	EndProjectSection
EndProject
Project("{FAE04EC0-301F-11D3-BF4B-00C04F79EFBC}") = "01-CreateStreamsTable", "01-CreateStreamsTable\01-CreateStreamsTable.csproj", "{E9D7C629-AC8F-4A28-AD4C-E7831940603F}"
EndProject
Project("{FAE04EC0-301F-11D3-BF4B-00C04F79EFBC}") = "02-CreateEventsTable", "02-CreateEventsTable\02-CreateEventsTable.csproj", "{A3D52DB2-515A-4529-AE51-05C66923770F}"
EndProject
Project("{FAE04EC0-301F-11D3-BF4B-00C04F79EFBC}") = "03-CreateAppendEventFunction", "03-CreateAppendEventFunction\03-CreateAppendEventFunction.csproj", "{F0F82E72-5C64-4186-9596-F165F8E48FE7}"
EndProject
Project("{FAE04EC0-301F-11D3-BF4B-00C04F79EFBC}") = "04-EventStoreMethods", "04-EventStoreMethods\04-EventStoreMethods.csproj", "{6868821C-D310-41F3-94F6-1D98FBB9EB3F}"
EndProject
Project("{FAE04EC0-301F-11D3-BF4B-00C04F79EFBC}") = "05-StreamAggregation", "05-StreamAggregation\05-StreamAggregation.csproj", "{951A06B1-0642-46A4-9FFC-4B5213C6580E}"
EndProject
Project("{FAE04EC0-301F-11D3-BF4B-00C04F79EFBC}") = "03-OptimisticConcurrency", "03-OptimisticConcurrency\03-OptimisticConcurrency.csproj", "{8A790627-87CA-4522-BF66-6504C61EF723}"
EndProject
Project("{FAE04EC0-301F-11D3-BF4B-00C04F79EFBC}") = "06-TimeTraveling", "06-TimeTraveling\06-TimeTraveling.csproj", "{BAF75733-BB21-46F7-B6EE-00070E4768DC}"
EndProject
Project("{FAE04EC0-301F-11D3-BF4B-00C04F79EFBC}") = "07-AggregateAndRepository", "07-AggregateAndRepository\07-AggregateAndRepository.csproj", "{B7949D54-8669-4005-BEBA-33D0CD19746A}"
EndProject
Project("{FAE04EC0-301F-11D3-BF4B-00C04F79EFBC}") = "08-Snapshots", "08-Snapshots\08-Snapshots.csproj", "{93E9D3C2-B03B-47EC-98C1-E4C4EE14EAC6}"
EndProject
Project("{FAE04EC0-301F-11D3-BF4B-00C04F79EFBC}") = "09-Projections", "09-Projections\09-Projections.csproj", "{EFE5FCEA-6FF3-4DAF-A154-B6EA03DBCC30}"
EndProject
Project("{FAE04EC0-301F-11D3-BF4B-00C04F79EFBC}") = "10-ProjectionsWithMarten", "10-ProjectionsWithMarten\10-ProjectionsWithMarten.csproj", "{967DFA4D-5F6E-4E67-92D1-013DF9C9530D}"
EndProject
Project("{FAE04EC0-301F-11D3-BF4B-00C04F79EFBC}") = "Tools", "Tools\Tools.csproj", "{FE8DA323-55AA-4B09-8FA7-40F0117BC581}"
EndProject
Project("{2150E333-8FDC-42A3-9474-1A3956D46DE8}") = "Solved", "Solved", "{1CAD79FA-39B5-4579-A2D5-BAB72005D2FA}"
EndProject
Project("{FAE04EC0-301F-11D3-BF4B-00C04F79EFBC}") = "EventStoreBasics", "EventStoreBasics\EventStoreBasics.csproj", "{40007838-7C47-4E49-8D9F-42220CD06C2D}"
EndProject
Project("{FAE04EC0-301F-11D3-BF4B-00C04F79EFBC}") = "EventStoreBasics.Tests", "EventStoreBasics.Tests\EventStoreBasics.Tests.csproj", "{12299EDB-3173-41E4-9898-55EB6DD84894}"
EndProject
Global
	GlobalSection(SolutionConfigurationPlatforms) = preSolution
		Debug|Any CPU = Debug|Any CPU
		Release|Any CPU = Release|Any CPU
	EndGlobalSection
	GlobalSection(ProjectConfigurationPlatforms) = postSolution
		{E9D7C629-AC8F-4A28-AD4C-E7831940603F}.Debug|Any CPU.ActiveCfg = Debug|Any CPU
		{E9D7C629-AC8F-4A28-AD4C-E7831940603F}.Debug|Any CPU.Build.0 = Debug|Any CPU
		{E9D7C629-AC8F-4A28-AD4C-E7831940603F}.Release|Any CPU.ActiveCfg = Release|Any CPU
		{E9D7C629-AC8F-4A28-AD4C-E7831940603F}.Release|Any CPU.Build.0 = Release|Any CPU
		{A3D52DB2-515A-4529-AE51-05C66923770F}.Debug|Any CPU.ActiveCfg = Debug|Any CPU
		{A3D52DB2-515A-4529-AE51-05C66923770F}.Debug|Any CPU.Build.0 = Debug|Any CPU
		{A3D52DB2-515A-4529-AE51-05C66923770F}.Release|Any CPU.ActiveCfg = Release|Any CPU
		{A3D52DB2-515A-4529-AE51-05C66923770F}.Release|Any CPU.Build.0 = Release|Any CPU
		{F0F82E72-5C64-4186-9596-F165F8E48FE7}.Debug|Any CPU.ActiveCfg = Debug|Any CPU
		{F0F82E72-5C64-4186-9596-F165F8E48FE7}.Debug|Any CPU.Build.0 = Debug|Any CPU
		{F0F82E72-5C64-4186-9596-F165F8E48FE7}.Release|Any CPU.ActiveCfg = Release|Any CPU
		{F0F82E72-5C64-4186-9596-F165F8E48FE7}.Release|Any CPU.Build.0 = Release|Any CPU
		{6868821C-D310-41F3-94F6-1D98FBB9EB3F}.Debug|Any CPU.ActiveCfg = Debug|Any CPU
		{6868821C-D310-41F3-94F6-1D98FBB9EB3F}.Debug|Any CPU.Build.0 = Debug|Any CPU
		{6868821C-D310-41F3-94F6-1D98FBB9EB3F}.Release|Any CPU.ActiveCfg = Release|Any CPU
		{6868821C-D310-41F3-94F6-1D98FBB9EB3F}.Release|Any CPU.Build.0 = Release|Any CPU
		{951A06B1-0642-46A4-9FFC-4B5213C6580E}.Debug|Any CPU.ActiveCfg = Debug|Any CPU
		{951A06B1-0642-46A4-9FFC-4B5213C6580E}.Debug|Any CPU.Build.0 = Debug|Any CPU
		{951A06B1-0642-46A4-9FFC-4B5213C6580E}.Release|Any CPU.ActiveCfg = Release|Any CPU
		{951A06B1-0642-46A4-9FFC-4B5213C6580E}.Release|Any CPU.Build.0 = Release|Any CPU
		{8A790627-87CA-4522-BF66-6504C61EF723}.Debug|Any CPU.ActiveCfg = Debug|Any CPU
		{8A790627-87CA-4522-BF66-6504C61EF723}.Debug|Any CPU.Build.0 = Debug|Any CPU
		{8A790627-87CA-4522-BF66-6504C61EF723}.Release|Any CPU.ActiveCfg = Release|Any CPU
		{8A790627-87CA-4522-BF66-6504C61EF723}.Release|Any CPU.Build.0 = Release|Any CPU
		{BAF75733-BB21-46F7-B6EE-00070E4768DC}.Debug|Any CPU.ActiveCfg = Debug|Any CPU
		{BAF75733-BB21-46F7-B6EE-00070E4768DC}.Debug|Any CPU.Build.0 = Debug|Any CPU
		{BAF75733-BB21-46F7-B6EE-00070E4768DC}.Release|Any CPU.ActiveCfg = Release|Any CPU
		{BAF75733-BB21-46F7-B6EE-00070E4768DC}.Release|Any CPU.Build.0 = Release|Any CPU
		{B7949D54-8669-4005-BEBA-33D0CD19746A}.Debug|Any CPU.ActiveCfg = Debug|Any CPU
		{B7949D54-8669-4005-BEBA-33D0CD19746A}.Debug|Any CPU.Build.0 = Debug|Any CPU
		{B7949D54-8669-4005-BEBA-33D0CD19746A}.Release|Any CPU.ActiveCfg = Release|Any CPU
		{B7949D54-8669-4005-BEBA-33D0CD19746A}.Release|Any CPU.Build.0 = Release|Any CPU
		{93E9D3C2-B03B-47EC-98C1-E4C4EE14EAC6}.Debug|Any CPU.ActiveCfg = Debug|Any CPU
		{93E9D3C2-B03B-47EC-98C1-E4C4EE14EAC6}.Debug|Any CPU.Build.0 = Debug|Any CPU
		{93E9D3C2-B03B-47EC-98C1-E4C4EE14EAC6}.Release|Any CPU.ActiveCfg = Release|Any CPU
		{93E9D3C2-B03B-47EC-98C1-E4C4EE14EAC6}.Release|Any CPU.Build.0 = Release|Any CPU
		{EFE5FCEA-6FF3-4DAF-A154-B6EA03DBCC30}.Debug|Any CPU.ActiveCfg = Debug|Any CPU
		{EFE5FCEA-6FF3-4DAF-A154-B6EA03DBCC30}.Debug|Any CPU.Build.0 = Debug|Any CPU
		{EFE5FCEA-6FF3-4DAF-A154-B6EA03DBCC30}.Release|Any CPU.ActiveCfg = Release|Any CPU
		{EFE5FCEA-6FF3-4DAF-A154-B6EA03DBCC30}.Release|Any CPU.Build.0 = Release|Any CPU
		{967DFA4D-5F6E-4E67-92D1-013DF9C9530D}.Debug|Any CPU.ActiveCfg = Debug|Any CPU
		{967DFA4D-5F6E-4E67-92D1-013DF9C9530D}.Debug|Any CPU.Build.0 = Debug|Any CPU
		{967DFA4D-5F6E-4E67-92D1-013DF9C9530D}.Release|Any CPU.ActiveCfg = Release|Any CPU
		{967DFA4D-5F6E-4E67-92D1-013DF9C9530D}.Release|Any CPU.Build.0 = Release|Any CPU
		{FE8DA323-55AA-4B09-8FA7-40F0117BC581}.Debug|Any CPU.ActiveCfg = Debug|Any CPU
		{FE8DA323-55AA-4B09-8FA7-40F0117BC581}.Debug|Any CPU.Build.0 = Debug|Any CPU
		{FE8DA323-55AA-4B09-8FA7-40F0117BC581}.Release|Any CPU.ActiveCfg = Release|Any CPU
		{FE8DA323-55AA-4B09-8FA7-40F0117BC581}.Release|Any CPU.Build.0 = Release|Any CPU
		{40007838-7C47-4E49-8D9F-42220CD06C2D}.Debug|Any CPU.ActiveCfg = Debug|Any CPU
		{40007838-7C47-4E49-8D9F-42220CD06C2D}.Debug|Any CPU.Build.0 = Debug|Any CPU
		{40007838-7C47-4E49-8D9F-42220CD06C2D}.Release|Any CPU.ActiveCfg = Release|Any CPU
		{40007838-7C47-4E49-8D9F-42220CD06C2D}.Release|Any CPU.Build.0 = Release|Any CPU
		{12299EDB-3173-41E4-9898-55EB6DD84894}.Debug|Any CPU.ActiveCfg = Debug|Any CPU
		{12299EDB-3173-41E4-9898-55EB6DD84894}.Debug|Any CPU.Build.0 = Debug|Any CPU
		{12299EDB-3173-41E4-9898-55EB6DD84894}.Release|Any CPU.ActiveCfg = Release|Any CPU
		{12299EDB-3173-41E4-9898-55EB6DD84894}.Release|Any CPU.Build.0 = Release|Any CPU
	EndGlobalSection
	GlobalSection(SolutionProperties) = preSolution
		HideSolutionNode = FALSE
	EndGlobalSection
	GlobalSection(NestedProjects) = preSolution
		{40007838-7C47-4E49-8D9F-42220CD06C2D} = {1CAD79FA-39B5-4579-A2D5-BAB72005D2FA}
		{12299EDB-3173-41E4-9898-55EB6DD84894} = {1CAD79FA-39B5-4579-A2D5-BAB72005D2FA}
	EndGlobalSection
	GlobalSection(ExtensibilityGlobals) = postSolution
		SolutionGuid = {F7A7AC90-022D-4C06-91A8-29B808FA444B}
	EndGlobalSection
EndGlobal
