
Microsoft Visual Studio Solution File, Format Version 12.00
Project("{FAE04EC0-301F-11D3-BF4B-00C04F79EFBC}") = "SmartHome.Temperature", "SmartHome.Temperature\SmartHome.Temperature.csproj", "{C62B8F64-81A3-4B62-98E9-310EEC402C30}"
EndProject
Project("{FAE04EC0-301F-11D3-BF4B-00C04F79EFBC}") = "SmartHome.Api", "SmartHome.Api\SmartHome.Api.csproj", "{DADC2214-8D43-486A-9608-1560275A8818}"
EndProject
Project("{FAE04EC0-301F-11D3-BF4B-00C04F79EFBC}") = "Core", "..\Tickets\Core\Core.csproj", "{D1E59160-353A-4B8E-AA37-0A24C56B37EF}"
EndProject
Global
	GlobalSection(SolutionConfigurationPlatforms) = preSolution
		Debug|Any CPU = Debug|Any CPU
		Release|Any CPU = Release|Any CPU
	EndGlobalSection
	GlobalSection(ProjectConfigurationPlatforms) = postSolution
		{C62B8F64-81A3-4B62-98E9-310EEC402C30}.Debug|Any CPU.ActiveCfg = Debug|Any CPU
		{C62B8F64-81A3-4B62-98E9-310EEC402C30}.Debug|Any CPU.Build.0 = Debug|Any CPU
		{C62B8F64-81A3-4B62-98E9-310EEC402C30}.Release|Any CPU.ActiveCfg = Release|Any CPU
		{C62B8F64-81A3-4B62-98E9-310EEC402C30}.Release|Any CPU.Build.0 = Release|Any CPU
		{DADC2214-8D43-486A-9608-1560275A8818}.Debug|Any CPU.ActiveCfg = Debug|Any CPU
		{DADC2214-8D43-486A-9608-1560275A8818}.Debug|Any CPU.Build.0 = Debug|Any CPU
		{DADC2214-8D43-486A-9608-1560275A8818}.Release|Any CPU.ActiveCfg = Release|Any CPU
		{DADC2214-8D43-486A-9608-1560275A8818}.Release|Any CPU.Build.0 = Release|Any CPU
		{D1E59160-353A-4B8E-AA37-0A24C56B37EF}.Debug|Any CPU.ActiveCfg = Debug|Any CPU
		{D1E59160-353A-4B8E-AA37-0A24C56B37EF}.Debug|Any CPU.Build.0 = Debug|Any CPU
		{D1E59160-353A-4B8E-AA37-0A24C56B37EF}.Release|Any CPU.ActiveCfg = Release|Any CPU
		{D1E59160-353A-4B8E-AA37-0A24C56B37EF}.Release|Any CPU.Build.0 = Release|Any CPU
	EndGlobalSection
EndGlobal
