
Microsoft Visual Studio Solution File, Format Version 12.00
# Visual Studio 15
VisualStudioVersion = 15.0.27130.2003
MinimumVisualStudioVersion = 10.0.40219.1
Project("{2150E333-8FDC-42A3-9474-1A3956D46DE8}") = "Tests", "Tests", "{107B18E3-65C8-4A6C-976D-7EEED6A6D318}"
EndProject
Project("{2150E333-8FDC-42A3-9474-1A3956D46DE8}") = "Sample", "Sample", "{A7186B6B-D56D-4AEF-B6B7-FAA827764C34}"
EndProject
Project("{2150E333-8FDC-42A3-9474-1A3956D46DE8}") = "Core", "Core", "{0570E45A-2EB6-4C4C-84E4-2C80E1FECEB5}"
EndProject
Project("{2150E333-8FDC-42A3-9474-1A3956D46DE8}") = "Solution Items", "Solution Items", "{1A406B86-7F72-4773-B99C-545CCACC92B0}"
	ProjectSection(SolutionItems) = preProject
		.editorconfig = .editorconfig
		docker-compose.yml = docker-compose.yml
		DOCKERFILE = DOCKERFILE
		README.md = README.md
	EndProjectSection
EndProject
Project("{9A19103F-16F7-4668-BE54-9A1E7A4F7556}") = "Core.Tests", "Core.Tests\Core.Tests.csproj", "{E1B97A7B-97C3-4C14-9BE6-ACE0AF45CE61}"
EndProject
Project("{9A19103F-16F7-4668-BE54-9A1E7A4F7556}") = "Marten.Integration.Tests", "Marten.Integration.Tests\Marten.Integration.Tests.csproj", "{10A477FB-4AF7-4AB5-84BF-FC2AC538B306}"
EndProject
Project("{9A19103F-16F7-4668-BE54-9A1E7A4F7556}") = "MediatR.Tests", "MediatR.Tests\MediatR.Tests.csproj", "{E942A5A1-2B6E-41A0-8445-C5A38D955611}"
EndProject
Project("{9A19103F-16F7-4668-BE54-9A1E7A4F7556}") = "CQRS.Tests", "CQRS.Tests\CQRS.Tests.csproj", "{7532F3EB-D50F-490C-A1E1-4E0B882281FD}"
EndProject
Project("{9A19103F-16F7-4668-BE54-9A1E7A4F7556}") = "EventSourcing.Integration.Tests", "EventSourcing.Integration.Tests\EventSourcing.Integration.Tests.csproj", "{215691EC-51FB-4BD2-A46C-396094727054}"
EndProject
Project("{2150E333-8FDC-42A3-9474-1A3956D46DE8}") = "docker", "docker", "{821D8306-C110-45AB-BDF7-AA80FDA942CE}"
	ProjectSection(SolutionItems) = preProject
		docker\docker-compose.yml = docker\docker-compose.yml
	EndProjectSection
EndProject
Project("{2150E333-8FDC-42A3-9474-1A3956D46DE8}") = "Workshops", "Workshops", "{CEEE5F74-121E-437F-B3B4-4E7C65482644}"
EndProject
Project("{2150E333-8FDC-42A3-9474-1A3956D46DE8}") = "01-EventStoreBasics", "01-EventStoreBasics", "{14D732F0-6655-4E12-A945-8F668A70BF7D}"
EndProject
Project("{9A19103F-16F7-4668-BE54-9A1E7A4F7556}") = "EventStoreBasics", "Workshops\BuildYourOwnEventStore\01-EventStoreBasics\EventStoreBasics\EventStoreBasics.csproj", "{A445DD68-AD59-4D97-9142-5EA6F903D908}"
EndProject
Project("{9A19103F-16F7-4668-BE54-9A1E7A4F7556}") = "EventStoreBasics.Tests", "Workshops\BuildYourOwnEventStore\01-EventStoreBasics\EventStoreBasics.Tests\EventStoreBasics.Tests.csproj", "{C55A9F53-6C9D-4E77-BA17-610AD6412646}"
EndProject
Project("{2150E333-8FDC-42A3-9474-1A3956D46DE8}") = "02-EventSourcingAdvanced", "02-EventSourcingAdvanced", "{A8E25331-55E9-4D1A-87A4-136EC4D2A4B5}"
EndProject
Project("{9A19103F-16F7-4668-BE54-9A1E7A4F7556}") = "MeetingsSearch.Api", "Workshops\BuildYourOwnEventStore\02-EventSourcingAdvanced\MeetingsSearch.Api\MeetingsSearch.Api.csproj", "{431FF491-256F-4B29-8190-8363A2187CEA}"
EndProject
Project("{9A19103F-16F7-4668-BE54-9A1E7A4F7556}") = "MeetingsManagement.Api", "Workshops\BuildYourOwnEventStore\02-EventSourcingAdvanced\MeetingsManagement.Api\MeetingsManagement.Api.csproj", "{3BF46F7C-D492-4CA3-BF62-90EA62288012}"
EndProject
Project("{9A19103F-16F7-4668-BE54-9A1E7A4F7556}") = "MeetingsManagement", "Workshops\BuildYourOwnEventStore\02-EventSourcingAdvanced\MeetingsManagement\MeetingsManagement.csproj", "{A67B74EF-CEF3-45C5-99C8-064BA640C7E4}"
EndProject
Project("{9A19103F-16F7-4668-BE54-9A1E7A4F7556}") = "MeetingsSearch", "Workshops\BuildYourOwnEventStore\02-EventSourcingAdvanced\MeetingsSearch\MeetingsSearch.csproj", "{2D79A980-392C-4AB9-8056-B1B50B988900}"
EndProject
Project("{9A19103F-16F7-4668-BE54-9A1E7A4F7556}") = "01-CreateStreamsTable", "Workshops\BuildYourOwnEventStore\01-EventStoreBasics\01-CreateStreamsTable\01-CreateStreamsTable.csproj", "{5E3DAEF4-F77A-4087-A022-CF6852D951CF}"
EndProject
Project("{9A19103F-16F7-4668-BE54-9A1E7A4F7556}") = "Tools", "Workshops\BuildYourOwnEventStore\01-EventStoreBasics\Tools\Tools.csproj", "{F7809E15-D911-4B8C-B62F-FA9DE63A26F0}"
EndProject
Project("{9A19103F-16F7-4668-BE54-9A1E7A4F7556}") = "02-CreateEventsTable", "Workshops\BuildYourOwnEventStore\01-EventStoreBasics\02-CreateEventsTable\02-CreateEventsTable.csproj", "{F992EFBF-CBAD-445D-A07E-3CB3C0571BDD}"
EndProject
Project("{9A19103F-16F7-4668-BE54-9A1E7A4F7556}") = "03-CreateAppendEventFunction", "Workshops\BuildYourOwnEventStore\01-EventStoreBasics\03-CreateAppendEventFunction\03-CreateAppendEventFunction.csproj", "{F6CA2354-0E98-4818-BF67-77EB20AC09DF}"
EndProject
Project("{9A19103F-16F7-4668-BE54-9A1E7A4F7556}") = "04-EventStoreMethods", "Workshops\BuildYourOwnEventStore\01-EventStoreBasics\04-EventStoreMethods\04-EventStoreMethods.csproj", "{04F02CF1-D30F-435C-951A-273FED1BF91A}"
EndProject
Project("{9A19103F-16F7-4668-BE54-9A1E7A4F7556}") = "05-StreamAggregation", "Workshops\BuildYourOwnEventStore\01-EventStoreBasics\05-StreamAggregation\05-StreamAggregation.csproj", "{4E9FFCAC-8125-4243-A4B6-3857C2B5FC33}"
EndProject
Project("{9A19103F-16F7-4668-BE54-9A1E7A4F7556}") = "06-TimeTraveling", "Workshops\BuildYourOwnEventStore\01-EventStoreBasics\06-TimeTraveling\06-TimeTraveling.csproj", "{80E5D543-A7AE-4043-87E8-1DE12145C4BF}"
EndProject
Project("{9A19103F-16F7-4668-BE54-9A1E7A4F7556}") = "07-AggregateAndRepository", "Workshops\BuildYourOwnEventStore\01-EventStoreBasics\07-AggregateAndRepository\07-AggregateAndRepository.csproj", "{10E209CA-813E-4FDF-856D-AFFB3CA585AD}"
EndProject
Project("{9A19103F-16F7-4668-BE54-9A1E7A4F7556}") = "08-Snapshots", "Workshops\BuildYourOwnEventStore\01-EventStoreBasics\08-Snapshots\08-Snapshots.csproj", "{C906736D-0B5D-4D22-AF2D-1FDF24E1CE55}"
EndProject
Project("{9A19103F-16F7-4668-BE54-9A1E7A4F7556}") = "09-Projections", "Workshops\BuildYourOwnEventStore\01-EventStoreBasics\09-Projections\09-Projections.csproj", "{F07A16AB-3866-4B52-AE66-E8CE1B24202A}"
EndProject
Project("{9A19103F-16F7-4668-BE54-9A1E7A4F7556}") = "10-ProjectionsWithMarten", "Workshops\BuildYourOwnEventStore\01-EventStoreBasics\10-ProjectionsWithMarten\10-ProjectionsWithMarten.csproj", "{B112DE86-F995-4D8C-98CA-A7E169D41775}"
EndProject
Project("{9A19103F-16F7-4668-BE54-9A1E7A4F7556}") = "03-OptimisticConcurrency", "Workshops\BuildYourOwnEventStore\01-EventStoreBasics\03-OptimisticConcurrency\03-OptimisticConcurrency.csproj", "{007BC4EB-7021-49B2-977E-959F10347C86}"
EndProject
Project("{9A19103F-16F7-4668-BE54-9A1E7A4F7556}") = "MeetingsManagement.IntegrationTests", "Workshops\BuildYourOwnEventStore\02-EventSourcingAdvanced\MeetingsManagement.IntegrationTests\MeetingsManagement.IntegrationTests.csproj", "{81CE8853-7B41-4F4E-B2C2-6522FD3A54F7}"
EndProject
Project("{9A19103F-16F7-4668-BE54-9A1E7A4F7556}") = "MeetingsSearch.IntegrationTests", "Workshops\BuildYourOwnEventStore\02-EventSourcingAdvanced\MeetingsSearch.IntegrationTests\MeetingsSearch.IntegrationTests.csproj", "{58C58B11-441E-46CD-AB12-DD2F51C1B992}"
EndProject
Project("{2150E333-8FDC-42A3-9474-1A3956D46DE8}") = "docker", "docker", "{E15B4D4B-1527-446F-8613-A09B230D6643}"
	ProjectSection(SolutionItems) = preProject
		Workshops\BuildYourOwnEventStore\01-EventStoreBasics\docker\docker-compose.yml = Workshops\BuildYourOwnEventStore\01-EventStoreBasics\docker\docker-compose.yml
	EndProjectSection
EndProject
Project("{2150E333-8FDC-42A3-9474-1A3956D46DE8}") = "docker", "docker", "{F755E316-140C-4A73-9586-06860521C1B6}"
	ProjectSection(SolutionItems) = preProject
		Workshops\BuildYourOwnEventStore\02-EventSourcingAdvanced\docker\docker-compose.yml = Workshops\BuildYourOwnEventStore\02-EventSourcingAdvanced\docker\docker-compose.yml
	EndProjectSection
EndProject
Project("{2150E333-8FDC-42A3-9474-1A3956D46DE8}") = "Tickets", "Tickets", "{3C628C0A-71AD-4C41-9977-A33F89C0751B}"
EndProject
Project("{FAE04EC0-301F-11D3-BF4B-00C04F79EFBC}") = "Tickets", "Sample\Tickets\Tickets\Tickets.csproj", "{1ED20C13-1748-4D53-8D62-C66405F1FCE0}"
EndProject
Project("{FAE04EC0-301F-11D3-BF4B-00C04F79EFBC}") = "Tickets.Api", "Sample\Tickets\Tickets.Api\Tickets.Api.csproj", "{896F415B-2ABE-436F-A9EC-B5E106B64519}"
EndProject
Project("{FAE04EC0-301F-11D3-BF4B-00C04F79EFBC}") = "Tickets.Api.Tests", "Sample\Tickets\Tickets.Api.Tests\Tickets.Api.Tests.csproj", "{A4D6ADA5-7830-4799-B945-41DBB738F203}"
EndProject
Project("{FAE04EC0-301F-11D3-BF4B-00C04F79EFBC}") = "Tickets.Tests", "Sample\Tickets\Tickets.Tests\Tickets.Tests.csproj", "{487BADCF-A37B-496C-9317-64F46A3C008D}"
EndProject
Project("{2150E333-8FDC-42A3-9474-1A3956D46DE8}") = "AsyncProjections", "AsyncProjections", "{8A9E2254-B9BE-4AFC-B6B4-D3733CCF75AE}"
EndProject
Project("{FAE04EC0-301F-11D3-BF4B-00C04F79EFBC}") = "SmartHome.Api", "Sample\AsyncProjections\SmartHome.Api\SmartHome.Api.csproj", "{E4E61DBD-B97C-4A4E-A73F-C37094434983}"
EndProject
Project("{FAE04EC0-301F-11D3-BF4B-00C04F79EFBC}") = "SmartHome.Temperature", "Sample\AsyncProjections\SmartHome.Temperature\SmartHome.Temperature.csproj", "{91604B2D-CFDA-4777-BFD1-F459495C96B2}"
EndProject
Project("{2150E333-8FDC-42A3-9474-1A3956D46DE8}") = "BankAccounts", "BankAccounts", "{AE965108-8461-4D7B-A183-41AB4D2BC179}"
EndProject
Project("{FAE04EC0-301F-11D3-BF4B-00C04F79EFBC}") = "EventSourcing.Sample.Clients", "Sample\BankAccounts\EventSourcing.Sample.Clients\EventSourcing.Sample.Clients.csproj", "{787DB75C-2CE1-4534-8C99-7EC79774F2D3}"
EndProject
Project("{FAE04EC0-301F-11D3-BF4B-00C04F79EFBC}") = "EventSourcing.Sample.Clients.Contracts", "Sample\BankAccounts\EventSourcing.Sample.Clients.Contracts\EventSourcing.Sample.Clients.Contracts.csproj", "{CFE2108E-7B7F-4264-9378-36A82A99E95D}"
EndProject
Project("{FAE04EC0-301F-11D3-BF4B-00C04F79EFBC}") = "EventSourcing.Sample.Transactions.Contracts", "Sample\BankAccounts\EventSourcing.Sample.Transactions.Contracts\EventSourcing.Sample.Transactions.Contracts.csproj", "{1683DFB7-2C3E-4416-8B1D-0979F61B22BD}"
EndProject
Project("{FAE04EC0-301F-11D3-BF4B-00C04F79EFBC}") = "EventSourcing.Sample.Transactions", "Sample\BankAccounts\EventSourcing.Sample.Transactions\EventSourcing.Sample.Transactions.csproj", "{B352BEFA-85D7-4457-9976-1B3063B5B7C1}"
EndProject
Project("{FAE04EC0-301F-11D3-BF4B-00C04F79EFBC}") = "EventSourcing.Sample.Web", "Sample\BankAccounts\EventSourcing.Sample.Web\EventSourcing.Sample.Web.csproj", "{084FBED7-9B9A-447C-9987-4BB0EAF1E302}"
EndProject
Project("{FAE04EC0-301F-11D3-BF4B-00C04F79EFBC}") = "EventSourcing.Sample.IntegrationTests", "Sample\BankAccounts\EventSourcing.Sample.IntegrationTests\EventSourcing.Sample.IntegrationTests.csproj", "{344EFF7D-329C-4A1A-B96D-EF6C9A582CF9}"
EndProject
Project("{2150E333-8FDC-42A3-9474-1A3956D46DE8}") = "BuildYourOwnEventStore", "BuildYourOwnEventStore", "{94524EA9-A4BA-4684-99B8-BBE9EE85E791}"
ProjectSection(SolutionItems) = preProject
	Workshops\BuildYourOwnEventStore\Readme.md = Workshops\BuildYourOwnEventStore\Readme.md
EndProjectSection
EndProject
Project("{FAE04EC0-301F-11D3-BF4B-00C04F79EFBC}") = "Core.Marten", "Core.Marten\Core.Marten.csproj", "{6EF458DC-00FA-45B0-A722-1ACCEB686CAF}"
EndProject
Project("{FAE04EC0-301F-11D3-BF4B-00C04F79EFBC}") = "Core.Streaming.Kafka", "Core.Streaming.Kafka\Core.Streaming.Kafka.csproj", "{A1277765-1C96-4307-A09A-A85E211A59F8}"
EndProject
Project("{FAE04EC0-301F-11D3-BF4B-00C04F79EFBC}") = "Core.Streaming", "Core.Streaming\Core.Streaming.csproj", "{AC26E89D-18EA-4604-BE07-497128C521D8}"
EndProject
Project("{FAE04EC0-301F-11D3-BF4B-00C04F79EFBC}") = "Core", "Core\Core.csproj", "{FBA4E3F4-309C-4D79-8999-306D63313DFD}"
EndProject
Project("{FAE04EC0-301F-11D3-BF4B-00C04F79EFBC}") = "Core.Testing", "Core.Testing\Core.Testing.csproj", "{3B82F0BA-AE2A-4164-8E9A-29F5360F8AB2}"
EndProject
Project("{FAE04EC0-301F-11D3-BF4B-00C04F79EFBC}") = "Core.WebApi", "Core.WebApi\Core.WebApi.csproj", "{2C617C5E-B844-421E-9B76-BA42962ABAF7}"
EndProject
Project("{2150E333-8FDC-42A3-9474-1A3956D46DE8}") = "ECommerce", "ECommerce", "{58104871-E205-45F1-9E24-BED4967E602B}"
EndProject
Project("{2150E333-8FDC-42A3-9474-1A3956D46DE8}") = "Carts", "Carts", "{8273DFB3-61C3-4F5B-952E-4E0FB5090411}"
EndProject
Project("{2150E333-8FDC-42A3-9474-1A3956D46DE8}") = "Orders", "Orders", "{0F5A6C16-2BEC-4832-8721-3F9ED5D5962F}"
EndProject
Project("{2150E333-8FDC-42A3-9474-1A3956D46DE8}") = "Payments", "Payments", "{4D6F0229-4D79-4ABE-AF7C-846A15E13A08}"
EndProject
Project("{2150E333-8FDC-42A3-9474-1A3956D46DE8}") = "Shipments", "Shipments", "{5474CEA1-4C97-45CC-A736-3EB14C63851D}"
EndProject
Project("{FAE04EC0-301F-11D3-BF4B-00C04F79EFBC}") = "Carts", "Sample\ECommerce\Carts\Carts\Carts.csproj", "{1A43BFB2-B16E-417B-86D2-D4596F5DC500}"
EndProject
Project("{FAE04EC0-301F-11D3-BF4B-00C04F79EFBC}") = "Carts.Api", "Sample\ECommerce\Carts\Carts.Api\Carts.Api.csproj", "{542CD402-C16E-4924-B3B9-45D4863B526E}"
EndProject
Project("{FAE04EC0-301F-11D3-BF4B-00C04F79EFBC}") = "Carts.Api.Tests", "Sample\ECommerce\Carts\Carts.Api.Tests\Carts.Api.Tests.csproj", "{A9A95C69-8BE7-4038-8D5C-06A6B987C8EB}"
EndProject
Project("{FAE04EC0-301F-11D3-BF4B-00C04F79EFBC}") = "Carts.Tests", "Sample\ECommerce\Carts\Carts.Tests\Carts.Tests.csproj", "{CEBA32BB-A9A4-40D1-8CF2-5BEC743E490A}"
EndProject
Project("{FAE04EC0-301F-11D3-BF4B-00C04F79EFBC}") = "Orders", "Sample\ECommerce\Orders\Orders\Orders.csproj", "{E31F155F-F057-4808-8F46-FB46AC0F98AD}"
EndProject
Project("{FAE04EC0-301F-11D3-BF4B-00C04F79EFBC}") = "Orders.Api", "Sample\ECommerce\Orders\Orders.Api\Orders.Api.csproj", "{4A24E57E-D6DB-4BAF-82CA-8A27D310E2C0}"
EndProject
Project("{FAE04EC0-301F-11D3-BF4B-00C04F79EFBC}") = "Orders.Api.Tests", "Sample\ECommerce\Orders\Orders.Api.Tests\Orders.Api.Tests.csproj", "{F8A9BB4F-A11D-4A78-9416-DDDC6651B4C4}"
EndProject
Project("{FAE04EC0-301F-11D3-BF4B-00C04F79EFBC}") = "Orders.Tests", "Sample\ECommerce\Orders\Orders.Tests\Orders.Tests.csproj", "{04D820FF-8432-4A97-BD19-C1362F687AF3}"
EndProject
Project("{FAE04EC0-301F-11D3-BF4B-00C04F79EFBC}") = "Payments", "Sample\ECommerce\Payments\Payments\Payments.csproj", "{4F23AF8B-5B03-4EC4-8811-8EA75448DFD3}"
EndProject
Project("{FAE04EC0-301F-11D3-BF4B-00C04F79EFBC}") = "Payments.Api", "Sample\ECommerce\Payments\Payments.Api\Payments.Api.csproj", "{3744A9DB-A588-4057-888C-4DD2651C610D}"
EndProject
Project("{FAE04EC0-301F-11D3-BF4B-00C04F79EFBC}") = "Payments.Api.Tests", "Sample\ECommerce\Payments\Payments.Api.Tests\Payments.Api.Tests.csproj", "{9AF51184-3889-48FB-8D52-15395DA7DD02}"
EndProject
Project("{FAE04EC0-301F-11D3-BF4B-00C04F79EFBC}") = "Payments.Tests", "Sample\ECommerce\Payments\Payments.Tests\Payments.Tests.csproj", "{2845E893-9332-417A-A01C-1E99452671C4}"
EndProject
Project("{FAE04EC0-301F-11D3-BF4B-00C04F79EFBC}") = "Shipments", "Sample\ECommerce\Shipments\Shipments\Shipments.csproj", "{77B745FC-4B19-4ADC-B8AE-E63C261B9385}"
EndProject
Project("{FAE04EC0-301F-11D3-BF4B-00C04F79EFBC}") = "Shipments.Api", "Sample\ECommerce\Shipments\Shipments.Api\Shipments.Api.csproj", "{DAB6F749-1009-4565-BD8F-BFF9FB964EB2}"
EndProject
Project("{FAE04EC0-301F-11D3-BF4B-00C04F79EFBC}") = "Shipments.Api.Tests", "Sample\ECommerce\Shipments\Shipments.Api.Tests\Shipments.Api.Tests.csproj", "{4C322FED-C39E-4474-84E4-4BC7E525FA80}"
EndProject
Project("{FAE04EC0-301F-11D3-BF4B-00C04F79EFBC}") = "Shipments.Tests", "Sample\ECommerce\Shipments\Shipments.Tests\Shipments.Tests.csproj", "{410324C6-8985-4DAB-8697-E28288A80EDC}"
EndProject
Global
	GlobalSection(SolutionConfigurationPlatforms) = preSolution
		Debug|Any CPU = Debug|Any CPU
		Release|Any CPU = Release|Any CPU
	EndGlobalSection
	GlobalSection(ProjectConfigurationPlatforms) = postSolution
		{E1B97A7B-97C3-4C14-9BE6-ACE0AF45CE61}.Debug|Any CPU.ActiveCfg = Debug|Any CPU
		{E1B97A7B-97C3-4C14-9BE6-ACE0AF45CE61}.Debug|Any CPU.Build.0 = Debug|Any CPU
		{E1B97A7B-97C3-4C14-9BE6-ACE0AF45CE61}.Release|Any CPU.ActiveCfg = Release|Any CPU
		{E1B97A7B-97C3-4C14-9BE6-ACE0AF45CE61}.Release|Any CPU.Build.0 = Release|Any CPU
		{10A477FB-4AF7-4AB5-84BF-FC2AC538B306}.Debug|Any CPU.ActiveCfg = Debug|Any CPU
		{10A477FB-4AF7-4AB5-84BF-FC2AC538B306}.Debug|Any CPU.Build.0 = Debug|Any CPU
		{10A477FB-4AF7-4AB5-84BF-FC2AC538B306}.Release|Any CPU.ActiveCfg = Release|Any CPU
		{10A477FB-4AF7-4AB5-84BF-FC2AC538B306}.Release|Any CPU.Build.0 = Release|Any CPU
		{E942A5A1-2B6E-41A0-8445-C5A38D955611}.Debug|Any CPU.ActiveCfg = Debug|Any CPU
		{E942A5A1-2B6E-41A0-8445-C5A38D955611}.Debug|Any CPU.Build.0 = Debug|Any CPU
		{E942A5A1-2B6E-41A0-8445-C5A38D955611}.Release|Any CPU.ActiveCfg = Release|Any CPU
		{E942A5A1-2B6E-41A0-8445-C5A38D955611}.Release|Any CPU.Build.0 = Release|Any CPU
		{7532F3EB-D50F-490C-A1E1-4E0B882281FD}.Debug|Any CPU.ActiveCfg = Debug|Any CPU
		{7532F3EB-D50F-490C-A1E1-4E0B882281FD}.Debug|Any CPU.Build.0 = Debug|Any CPU
		{7532F3EB-D50F-490C-A1E1-4E0B882281FD}.Release|Any CPU.ActiveCfg = Release|Any CPU
		{7532F3EB-D50F-490C-A1E1-4E0B882281FD}.Release|Any CPU.Build.0 = Release|Any CPU
		{215691EC-51FB-4BD2-A46C-396094727054}.Debug|Any CPU.ActiveCfg = Debug|Any CPU
		{215691EC-51FB-4BD2-A46C-396094727054}.Debug|Any CPU.Build.0 = Debug|Any CPU
		{215691EC-51FB-4BD2-A46C-396094727054}.Release|Any CPU.ActiveCfg = Release|Any CPU
		{215691EC-51FB-4BD2-A46C-396094727054}.Release|Any CPU.Build.0 = Release|Any CPU
		{A445DD68-AD59-4D97-9142-5EA6F903D908}.Debug|Any CPU.ActiveCfg = Debug|Any CPU
		{A445DD68-AD59-4D97-9142-5EA6F903D908}.Debug|Any CPU.Build.0 = Debug|Any CPU
		{A445DD68-AD59-4D97-9142-5EA6F903D908}.Release|Any CPU.ActiveCfg = Release|Any CPU
		{A445DD68-AD59-4D97-9142-5EA6F903D908}.Release|Any CPU.Build.0 = Release|Any CPU
		{C55A9F53-6C9D-4E77-BA17-610AD6412646}.Debug|Any CPU.ActiveCfg = Debug|Any CPU
		{C55A9F53-6C9D-4E77-BA17-610AD6412646}.Debug|Any CPU.Build.0 = Debug|Any CPU
		{C55A9F53-6C9D-4E77-BA17-610AD6412646}.Release|Any CPU.ActiveCfg = Release|Any CPU
		{C55A9F53-6C9D-4E77-BA17-610AD6412646}.Release|Any CPU.Build.0 = Release|Any CPU
		{431FF491-256F-4B29-8190-8363A2187CEA}.Debug|Any CPU.ActiveCfg = Debug|Any CPU
		{431FF491-256F-4B29-8190-8363A2187CEA}.Debug|Any CPU.Build.0 = Debug|Any CPU
		{431FF491-256F-4B29-8190-8363A2187CEA}.Release|Any CPU.ActiveCfg = Release|Any CPU
		{431FF491-256F-4B29-8190-8363A2187CEA}.Release|Any CPU.Build.0 = Release|Any CPU
		{3BF46F7C-D492-4CA3-BF62-90EA62288012}.Debug|Any CPU.ActiveCfg = Debug|Any CPU
		{3BF46F7C-D492-4CA3-BF62-90EA62288012}.Debug|Any CPU.Build.0 = Debug|Any CPU
		{3BF46F7C-D492-4CA3-BF62-90EA62288012}.Release|Any CPU.ActiveCfg = Release|Any CPU
		{3BF46F7C-D492-4CA3-BF62-90EA62288012}.Release|Any CPU.Build.0 = Release|Any CPU
		{A67B74EF-CEF3-45C5-99C8-064BA640C7E4}.Debug|Any CPU.ActiveCfg = Debug|Any CPU
		{A67B74EF-CEF3-45C5-99C8-064BA640C7E4}.Debug|Any CPU.Build.0 = Debug|Any CPU
		{A67B74EF-CEF3-45C5-99C8-064BA640C7E4}.Release|Any CPU.ActiveCfg = Release|Any CPU
		{A67B74EF-CEF3-45C5-99C8-064BA640C7E4}.Release|Any CPU.Build.0 = Release|Any CPU
		{2D79A980-392C-4AB9-8056-B1B50B988900}.Debug|Any CPU.ActiveCfg = Debug|Any CPU
		{2D79A980-392C-4AB9-8056-B1B50B988900}.Debug|Any CPU.Build.0 = Debug|Any CPU
		{2D79A980-392C-4AB9-8056-B1B50B988900}.Release|Any CPU.ActiveCfg = Release|Any CPU
		{2D79A980-392C-4AB9-8056-B1B50B988900}.Release|Any CPU.Build.0 = Release|Any CPU
		{5E3DAEF4-F77A-4087-A022-CF6852D951CF}.Debug|Any CPU.ActiveCfg = Debug|Any CPU
		{5E3DAEF4-F77A-4087-A022-CF6852D951CF}.Debug|Any CPU.Build.0 = Debug|Any CPU
		{5E3DAEF4-F77A-4087-A022-CF6852D951CF}.Release|Any CPU.ActiveCfg = Release|Any CPU
		{5E3DAEF4-F77A-4087-A022-CF6852D951CF}.Release|Any CPU.Build.0 = Release|Any CPU
		{F7809E15-D911-4B8C-B62F-FA9DE63A26F0}.Debug|Any CPU.ActiveCfg = Debug|Any CPU
		{F7809E15-D911-4B8C-B62F-FA9DE63A26F0}.Debug|Any CPU.Build.0 = Debug|Any CPU
		{F7809E15-D911-4B8C-B62F-FA9DE63A26F0}.Release|Any CPU.ActiveCfg = Release|Any CPU
		{F7809E15-D911-4B8C-B62F-FA9DE63A26F0}.Release|Any CPU.Build.0 = Release|Any CPU
		{F992EFBF-CBAD-445D-A07E-3CB3C0571BDD}.Debug|Any CPU.ActiveCfg = Debug|Any CPU
		{F992EFBF-CBAD-445D-A07E-3CB3C0571BDD}.Debug|Any CPU.Build.0 = Debug|Any CPU
		{F992EFBF-CBAD-445D-A07E-3CB3C0571BDD}.Release|Any CPU.ActiveCfg = Release|Any CPU
		{F992EFBF-CBAD-445D-A07E-3CB3C0571BDD}.Release|Any CPU.Build.0 = Release|Any CPU
		{F6CA2354-0E98-4818-BF67-77EB20AC09DF}.Debug|Any CPU.ActiveCfg = Debug|Any CPU
		{F6CA2354-0E98-4818-BF67-77EB20AC09DF}.Debug|Any CPU.Build.0 = Debug|Any CPU
		{F6CA2354-0E98-4818-BF67-77EB20AC09DF}.Release|Any CPU.ActiveCfg = Release|Any CPU
		{F6CA2354-0E98-4818-BF67-77EB20AC09DF}.Release|Any CPU.Build.0 = Release|Any CPU
		{04F02CF1-D30F-435C-951A-273FED1BF91A}.Debug|Any CPU.ActiveCfg = Debug|Any CPU
		{04F02CF1-D30F-435C-951A-273FED1BF91A}.Debug|Any CPU.Build.0 = Debug|Any CPU
		{04F02CF1-D30F-435C-951A-273FED1BF91A}.Release|Any CPU.ActiveCfg = Release|Any CPU
		{04F02CF1-D30F-435C-951A-273FED1BF91A}.Release|Any CPU.Build.0 = Release|Any CPU
		{4E9FFCAC-8125-4243-A4B6-3857C2B5FC33}.Debug|Any CPU.ActiveCfg = Debug|Any CPU
		{4E9FFCAC-8125-4243-A4B6-3857C2B5FC33}.Debug|Any CPU.Build.0 = Debug|Any CPU
		{4E9FFCAC-8125-4243-A4B6-3857C2B5FC33}.Release|Any CPU.ActiveCfg = Release|Any CPU
		{4E9FFCAC-8125-4243-A4B6-3857C2B5FC33}.Release|Any CPU.Build.0 = Release|Any CPU
		{80E5D543-A7AE-4043-87E8-1DE12145C4BF}.Debug|Any CPU.ActiveCfg = Debug|Any CPU
		{80E5D543-A7AE-4043-87E8-1DE12145C4BF}.Debug|Any CPU.Build.0 = Debug|Any CPU
		{80E5D543-A7AE-4043-87E8-1DE12145C4BF}.Release|Any CPU.ActiveCfg = Release|Any CPU
		{80E5D543-A7AE-4043-87E8-1DE12145C4BF}.Release|Any CPU.Build.0 = Release|Any CPU
		{10E209CA-813E-4FDF-856D-AFFB3CA585AD}.Debug|Any CPU.ActiveCfg = Debug|Any CPU
		{10E209CA-813E-4FDF-856D-AFFB3CA585AD}.Debug|Any CPU.Build.0 = Debug|Any CPU
		{10E209CA-813E-4FDF-856D-AFFB3CA585AD}.Release|Any CPU.ActiveCfg = Release|Any CPU
		{10E209CA-813E-4FDF-856D-AFFB3CA585AD}.Release|Any CPU.Build.0 = Release|Any CPU
		{C906736D-0B5D-4D22-AF2D-1FDF24E1CE55}.Debug|Any CPU.ActiveCfg = Debug|Any CPU
		{C906736D-0B5D-4D22-AF2D-1FDF24E1CE55}.Debug|Any CPU.Build.0 = Debug|Any CPU
		{C906736D-0B5D-4D22-AF2D-1FDF24E1CE55}.Release|Any CPU.ActiveCfg = Release|Any CPU
		{C906736D-0B5D-4D22-AF2D-1FDF24E1CE55}.Release|Any CPU.Build.0 = Release|Any CPU
		{F07A16AB-3866-4B52-AE66-E8CE1B24202A}.Debug|Any CPU.ActiveCfg = Debug|Any CPU
		{F07A16AB-3866-4B52-AE66-E8CE1B24202A}.Debug|Any CPU.Build.0 = Debug|Any CPU
		{F07A16AB-3866-4B52-AE66-E8CE1B24202A}.Release|Any CPU.ActiveCfg = Release|Any CPU
		{F07A16AB-3866-4B52-AE66-E8CE1B24202A}.Release|Any CPU.Build.0 = Release|Any CPU
		{B112DE86-F995-4D8C-98CA-A7E169D41775}.Debug|Any CPU.ActiveCfg = Debug|Any CPU
		{B112DE86-F995-4D8C-98CA-A7E169D41775}.Debug|Any CPU.Build.0 = Debug|Any CPU
		{B112DE86-F995-4D8C-98CA-A7E169D41775}.Release|Any CPU.ActiveCfg = Release|Any CPU
		{B112DE86-F995-4D8C-98CA-A7E169D41775}.Release|Any CPU.Build.0 = Release|Any CPU
		{007BC4EB-7021-49B2-977E-959F10347C86}.Debug|Any CPU.ActiveCfg = Debug|Any CPU
		{007BC4EB-7021-49B2-977E-959F10347C86}.Debug|Any CPU.Build.0 = Debug|Any CPU
		{007BC4EB-7021-49B2-977E-959F10347C86}.Release|Any CPU.ActiveCfg = Release|Any CPU
		{007BC4EB-7021-49B2-977E-959F10347C86}.Release|Any CPU.Build.0 = Release|Any CPU
		{81CE8853-7B41-4F4E-B2C2-6522FD3A54F7}.Debug|Any CPU.ActiveCfg = Debug|Any CPU
		{81CE8853-7B41-4F4E-B2C2-6522FD3A54F7}.Debug|Any CPU.Build.0 = Debug|Any CPU
		{81CE8853-7B41-4F4E-B2C2-6522FD3A54F7}.Release|Any CPU.ActiveCfg = Release|Any CPU
		{81CE8853-7B41-4F4E-B2C2-6522FD3A54F7}.Release|Any CPU.Build.0 = Release|Any CPU
		{58C58B11-441E-46CD-AB12-DD2F51C1B992}.Debug|Any CPU.ActiveCfg = Debug|Any CPU
		{58C58B11-441E-46CD-AB12-DD2F51C1B992}.Debug|Any CPU.Build.0 = Debug|Any CPU
		{58C58B11-441E-46CD-AB12-DD2F51C1B992}.Release|Any CPU.ActiveCfg = Release|Any CPU
		{58C58B11-441E-46CD-AB12-DD2F51C1B992}.Release|Any CPU.Build.0 = Release|Any CPU
		{1ED20C13-1748-4D53-8D62-C66405F1FCE0}.Debug|Any CPU.ActiveCfg = Debug|Any CPU
		{1ED20C13-1748-4D53-8D62-C66405F1FCE0}.Debug|Any CPU.Build.0 = Debug|Any CPU
		{1ED20C13-1748-4D53-8D62-C66405F1FCE0}.Release|Any CPU.ActiveCfg = Release|Any CPU
		{1ED20C13-1748-4D53-8D62-C66405F1FCE0}.Release|Any CPU.Build.0 = Release|Any CPU
		{896F415B-2ABE-436F-A9EC-B5E106B64519}.Debug|Any CPU.ActiveCfg = Debug|Any CPU
		{896F415B-2ABE-436F-A9EC-B5E106B64519}.Debug|Any CPU.Build.0 = Debug|Any CPU
		{896F415B-2ABE-436F-A9EC-B5E106B64519}.Release|Any CPU.ActiveCfg = Release|Any CPU
		{896F415B-2ABE-436F-A9EC-B5E106B64519}.Release|Any CPU.Build.0 = Release|Any CPU
		{A4D6ADA5-7830-4799-B945-41DBB738F203}.Debug|Any CPU.ActiveCfg = Debug|Any CPU
		{A4D6ADA5-7830-4799-B945-41DBB738F203}.Debug|Any CPU.Build.0 = Debug|Any CPU
		{A4D6ADA5-7830-4799-B945-41DBB738F203}.Release|Any CPU.ActiveCfg = Release|Any CPU
		{A4D6ADA5-7830-4799-B945-41DBB738F203}.Release|Any CPU.Build.0 = Release|Any CPU
		{487BADCF-A37B-496C-9317-64F46A3C008D}.Debug|Any CPU.ActiveCfg = Debug|Any CPU
		{487BADCF-A37B-496C-9317-64F46A3C008D}.Debug|Any CPU.Build.0 = Debug|Any CPU
		{487BADCF-A37B-496C-9317-64F46A3C008D}.Release|Any CPU.ActiveCfg = Release|Any CPU
		{487BADCF-A37B-496C-9317-64F46A3C008D}.Release|Any CPU.Build.0 = Release|Any CPU
		{E4E61DBD-B97C-4A4E-A73F-C37094434983}.Debug|Any CPU.ActiveCfg = Debug|Any CPU
		{E4E61DBD-B97C-4A4E-A73F-C37094434983}.Debug|Any CPU.Build.0 = Debug|Any CPU
		{E4E61DBD-B97C-4A4E-A73F-C37094434983}.Release|Any CPU.ActiveCfg = Release|Any CPU
		{E4E61DBD-B97C-4A4E-A73F-C37094434983}.Release|Any CPU.Build.0 = Release|Any CPU
		{91604B2D-CFDA-4777-BFD1-F459495C96B2}.Debug|Any CPU.ActiveCfg = Debug|Any CPU
		{91604B2D-CFDA-4777-BFD1-F459495C96B2}.Debug|Any CPU.Build.0 = Debug|Any CPU
		{91604B2D-CFDA-4777-BFD1-F459495C96B2}.Release|Any CPU.ActiveCfg = Release|Any CPU
		{91604B2D-CFDA-4777-BFD1-F459495C96B2}.Release|Any CPU.Build.0 = Release|Any CPU
		{787DB75C-2CE1-4534-8C99-7EC79774F2D3}.Debug|Any CPU.ActiveCfg = Debug|Any CPU
		{787DB75C-2CE1-4534-8C99-7EC79774F2D3}.Debug|Any CPU.Build.0 = Debug|Any CPU
		{787DB75C-2CE1-4534-8C99-7EC79774F2D3}.Release|Any CPU.ActiveCfg = Release|Any CPU
		{787DB75C-2CE1-4534-8C99-7EC79774F2D3}.Release|Any CPU.Build.0 = Release|Any CPU
		{CFE2108E-7B7F-4264-9378-36A82A99E95D}.Debug|Any CPU.ActiveCfg = Debug|Any CPU
		{CFE2108E-7B7F-4264-9378-36A82A99E95D}.Debug|Any CPU.Build.0 = Debug|Any CPU
		{CFE2108E-7B7F-4264-9378-36A82A99E95D}.Release|Any CPU.ActiveCfg = Release|Any CPU
		{CFE2108E-7B7F-4264-9378-36A82A99E95D}.Release|Any CPU.Build.0 = Release|Any CPU
		{1683DFB7-2C3E-4416-8B1D-0979F61B22BD}.Debug|Any CPU.ActiveCfg = Debug|Any CPU
		{1683DFB7-2C3E-4416-8B1D-0979F61B22BD}.Debug|Any CPU.Build.0 = Debug|Any CPU
		{1683DFB7-2C3E-4416-8B1D-0979F61B22BD}.Release|Any CPU.ActiveCfg = Release|Any CPU
		{1683DFB7-2C3E-4416-8B1D-0979F61B22BD}.Release|Any CPU.Build.0 = Release|Any CPU
		{B352BEFA-85D7-4457-9976-1B3063B5B7C1}.Debug|Any CPU.ActiveCfg = Debug|Any CPU
		{B352BEFA-85D7-4457-9976-1B3063B5B7C1}.Debug|Any CPU.Build.0 = Debug|Any CPU
		{B352BEFA-85D7-4457-9976-1B3063B5B7C1}.Release|Any CPU.ActiveCfg = Release|Any CPU
		{B352BEFA-85D7-4457-9976-1B3063B5B7C1}.Release|Any CPU.Build.0 = Release|Any CPU
		{084FBED7-9B9A-447C-9987-4BB0EAF1E302}.Debug|Any CPU.ActiveCfg = Debug|Any CPU
		{084FBED7-9B9A-447C-9987-4BB0EAF1E302}.Debug|Any CPU.Build.0 = Debug|Any CPU
		{084FBED7-9B9A-447C-9987-4BB0EAF1E302}.Release|Any CPU.ActiveCfg = Release|Any CPU
		{084FBED7-9B9A-447C-9987-4BB0EAF1E302}.Release|Any CPU.Build.0 = Release|Any CPU
		{344EFF7D-329C-4A1A-B96D-EF6C9A582CF9}.Debug|Any CPU.ActiveCfg = Debug|Any CPU
		{344EFF7D-329C-4A1A-B96D-EF6C9A582CF9}.Debug|Any CPU.Build.0 = Debug|Any CPU
		{344EFF7D-329C-4A1A-B96D-EF6C9A582CF9}.Release|Any CPU.ActiveCfg = Release|Any CPU
		{344EFF7D-329C-4A1A-B96D-EF6C9A582CF9}.Release|Any CPU.Build.0 = Release|Any CPU
		{6EF458DC-00FA-45B0-A722-1ACCEB686CAF}.Debug|Any CPU.ActiveCfg = Debug|Any CPU
		{6EF458DC-00FA-45B0-A722-1ACCEB686CAF}.Debug|Any CPU.Build.0 = Debug|Any CPU
		{6EF458DC-00FA-45B0-A722-1ACCEB686CAF}.Release|Any CPU.ActiveCfg = Release|Any CPU
		{6EF458DC-00FA-45B0-A722-1ACCEB686CAF}.Release|Any CPU.Build.0 = Release|Any CPU
		{A1277765-1C96-4307-A09A-A85E211A59F8}.Debug|Any CPU.ActiveCfg = Debug|Any CPU
		{A1277765-1C96-4307-A09A-A85E211A59F8}.Debug|Any CPU.Build.0 = Debug|Any CPU
		{A1277765-1C96-4307-A09A-A85E211A59F8}.Release|Any CPU.ActiveCfg = Release|Any CPU
		{A1277765-1C96-4307-A09A-A85E211A59F8}.Release|Any CPU.Build.0 = Release|Any CPU
		{AC26E89D-18EA-4604-BE07-497128C521D8}.Debug|Any CPU.ActiveCfg = Debug|Any CPU
		{AC26E89D-18EA-4604-BE07-497128C521D8}.Debug|Any CPU.Build.0 = Debug|Any CPU
		{AC26E89D-18EA-4604-BE07-497128C521D8}.Release|Any CPU.ActiveCfg = Release|Any CPU
		{AC26E89D-18EA-4604-BE07-497128C521D8}.Release|Any CPU.Build.0 = Release|Any CPU
		{FBA4E3F4-309C-4D79-8999-306D63313DFD}.Debug|Any CPU.ActiveCfg = Debug|Any CPU
		{FBA4E3F4-309C-4D79-8999-306D63313DFD}.Debug|Any CPU.Build.0 = Debug|Any CPU
		{FBA4E3F4-309C-4D79-8999-306D63313DFD}.Release|Any CPU.ActiveCfg = Release|Any CPU
		{FBA4E3F4-309C-4D79-8999-306D63313DFD}.Release|Any CPU.Build.0 = Release|Any CPU
		{3B82F0BA-AE2A-4164-8E9A-29F5360F8AB2}.Debug|Any CPU.ActiveCfg = Debug|Any CPU
		{3B82F0BA-AE2A-4164-8E9A-29F5360F8AB2}.Debug|Any CPU.Build.0 = Debug|Any CPU
		{3B82F0BA-AE2A-4164-8E9A-29F5360F8AB2}.Release|Any CPU.ActiveCfg = Release|Any CPU
		{3B82F0BA-AE2A-4164-8E9A-29F5360F8AB2}.Release|Any CPU.Build.0 = Release|Any CPU
		{2C617C5E-B844-421E-9B76-BA42962ABAF7}.Debug|Any CPU.ActiveCfg = Debug|Any CPU
		{2C617C5E-B844-421E-9B76-BA42962ABAF7}.Debug|Any CPU.Build.0 = Debug|Any CPU
		{2C617C5E-B844-421E-9B76-BA42962ABAF7}.Release|Any CPU.ActiveCfg = Release|Any CPU
		{2C617C5E-B844-421E-9B76-BA42962ABAF7}.Release|Any CPU.Build.0 = Release|Any CPU
		{1A43BFB2-B16E-417B-86D2-D4596F5DC500}.Debug|Any CPU.ActiveCfg = Debug|Any CPU
		{1A43BFB2-B16E-417B-86D2-D4596F5DC500}.Debug|Any CPU.Build.0 = Debug|Any CPU
		{1A43BFB2-B16E-417B-86D2-D4596F5DC500}.Release|Any CPU.ActiveCfg = Release|Any CPU
		{1A43BFB2-B16E-417B-86D2-D4596F5DC500}.Release|Any CPU.Build.0 = Release|Any CPU
		{542CD402-C16E-4924-B3B9-45D4863B526E}.Debug|Any CPU.ActiveCfg = Debug|Any CPU
		{542CD402-C16E-4924-B3B9-45D4863B526E}.Debug|Any CPU.Build.0 = Debug|Any CPU
		{542CD402-C16E-4924-B3B9-45D4863B526E}.Release|Any CPU.ActiveCfg = Release|Any CPU
		{542CD402-C16E-4924-B3B9-45D4863B526E}.Release|Any CPU.Build.0 = Release|Any CPU
		{A9A95C69-8BE7-4038-8D5C-06A6B987C8EB}.Debug|Any CPU.ActiveCfg = Debug|Any CPU
		{A9A95C69-8BE7-4038-8D5C-06A6B987C8EB}.Debug|Any CPU.Build.0 = Debug|Any CPU
		{A9A95C69-8BE7-4038-8D5C-06A6B987C8EB}.Release|Any CPU.ActiveCfg = Release|Any CPU
		{A9A95C69-8BE7-4038-8D5C-06A6B987C8EB}.Release|Any CPU.Build.0 = Release|Any CPU
		{CEBA32BB-A9A4-40D1-8CF2-5BEC743E490A}.Debug|Any CPU.ActiveCfg = Debug|Any CPU
		{CEBA32BB-A9A4-40D1-8CF2-5BEC743E490A}.Debug|Any CPU.Build.0 = Debug|Any CPU
		{CEBA32BB-A9A4-40D1-8CF2-5BEC743E490A}.Release|Any CPU.ActiveCfg = Release|Any CPU
		{CEBA32BB-A9A4-40D1-8CF2-5BEC743E490A}.Release|Any CPU.Build.0 = Release|Any CPU
		{E31F155F-F057-4808-8F46-FB46AC0F98AD}.Debug|Any CPU.ActiveCfg = Debug|Any CPU
		{E31F155F-F057-4808-8F46-FB46AC0F98AD}.Debug|Any CPU.Build.0 = Debug|Any CPU
		{E31F155F-F057-4808-8F46-FB46AC0F98AD}.Release|Any CPU.ActiveCfg = Release|Any CPU
		{E31F155F-F057-4808-8F46-FB46AC0F98AD}.Release|Any CPU.Build.0 = Release|Any CPU
		{4A24E57E-D6DB-4BAF-82CA-8A27D310E2C0}.Debug|Any CPU.ActiveCfg = Debug|Any CPU
		{4A24E57E-D6DB-4BAF-82CA-8A27D310E2C0}.Debug|Any CPU.Build.0 = Debug|Any CPU
		{4A24E57E-D6DB-4BAF-82CA-8A27D310E2C0}.Release|Any CPU.ActiveCfg = Release|Any CPU
		{4A24E57E-D6DB-4BAF-82CA-8A27D310E2C0}.Release|Any CPU.Build.0 = Release|Any CPU
		{F8A9BB4F-A11D-4A78-9416-DDDC6651B4C4}.Debug|Any CPU.ActiveCfg = Debug|Any CPU
		{F8A9BB4F-A11D-4A78-9416-DDDC6651B4C4}.Debug|Any CPU.Build.0 = Debug|Any CPU
		{F8A9BB4F-A11D-4A78-9416-DDDC6651B4C4}.Release|Any CPU.ActiveCfg = Release|Any CPU
		{F8A9BB4F-A11D-4A78-9416-DDDC6651B4C4}.Release|Any CPU.Build.0 = Release|Any CPU
		{04D820FF-8432-4A97-BD19-C1362F687AF3}.Debug|Any CPU.ActiveCfg = Debug|Any CPU
		{04D820FF-8432-4A97-BD19-C1362F687AF3}.Debug|Any CPU.Build.0 = Debug|Any CPU
		{04D820FF-8432-4A97-BD19-C1362F687AF3}.Release|Any CPU.ActiveCfg = Release|Any CPU
		{04D820FF-8432-4A97-BD19-C1362F687AF3}.Release|Any CPU.Build.0 = Release|Any CPU
		{4F23AF8B-5B03-4EC4-8811-8EA75448DFD3}.Debug|Any CPU.ActiveCfg = Debug|Any CPU
		{4F23AF8B-5B03-4EC4-8811-8EA75448DFD3}.Debug|Any CPU.Build.0 = Debug|Any CPU
		{4F23AF8B-5B03-4EC4-8811-8EA75448DFD3}.Release|Any CPU.ActiveCfg = Release|Any CPU
		{4F23AF8B-5B03-4EC4-8811-8EA75448DFD3}.Release|Any CPU.Build.0 = Release|Any CPU
		{3744A9DB-A588-4057-888C-4DD2651C610D}.Debug|Any CPU.ActiveCfg = Debug|Any CPU
		{3744A9DB-A588-4057-888C-4DD2651C610D}.Debug|Any CPU.Build.0 = Debug|Any CPU
		{3744A9DB-A588-4057-888C-4DD2651C610D}.Release|Any CPU.ActiveCfg = Release|Any CPU
		{3744A9DB-A588-4057-888C-4DD2651C610D}.Release|Any CPU.Build.0 = Release|Any CPU
		{9AF51184-3889-48FB-8D52-15395DA7DD02}.Debug|Any CPU.ActiveCfg = Debug|Any CPU
		{9AF51184-3889-48FB-8D52-15395DA7DD02}.Debug|Any CPU.Build.0 = Debug|Any CPU
		{9AF51184-3889-48FB-8D52-15395DA7DD02}.Release|Any CPU.ActiveCfg = Release|Any CPU
		{9AF51184-3889-48FB-8D52-15395DA7DD02}.Release|Any CPU.Build.0 = Release|Any CPU
		{2845E893-9332-417A-A01C-1E99452671C4}.Debug|Any CPU.ActiveCfg = Debug|Any CPU
		{2845E893-9332-417A-A01C-1E99452671C4}.Debug|Any CPU.Build.0 = Debug|Any CPU
		{2845E893-9332-417A-A01C-1E99452671C4}.Release|Any CPU.ActiveCfg = Release|Any CPU
		{2845E893-9332-417A-A01C-1E99452671C4}.Release|Any CPU.Build.0 = Release|Any CPU
		{77B745FC-4B19-4ADC-B8AE-E63C261B9385}.Debug|Any CPU.ActiveCfg = Debug|Any CPU
		{77B745FC-4B19-4ADC-B8AE-E63C261B9385}.Debug|Any CPU.Build.0 = Debug|Any CPU
		{77B745FC-4B19-4ADC-B8AE-E63C261B9385}.Release|Any CPU.ActiveCfg = Release|Any CPU
		{77B745FC-4B19-4ADC-B8AE-E63C261B9385}.Release|Any CPU.Build.0 = Release|Any CPU
		{DAB6F749-1009-4565-BD8F-BFF9FB964EB2}.Debug|Any CPU.ActiveCfg = Debug|Any CPU
		{DAB6F749-1009-4565-BD8F-BFF9FB964EB2}.Debug|Any CPU.Build.0 = Debug|Any CPU
		{DAB6F749-1009-4565-BD8F-BFF9FB964EB2}.Release|Any CPU.ActiveCfg = Release|Any CPU
		{DAB6F749-1009-4565-BD8F-BFF9FB964EB2}.Release|Any CPU.Build.0 = Release|Any CPU
		{4C322FED-C39E-4474-84E4-4BC7E525FA80}.Debug|Any CPU.ActiveCfg = Debug|Any CPU
		{4C322FED-C39E-4474-84E4-4BC7E525FA80}.Debug|Any CPU.Build.0 = Debug|Any CPU
		{4C322FED-C39E-4474-84E4-4BC7E525FA80}.Release|Any CPU.ActiveCfg = Release|Any CPU
		{4C322FED-C39E-4474-84E4-4BC7E525FA80}.Release|Any CPU.Build.0 = Release|Any CPU
		{410324C6-8985-4DAB-8697-E28288A80EDC}.Debug|Any CPU.ActiveCfg = Debug|Any CPU
		{410324C6-8985-4DAB-8697-E28288A80EDC}.Debug|Any CPU.Build.0 = Debug|Any CPU
		{410324C6-8985-4DAB-8697-E28288A80EDC}.Release|Any CPU.ActiveCfg = Release|Any CPU
		{410324C6-8985-4DAB-8697-E28288A80EDC}.Release|Any CPU.Build.0 = Release|Any CPU
	EndGlobalSection
	GlobalSection(SolutionProperties) = preSolution
		HideSolutionNode = FALSE
	EndGlobalSection
	GlobalSection(NestedProjects) = preSolution
		{E1B97A7B-97C3-4C14-9BE6-ACE0AF45CE61} = {107B18E3-65C8-4A6C-976D-7EEED6A6D318}
		{10A477FB-4AF7-4AB5-84BF-FC2AC538B306} = {107B18E3-65C8-4A6C-976D-7EEED6A6D318}
		{E942A5A1-2B6E-41A0-8445-C5A38D955611} = {107B18E3-65C8-4A6C-976D-7EEED6A6D318}
		{7532F3EB-D50F-490C-A1E1-4E0B882281FD} = {107B18E3-65C8-4A6C-976D-7EEED6A6D318}
		{215691EC-51FB-4BD2-A46C-396094727054} = {107B18E3-65C8-4A6C-976D-7EEED6A6D318}
		{A445DD68-AD59-4D97-9142-5EA6F903D908} = {14D732F0-6655-4E12-A945-8F668A70BF7D}
		{C55A9F53-6C9D-4E77-BA17-610AD6412646} = {14D732F0-6655-4E12-A945-8F668A70BF7D}
		{431FF491-256F-4B29-8190-8363A2187CEA} = {A8E25331-55E9-4D1A-87A4-136EC4D2A4B5}
		{3BF46F7C-D492-4CA3-BF62-90EA62288012} = {A8E25331-55E9-4D1A-87A4-136EC4D2A4B5}
		{A67B74EF-CEF3-45C5-99C8-064BA640C7E4} = {A8E25331-55E9-4D1A-87A4-136EC4D2A4B5}
		{2D79A980-392C-4AB9-8056-B1B50B988900} = {A8E25331-55E9-4D1A-87A4-136EC4D2A4B5}
		{5E3DAEF4-F77A-4087-A022-CF6852D951CF} = {14D732F0-6655-4E12-A945-8F668A70BF7D}
		{F7809E15-D911-4B8C-B62F-FA9DE63A26F0} = {14D732F0-6655-4E12-A945-8F668A70BF7D}
		{F992EFBF-CBAD-445D-A07E-3CB3C0571BDD} = {14D732F0-6655-4E12-A945-8F668A70BF7D}
		{F6CA2354-0E98-4818-BF67-77EB20AC09DF} = {14D732F0-6655-4E12-A945-8F668A70BF7D}
		{04F02CF1-D30F-435C-951A-273FED1BF91A} = {14D732F0-6655-4E12-A945-8F668A70BF7D}
		{4E9FFCAC-8125-4243-A4B6-3857C2B5FC33} = {14D732F0-6655-4E12-A945-8F668A70BF7D}
		{80E5D543-A7AE-4043-87E8-1DE12145C4BF} = {14D732F0-6655-4E12-A945-8F668A70BF7D}
		{10E209CA-813E-4FDF-856D-AFFB3CA585AD} = {14D732F0-6655-4E12-A945-8F668A70BF7D}
		{C906736D-0B5D-4D22-AF2D-1FDF24E1CE55} = {14D732F0-6655-4E12-A945-8F668A70BF7D}
		{F07A16AB-3866-4B52-AE66-E8CE1B24202A} = {14D732F0-6655-4E12-A945-8F668A70BF7D}
		{B112DE86-F995-4D8C-98CA-A7E169D41775} = {14D732F0-6655-4E12-A945-8F668A70BF7D}
		{007BC4EB-7021-49B2-977E-959F10347C86} = {14D732F0-6655-4E12-A945-8F668A70BF7D}
		{81CE8853-7B41-4F4E-B2C2-6522FD3A54F7} = {A8E25331-55E9-4D1A-87A4-136EC4D2A4B5}
		{58C58B11-441E-46CD-AB12-DD2F51C1B992} = {A8E25331-55E9-4D1A-87A4-136EC4D2A4B5}
		{E15B4D4B-1527-446F-8613-A09B230D6643} = {14D732F0-6655-4E12-A945-8F668A70BF7D}
		{F755E316-140C-4A73-9586-06860521C1B6} = {A8E25331-55E9-4D1A-87A4-136EC4D2A4B5}
		{3C628C0A-71AD-4C41-9977-A33F89C0751B} = {A7186B6B-D56D-4AEF-B6B7-FAA827764C34}
		{1ED20C13-1748-4D53-8D62-C66405F1FCE0} = {3C628C0A-71AD-4C41-9977-A33F89C0751B}
		{896F415B-2ABE-436F-A9EC-B5E106B64519} = {3C628C0A-71AD-4C41-9977-A33F89C0751B}
		{A4D6ADA5-7830-4799-B945-41DBB738F203} = {3C628C0A-71AD-4C41-9977-A33F89C0751B}
		{487BADCF-A37B-496C-9317-64F46A3C008D} = {3C628C0A-71AD-4C41-9977-A33F89C0751B}
		{8A9E2254-B9BE-4AFC-B6B4-D3733CCF75AE} = {A7186B6B-D56D-4AEF-B6B7-FAA827764C34}
		{E4E61DBD-B97C-4A4E-A73F-C37094434983} = {8A9E2254-B9BE-4AFC-B6B4-D3733CCF75AE}
		{91604B2D-CFDA-4777-BFD1-F459495C96B2} = {8A9E2254-B9BE-4AFC-B6B4-D3733CCF75AE}
		{AE965108-8461-4D7B-A183-41AB4D2BC179} = {A7186B6B-D56D-4AEF-B6B7-FAA827764C34}
		{787DB75C-2CE1-4534-8C99-7EC79774F2D3} = {AE965108-8461-4D7B-A183-41AB4D2BC179}
		{CFE2108E-7B7F-4264-9378-36A82A99E95D} = {AE965108-8461-4D7B-A183-41AB4D2BC179}
		{1683DFB7-2C3E-4416-8B1D-0979F61B22BD} = {AE965108-8461-4D7B-A183-41AB4D2BC179}
		{B352BEFA-85D7-4457-9976-1B3063B5B7C1} = {AE965108-8461-4D7B-A183-41AB4D2BC179}
		{084FBED7-9B9A-447C-9987-4BB0EAF1E302} = {AE965108-8461-4D7B-A183-41AB4D2BC179}
		{344EFF7D-329C-4A1A-B96D-EF6C9A582CF9} = {AE965108-8461-4D7B-A183-41AB4D2BC179}
		{94524EA9-A4BA-4684-99B8-BBE9EE85E791} = {CEEE5F74-121E-437F-B3B4-4E7C65482644}
		{14D732F0-6655-4E12-A945-8F668A70BF7D} = {94524EA9-A4BA-4684-99B8-BBE9EE85E791}
		{A8E25331-55E9-4D1A-87A4-136EC4D2A4B5} = {94524EA9-A4BA-4684-99B8-BBE9EE85E791}
		{6EF458DC-00FA-45B0-A722-1ACCEB686CAF} = {0570E45A-2EB6-4C4C-84E4-2C80E1FECEB5}
		{A1277765-1C96-4307-A09A-A85E211A59F8} = {0570E45A-2EB6-4C4C-84E4-2C80E1FECEB5}
		{AC26E89D-18EA-4604-BE07-497128C521D8} = {0570E45A-2EB6-4C4C-84E4-2C80E1FECEB5}
		{FBA4E3F4-309C-4D79-8999-306D63313DFD} = {0570E45A-2EB6-4C4C-84E4-2C80E1FECEB5}
		{3B82F0BA-AE2A-4164-8E9A-29F5360F8AB2} = {0570E45A-2EB6-4C4C-84E4-2C80E1FECEB5}
		{2C617C5E-B844-421E-9B76-BA42962ABAF7} = {0570E45A-2EB6-4C4C-84E4-2C80E1FECEB5}
		{58104871-E205-45F1-9E24-BED4967E602B} = {A7186B6B-D56D-4AEF-B6B7-FAA827764C34}
		{8273DFB3-61C3-4F5B-952E-4E0FB5090411} = {58104871-E205-45F1-9E24-BED4967E602B}
		{0F5A6C16-2BEC-4832-8721-3F9ED5D5962F} = {58104871-E205-45F1-9E24-BED4967E602B}
		{4D6F0229-4D79-4ABE-AF7C-846A15E13A08} = {58104871-E205-45F1-9E24-BED4967E602B}
		{5474CEA1-4C97-45CC-A736-3EB14C63851D} = {58104871-E205-45F1-9E24-BED4967E602B}
		{1A43BFB2-B16E-417B-86D2-D4596F5DC500} = {8273DFB3-61C3-4F5B-952E-4E0FB5090411}
		{542CD402-C16E-4924-B3B9-45D4863B526E} = {8273DFB3-61C3-4F5B-952E-4E0FB5090411}
		{A9A95C69-8BE7-4038-8D5C-06A6B987C8EB} = {8273DFB3-61C3-4F5B-952E-4E0FB5090411}
		{CEBA32BB-A9A4-40D1-8CF2-5BEC743E490A} = {8273DFB3-61C3-4F5B-952E-4E0FB5090411}
		{E31F155F-F057-4808-8F46-FB46AC0F98AD} = {0F5A6C16-2BEC-4832-8721-3F9ED5D5962F}
		{4A24E57E-D6DB-4BAF-82CA-8A27D310E2C0} = {0F5A6C16-2BEC-4832-8721-3F9ED5D5962F}
		{F8A9BB4F-A11D-4A78-9416-DDDC6651B4C4} = {0F5A6C16-2BEC-4832-8721-3F9ED5D5962F}
		{04D820FF-8432-4A97-BD19-C1362F687AF3} = {0F5A6C16-2BEC-4832-8721-3F9ED5D5962F}
		{4F23AF8B-5B03-4EC4-8811-8EA75448DFD3} = {4D6F0229-4D79-4ABE-AF7C-846A15E13A08}
		{3744A9DB-A588-4057-888C-4DD2651C610D} = {4D6F0229-4D79-4ABE-AF7C-846A15E13A08}
		{9AF51184-3889-48FB-8D52-15395DA7DD02} = {4D6F0229-4D79-4ABE-AF7C-846A15E13A08}
		{2845E893-9332-417A-A01C-1E99452671C4} = {4D6F0229-4D79-4ABE-AF7C-846A15E13A08}
		{77B745FC-4B19-4ADC-B8AE-E63C261B9385} = {5474CEA1-4C97-45CC-A736-3EB14C63851D}
		{DAB6F749-1009-4565-BD8F-BFF9FB964EB2} = {5474CEA1-4C97-45CC-A736-3EB14C63851D}
		{4C322FED-C39E-4474-84E4-4BC7E525FA80} = {5474CEA1-4C97-45CC-A736-3EB14C63851D}
		{410324C6-8985-4DAB-8697-E28288A80EDC} = {5474CEA1-4C97-45CC-A736-3EB14C63851D}
	EndGlobalSection
	GlobalSection(ExtensibilityGlobals) = postSolution
		SolutionGuid = {A5F55604-2FF3-43B7-B657-4F18E6E95D3B}
	EndGlobalSection
	GlobalSection(RiderSharedRunConfigurations) = postSolution
	EndGlobalSection
EndGlobal
