
Microsoft Visual Studio Solution File, Format Version 12.00
# Visual Studio 14
VisualStudioVersion = 14.0.25420.1
MinimumVisualStudioVersion = 10.0.40219.1
Project("{8BB2217D-0F2D-49D1-97BC-3654ED321F3B}") = "Domain", "Domain\Domain.xproj", "{4EF79FCF-29C6-43BF-8E38-1B17E0FADD90}"
EndProject
Project("{8BB2217D-0F2D-49D1-97BC-3654ED321F3B}") = "Domain.Tests", "Domain.Tests\Domain.Tests.xproj", "{E1B97A7B-97C3-4C14-9BE6-ACE0AF45CE61}"
EndProject
Project("{8BB2217D-0F2D-49D1-97BC-3654ED321F3B}") = "Marten.Integration.Tests", "Marten.Integration.Tests\Marten.Integration.Tests.xproj", "{10A477FB-4AF7-4AB5-84BF-FC2AC538B306}"
EndProject
Global
	GlobalSection(SolutionConfigurationPlatforms) = preSolution
		Debug|Any CPU = Debug|Any CPU
		Release|Any CPU = Release|Any CPU
	EndGlobalSection
	GlobalSection(ProjectConfigurationPlatforms) = postSolution
		{4EF79FCF-29C6-43BF-8E38-1B17E0FADD90}.Debug|Any CPU.ActiveCfg = Debug|Any CPU
		{4EF79FCF-29C6-43BF-8E38-1B17E0FADD90}.Debug|Any CPU.Build.0 = Debug|Any CPU
		{4EF79FCF-29C6-43BF-8E38-1B17E0FADD90}.Release|Any CPU.ActiveCfg = Release|Any CPU
		{4EF79FCF-29C6-43BF-8E38-1B17E0FADD90}.Release|Any CPU.Build.0 = Release|Any CPU
		{E1B97A7B-97C3-4C14-9BE6-ACE0AF45CE61}.Debug|Any CPU.ActiveCfg = Debug|Any CPU
		{E1B97A7B-97C3-4C14-9BE6-ACE0AF45CE61}.Debug|Any CPU.Build.0 = Debug|Any CPU
		{E1B97A7B-97C3-4C14-9BE6-ACE0AF45CE61}.Release|Any CPU.ActiveCfg = Release|Any CPU
		{E1B97A7B-97C3-4C14-9BE6-ACE0AF45CE61}.Release|Any CPU.Build.0 = Release|Any CPU
		{10A477FB-4AF7-4AB5-84BF-FC2AC538B306}.Debug|Any CPU.ActiveCfg = Debug|Any CPU
		{10A477FB-4AF7-4AB5-84BF-FC2AC538B306}.Debug|Any CPU.Build.0 = Debug|Any CPU
		{10A477FB-4AF7-4AB5-84BF-FC2AC538B306}.Release|Any CPU.ActiveCfg = Release|Any CPU
		{10A477FB-4AF7-4AB5-84BF-FC2AC538B306}.Release|Any CPU.Build.0 = Release|Any CPU
	EndGlobalSection
	GlobalSection(SolutionProperties) = preSolution
		HideSolutionNode = FALSE
	EndGlobalSection
EndGlobal
