
Microsoft Visual Studio Solution File, Format Version 12.00
# Visual Studio 15
VisualStudioVersion = 15.0.27130.2003
MinimumVisualStudioVersion = 10.0.40219.1
Project("{2150E333-8FDC-42A3-9474-1A3956D46DE8}") = "Tests", "Tests", "{107B18E3-65C8-4A6C-976D-7EEED6A6D318}"
EndProject
Project("{2150E333-8FDC-42A3-9474-1A3956D46DE8}") = "Sample", "Sample", "{A7186B6B-D56D-4AEF-B6B7-FAA827764C34}"
EndProject
Project("{2150E333-8FDC-42A3-9474-1A3956D46DE8}") = "Infrastructure", "Infrastructure", "{0570E45A-2EB6-4C4C-84E4-2C80E1FECEB5}"
EndProject
Project("{2150E333-8FDC-42A3-9474-1A3956D46DE8}") = "Solution Items", "Solution Items", "{1A406B86-7F72-4773-B99C-545CCACC92B0}"
	ProjectSection(SolutionItems) = preProject
		.editorconfig = .editorconfig
		docker-compose.yml = docker-compose.yml
		DOCKERFILE = DOCKERFILE
		README.md = README.md
	EndProjectSection
EndProject
Project("{9A19103F-16F7-4668-BE54-9A1E7A4F7556}") = "Domain", "Domain\Domain.csproj", "{4EF79FCF-29C6-43BF-8E38-1B17E0FADD90}"
EndProject
Project("{9A19103F-16F7-4668-BE54-9A1E7A4F7556}") = "Domain.Tests", "Domain.Tests\Domain.Tests.csproj", "{E1B97A7B-97C3-4C14-9BE6-ACE0AF45CE61}"
EndProject
Project("{9A19103F-16F7-4668-BE54-9A1E7A4F7556}") = "Marten.Integration.Tests", "Marten.Integration.Tests\Marten.Integration.Tests.csproj", "{10A477FB-4AF7-4AB5-84BF-FC2AC538B306}"
EndProject
Project("{9A19103F-16F7-4668-BE54-9A1E7A4F7556}") = "MediatR.Tests", "MediatR.Tests\MediatR.Tests.csproj", "{E942A5A1-2B6E-41A0-8445-C5A38D955611}"
EndProject
Project("{9A19103F-16F7-4668-BE54-9A1E7A4F7556}") = "CQRS.Tests", "CQRS.Tests\CQRS.Tests.csproj", "{7532F3EB-D50F-490C-A1E1-4E0B882281FD}"
EndProject
Project("{9A19103F-16F7-4668-BE54-9A1E7A4F7556}") = "EventSourcing.Integration.Tests", "EventSourcing.Integration.Tests\EventSourcing.Integration.Tests.csproj", "{215691EC-51FB-4BD2-A46C-396094727054}"
EndProject
Project("{9A19103F-16F7-4668-BE54-9A1E7A4F7556}") = "EventSourcing.Sample.Clients", "Sample\EventSourcing.Sample.Clients\EventSourcing.Sample.Clients.csproj", "{83A20A3D-0CBB-4525-972E-8935E3120774}"
EndProject
Project("{9A19103F-16F7-4668-BE54-9A1E7A4F7556}") = "EventSourcing.Sample.Transactions", "Sample\EventSourcing.Sample.Transactions\EventSourcing.Sample.Transactions.csproj", "{6E3C337A-04FC-4E4E-B890-00A2535CC60F}"
EndProject
Project("{9A19103F-16F7-4668-BE54-9A1E7A4F7556}") = "EventSourcing.Sample.Web", "Sample\EventSourcing.Sample.Web\EventSourcing.Sample.Web.csproj", "{88A064C1-BDDA-463B-AF82-F514EE3114F5}"
EndProject
Project("{2150E333-8FDC-42A3-9474-1A3956D46DE8}") = "docker", "docker", "{821D8306-C110-45AB-BDF7-AA80FDA942CE}"
	ProjectSection(SolutionItems) = preProject
		docker\docker-compose.yml = docker\docker-compose.yml
	EndProjectSection
EndProject
Project("{2150E333-8FDC-42A3-9474-1A3956D46DE8}") = "postgres", "postgres", "{2B58F5C7-3974-46C2-83DB-F0DE78C1A298}"
	ProjectSection(SolutionItems) = preProject
		docker\postgres\variables.env = docker\postgres\variables.env
	EndProjectSection
EndProject
Project("{9A19103F-16F7-4668-BE54-9A1E7A4F7556}") = "EventSourcing.Sample.Clients.Contracts", "Sample\EventSourcing.Sample.Clients.Contracts\EventSourcing.Sample.Clients.Contracts.csproj", "{A83EF80F-F034-4047-8BFB-A040FC0D8109}"
EndProject
Project("{9A19103F-16F7-4668-BE54-9A1E7A4F7556}") = "EventSourcing.Sample.Transactions.Contracts", "Sample\EventSourcing.Sample.Transactions.Contracts\EventSourcing.Sample.Transactions.Contracts.csproj", "{2933E140-6722-4172-AEE2-96B55175A044}"
EndProject
Project("{9A19103F-16F7-4668-BE54-9A1E7A4F7556}") = "EventSourcing.Sample.IntegrationTests", "Sample\EventSourcing.Sample.IntegrationTests\EventSourcing.Sample.IntegrationTests.csproj", "{F4D18045-4834-4E3E-A38E-12FA61FCF076}"
EndProject
Global
	GlobalSection(SolutionConfigurationPlatforms) = preSolution
		Debug|Any CPU = Debug|Any CPU
		Release|Any CPU = Release|Any CPU
	EndGlobalSection
	GlobalSection(ProjectConfigurationPlatforms) = postSolution
		{4EF79FCF-29C6-43BF-8E38-1B17E0FADD90}.Debug|Any CPU.ActiveCfg = Debug|Any CPU
		{4EF79FCF-29C6-43BF-8E38-1B17E0FADD90}.Debug|Any CPU.Build.0 = Debug|Any CPU
		{4EF79FCF-29C6-43BF-8E38-1B17E0FADD90}.Release|Any CPU.ActiveCfg = Release|Any CPU
		{4EF79FCF-29C6-43BF-8E38-1B17E0FADD90}.Release|Any CPU.Build.0 = Release|Any CPU
		{E1B97A7B-97C3-4C14-9BE6-ACE0AF45CE61}.Debug|Any CPU.ActiveCfg = Debug|Any CPU
		{E1B97A7B-97C3-4C14-9BE6-ACE0AF45CE61}.Debug|Any CPU.Build.0 = Debug|Any CPU
		{E1B97A7B-97C3-4C14-9BE6-ACE0AF45CE61}.Release|Any CPU.ActiveCfg = Release|Any CPU
		{E1B97A7B-97C3-4C14-9BE6-ACE0AF45CE61}.Release|Any CPU.Build.0 = Release|Any CPU
		{10A477FB-4AF7-4AB5-84BF-FC2AC538B306}.Debug|Any CPU.ActiveCfg = Debug|Any CPU
		{10A477FB-4AF7-4AB5-84BF-FC2AC538B306}.Debug|Any CPU.Build.0 = Debug|Any CPU
		{10A477FB-4AF7-4AB5-84BF-FC2AC538B306}.Release|Any CPU.ActiveCfg = Release|Any CPU
		{10A477FB-4AF7-4AB5-84BF-FC2AC538B306}.Release|Any CPU.Build.0 = Release|Any CPU
		{E942A5A1-2B6E-41A0-8445-C5A38D955611}.Debug|Any CPU.ActiveCfg = Debug|Any CPU
		{E942A5A1-2B6E-41A0-8445-C5A38D955611}.Debug|Any CPU.Build.0 = Debug|Any CPU
		{E942A5A1-2B6E-41A0-8445-C5A38D955611}.Release|Any CPU.ActiveCfg = Release|Any CPU
		{E942A5A1-2B6E-41A0-8445-C5A38D955611}.Release|Any CPU.Build.0 = Release|Any CPU
		{7532F3EB-D50F-490C-A1E1-4E0B882281FD}.Debug|Any CPU.ActiveCfg = Debug|Any CPU
		{7532F3EB-D50F-490C-A1E1-4E0B882281FD}.Debug|Any CPU.Build.0 = Debug|Any CPU
		{7532F3EB-D50F-490C-A1E1-4E0B882281FD}.Release|Any CPU.ActiveCfg = Release|Any CPU
		{7532F3EB-D50F-490C-A1E1-4E0B882281FD}.Release|Any CPU.Build.0 = Release|Any CPU
		{215691EC-51FB-4BD2-A46C-396094727054}.Debug|Any CPU.ActiveCfg = Debug|Any CPU
		{215691EC-51FB-4BD2-A46C-396094727054}.Debug|Any CPU.Build.0 = Debug|Any CPU
		{215691EC-51FB-4BD2-A46C-396094727054}.Release|Any CPU.ActiveCfg = Release|Any CPU
		{215691EC-51FB-4BD2-A46C-396094727054}.Release|Any CPU.Build.0 = Release|Any CPU
		{83A20A3D-0CBB-4525-972E-8935E3120774}.Debug|Any CPU.ActiveCfg = Debug|Any CPU
		{83A20A3D-0CBB-4525-972E-8935E3120774}.Debug|Any CPU.Build.0 = Debug|Any CPU
		{83A20A3D-0CBB-4525-972E-8935E3120774}.Release|Any CPU.ActiveCfg = Release|Any CPU
		{83A20A3D-0CBB-4525-972E-8935E3120774}.Release|Any CPU.Build.0 = Release|Any CPU
		{6E3C337A-04FC-4E4E-B890-00A2535CC60F}.Debug|Any CPU.ActiveCfg = Debug|Any CPU
		{6E3C337A-04FC-4E4E-B890-00A2535CC60F}.Debug|Any CPU.Build.0 = Debug|Any CPU
		{6E3C337A-04FC-4E4E-B890-00A2535CC60F}.Release|Any CPU.ActiveCfg = Release|Any CPU
		{6E3C337A-04FC-4E4E-B890-00A2535CC60F}.Release|Any CPU.Build.0 = Release|Any CPU
		{88A064C1-BDDA-463B-AF82-F514EE3114F5}.Debug|Any CPU.ActiveCfg = Debug|Any CPU
		{88A064C1-BDDA-463B-AF82-F514EE3114F5}.Debug|Any CPU.Build.0 = Debug|Any CPU
		{88A064C1-BDDA-463B-AF82-F514EE3114F5}.Release|Any CPU.ActiveCfg = Release|Any CPU
		{88A064C1-BDDA-463B-AF82-F514EE3114F5}.Release|Any CPU.Build.0 = Release|Any CPU
		{A83EF80F-F034-4047-8BFB-A040FC0D8109}.Debug|Any CPU.ActiveCfg = Debug|Any CPU
		{A83EF80F-F034-4047-8BFB-A040FC0D8109}.Debug|Any CPU.Build.0 = Debug|Any CPU
		{A83EF80F-F034-4047-8BFB-A040FC0D8109}.Release|Any CPU.ActiveCfg = Release|Any CPU
		{A83EF80F-F034-4047-8BFB-A040FC0D8109}.Release|Any CPU.Build.0 = Release|Any CPU
		{2933E140-6722-4172-AEE2-96B55175A044}.Debug|Any CPU.ActiveCfg = Debug|Any CPU
		{2933E140-6722-4172-AEE2-96B55175A044}.Debug|Any CPU.Build.0 = Debug|Any CPU
		{2933E140-6722-4172-AEE2-96B55175A044}.Release|Any CPU.ActiveCfg = Release|Any CPU
		{2933E140-6722-4172-AEE2-96B55175A044}.Release|Any CPU.Build.0 = Release|Any CPU
		{F4D18045-4834-4E3E-A38E-12FA61FCF076}.Debug|Any CPU.ActiveCfg = Debug|Any CPU
		{F4D18045-4834-4E3E-A38E-12FA61FCF076}.Debug|Any CPU.Build.0 = Debug|Any CPU
		{F4D18045-4834-4E3E-A38E-12FA61FCF076}.Release|Any CPU.ActiveCfg = Release|Any CPU
		{F4D18045-4834-4E3E-A38E-12FA61FCF076}.Release|Any CPU.Build.0 = Release|Any CPU
	EndGlobalSection
	GlobalSection(SolutionProperties) = preSolution
		HideSolutionNode = FALSE
	EndGlobalSection
	GlobalSection(NestedProjects) = preSolution
		{4EF79FCF-29C6-43BF-8E38-1B17E0FADD90} = {0570E45A-2EB6-4C4C-84E4-2C80E1FECEB5}
		{E1B97A7B-97C3-4C14-9BE6-ACE0AF45CE61} = {107B18E3-65C8-4A6C-976D-7EEED6A6D318}
		{10A477FB-4AF7-4AB5-84BF-FC2AC538B306} = {107B18E3-65C8-4A6C-976D-7EEED6A6D318}
		{E942A5A1-2B6E-41A0-8445-C5A38D955611} = {107B18E3-65C8-4A6C-976D-7EEED6A6D318}
		{7532F3EB-D50F-490C-A1E1-4E0B882281FD} = {107B18E3-65C8-4A6C-976D-7EEED6A6D318}
		{215691EC-51FB-4BD2-A46C-396094727054} = {107B18E3-65C8-4A6C-976D-7EEED6A6D318}
		{83A20A3D-0CBB-4525-972E-8935E3120774} = {A7186B6B-D56D-4AEF-B6B7-FAA827764C34}
		{6E3C337A-04FC-4E4E-B890-00A2535CC60F} = {A7186B6B-D56D-4AEF-B6B7-FAA827764C34}
		{88A064C1-BDDA-463B-AF82-F514EE3114F5} = {A7186B6B-D56D-4AEF-B6B7-FAA827764C34}
		{2B58F5C7-3974-46C2-83DB-F0DE78C1A298} = {821D8306-C110-45AB-BDF7-AA80FDA942CE}
		{A83EF80F-F034-4047-8BFB-A040FC0D8109} = {A7186B6B-D56D-4AEF-B6B7-FAA827764C34}
		{2933E140-6722-4172-AEE2-96B55175A044} = {A7186B6B-D56D-4AEF-B6B7-FAA827764C34}
		{F4D18045-4834-4E3E-A38E-12FA61FCF076} = {A7186B6B-D56D-4AEF-B6B7-FAA827764C34}
	EndGlobalSection
	GlobalSection(ExtensibilityGlobals) = postSolution
		SolutionGuid = {A5F55604-2FF3-43B7-B657-4F18E6E95D3B}
	EndGlobalSection
EndGlobal
