
Microsoft Visual Studio Solution File, Format Version 12.00
Project("{FAE04EC0-301F-11D3-BF4B-00C04F79EFBC}") = "SlimDownYourAggregate", "SlimDownYourAggregate\SlimDownYourAggregate.csproj", "{D86DFFA3-9A92-4C2E-95DB-3C9578907655}"
EndProject
Global
	GlobalSection(SolutionConfigurationPlatforms) = preSolution
		Debug|Any CPU = Debug|Any CPU
		Release|Any CPU = Release|Any CPU
	EndGlobalSection
	GlobalSection(ProjectConfigurationPlatforms) = postSolution
		{D86DFFA3-9A92-4C2E-95DB-3C9578907655}.Debug|Any CPU.ActiveCfg = Debug|Any CPU
		{D86DFFA3-9A92-4C2E-95DB-3C9578907655}.Debug|Any CPU.Build.0 = Debug|Any CPU
		{D86DFFA3-9A92-4C2E-95DB-3C9578907655}.Release|Any CPU.ActiveCfg = Release|Any CPU
		{D86DFFA3-9A92-4C2E-95DB-3C9578907655}.Release|Any CPU.Build.0 = Release|Any CPU
	EndGlobalSection
EndGlobal
