
Microsoft Visual Studio Solution File, Format Version 12.00
Project("{FAE04EC0-301F-11D3-BF4B-00C04F79EFBC}") = "01-EventsDefinition", "01-EventsDefinition\01-EventsDefinition.csproj", "{ACA4AB19-8D56-4297-830B-2C50EA2A796B}"
EndProject
Project("{FAE04EC0-301F-11D3-BF4B-00C04F79EFBC}") = "00-Modelling", "00-Modelling\00-Modelling.csproj", "{F081DB32-DE1E-4040-AE81-1BEC4EC9B0D6}"
EndProject
Project("{FAE04EC0-301F-11D3-BF4B-00C04F79EFBC}") = "02-EntitiesDefinition", "02-EntitiesDefinition\02-EntitiesDefinition.csproj", "{00E684F9-A74A-475D-80F5-910FA1CF6C68}"
EndProject
Project("{FAE04EC0-301F-11D3-BF4B-00C04F79EFBC}") = "03-BusinessProcesses", "03-BusinessProcesses\03-BusinessProcesses.csproj", "{424A8F06-A959-4C75-A0E0-0B866802D036}"
EndProject
Project("{2150E333-8FDC-42A3-9474-1A3956D46DE8}") = "Solutions", "Solutions", "{96700308-E324-4D7A-854D-9ED17ECEE9B7}"
EndProject
Project("{FAE04EC0-301F-11D3-BF4B-00C04F79EFBC}") = "01-EventsDefinition", "Solutions\01-EventsDefinition\01-EventsDefinition.csproj", "{7312A099-6FAD-462A-8D94-FB817B531A27}"
EndProject
Project("{FAE04EC0-301F-11D3-BF4B-00C04F79EFBC}") = "02-EntitiesDefinition", "Solutions\02-EntitiesDefinition\02-EntitiesDefinition.csproj", "{4901FBDE-1248-402F-89F2-8027655B703D}"
EndProject
Project("{FAE04EC0-301F-11D3-BF4B-00C04F79EFBC}") = "03-BusinessProcesses", "Solutions\03-BusinessProcesses\03-BusinessProcesses.csproj", "{0C7E9C5A-090E-4D48-A2CC-D60AF87591AA}"
EndProject
Project("{FAE04EC0-301F-11D3-BF4B-00C04F79EFBC}") = "04-Idempotency", "04-Idempotency\04-Idempotency.csproj", "{A6471F53-26E4-4E6B-9CCF-A6C2AB1ED319}"
EndProject
Project("{FAE04EC0-301F-11D3-BF4B-00C04F79EFBC}") = "04-Idempotency", "Solutions\04-Idempotency\04-Idempotency.csproj", "{669B0F34-5D92-4047-969B-6F07F1DEAAC0}"
EndProject
Project("{FAE04EC0-301F-11D3-BF4B-00C04F79EFBC}") = "05-Consistency", "05-Consistency\05-Consistency.csproj", "{1D6AEF2B-58FE-4775-9C51-1CE16C2404A6}"
EndProject
Project("{FAE04EC0-301F-11D3-BF4B-00C04F79EFBC}") = "05-Consistency", "Solutions\05-Consistency\05-Consistency.csproj", "{D765B120-B3DD-46CA-BC7A-152CD75A9159}"
EndProject
Global
	GlobalSection(SolutionConfigurationPlatforms) = preSolution
		Debug|Any CPU = Debug|Any CPU
		Release|Any CPU = Release|Any CPU
	EndGlobalSection
	GlobalSection(ProjectConfigurationPlatforms) = postSolution
		{ACA4AB19-8D56-4297-830B-2C50EA2A796B}.Debug|Any CPU.ActiveCfg = Debug|Any CPU
		{ACA4AB19-8D56-4297-830B-2C50EA2A796B}.Debug|Any CPU.Build.0 = Debug|Any CPU
		{ACA4AB19-8D56-4297-830B-2C50EA2A796B}.Release|Any CPU.ActiveCfg = Release|Any CPU
		{ACA4AB19-8D56-4297-830B-2C50EA2A796B}.Release|Any CPU.Build.0 = Release|Any CPU
		{F081DB32-DE1E-4040-AE81-1BEC4EC9B0D6}.Debug|Any CPU.ActiveCfg = Debug|Any CPU
		{F081DB32-DE1E-4040-AE81-1BEC4EC9B0D6}.Debug|Any CPU.Build.0 = Debug|Any CPU
		{F081DB32-DE1E-4040-AE81-1BEC4EC9B0D6}.Release|Any CPU.ActiveCfg = Release|Any CPU
		{F081DB32-DE1E-4040-AE81-1BEC4EC9B0D6}.Release|Any CPU.Build.0 = Release|Any CPU
		{00E684F9-A74A-475D-80F5-910FA1CF6C68}.Debug|Any CPU.ActiveCfg = Debug|Any CPU
		{00E684F9-A74A-475D-80F5-910FA1CF6C68}.Debug|Any CPU.Build.0 = Debug|Any CPU
		{00E684F9-A74A-475D-80F5-910FA1CF6C68}.Release|Any CPU.ActiveCfg = Release|Any CPU
		{00E684F9-A74A-475D-80F5-910FA1CF6C68}.Release|Any CPU.Build.0 = Release|Any CPU
		{424A8F06-A959-4C75-A0E0-0B866802D036}.Debug|Any CPU.ActiveCfg = Debug|Any CPU
		{424A8F06-A959-4C75-A0E0-0B866802D036}.Debug|Any CPU.Build.0 = Debug|Any CPU
		{424A8F06-A959-4C75-A0E0-0B866802D036}.Release|Any CPU.ActiveCfg = Release|Any CPU
		{424A8F06-A959-4C75-A0E0-0B866802D036}.Release|Any CPU.Build.0 = Release|Any CPU
		{7312A099-6FAD-462A-8D94-FB817B531A27}.Debug|Any CPU.ActiveCfg = Debug|Any CPU
		{7312A099-6FAD-462A-8D94-FB817B531A27}.Debug|Any CPU.Build.0 = Debug|Any CPU
		{7312A099-6FAD-462A-8D94-FB817B531A27}.Release|Any CPU.ActiveCfg = Release|Any CPU
		{7312A099-6FAD-462A-8D94-FB817B531A27}.Release|Any CPU.Build.0 = Release|Any CPU
		{4901FBDE-1248-402F-89F2-8027655B703D}.Debug|Any CPU.ActiveCfg = Debug|Any CPU
		{4901FBDE-1248-402F-89F2-8027655B703D}.Debug|Any CPU.Build.0 = Debug|Any CPU
		{4901FBDE-1248-402F-89F2-8027655B703D}.Release|Any CPU.ActiveCfg = Release|Any CPU
		{4901FBDE-1248-402F-89F2-8027655B703D}.Release|Any CPU.Build.0 = Release|Any CPU
		{0C7E9C5A-090E-4D48-A2CC-D60AF87591AA}.Debug|Any CPU.ActiveCfg = Debug|Any CPU
		{0C7E9C5A-090E-4D48-A2CC-D60AF87591AA}.Debug|Any CPU.Build.0 = Debug|Any CPU
		{0C7E9C5A-090E-4D48-A2CC-D60AF87591AA}.Release|Any CPU.ActiveCfg = Release|Any CPU
		{0C7E9C5A-090E-4D48-A2CC-D60AF87591AA}.Release|Any CPU.Build.0 = Release|Any CPU
		{A6471F53-26E4-4E6B-9CCF-A6C2AB1ED319}.Debug|Any CPU.ActiveCfg = Debug|Any CPU
		{A6471F53-26E4-4E6B-9CCF-A6C2AB1ED319}.Debug|Any CPU.Build.0 = Debug|Any CPU
		{A6471F53-26E4-4E6B-9CCF-A6C2AB1ED319}.Release|Any CPU.ActiveCfg = Release|Any CPU
		{A6471F53-26E4-4E6B-9CCF-A6C2AB1ED319}.Release|Any CPU.Build.0 = Release|Any CPU
		{669B0F34-5D92-4047-969B-6F07F1DEAAC0}.Debug|Any CPU.ActiveCfg = Debug|Any CPU
		{669B0F34-5D92-4047-969B-6F07F1DEAAC0}.Debug|Any CPU.Build.0 = Debug|Any CPU
		{669B0F34-5D92-4047-969B-6F07F1DEAAC0}.Release|Any CPU.ActiveCfg = Release|Any CPU
		{669B0F34-5D92-4047-969B-6F07F1DEAAC0}.Release|Any CPU.Build.0 = Release|Any CPU
		{1D6AEF2B-58FE-4775-9C51-1CE16C2404A6}.Debug|Any CPU.ActiveCfg = Debug|Any CPU
		{1D6AEF2B-58FE-4775-9C51-1CE16C2404A6}.Debug|Any CPU.Build.0 = Debug|Any CPU
		{1D6AEF2B-58FE-4775-9C51-1CE16C2404A6}.Release|Any CPU.ActiveCfg = Release|Any CPU
		{1D6AEF2B-58FE-4775-9C51-1CE16C2404A6}.Release|Any CPU.Build.0 = Release|Any CPU
		{D765B120-B3DD-46CA-BC7A-152CD75A9159}.Debug|Any CPU.ActiveCfg = Debug|Any CPU
		{D765B120-B3DD-46CA-BC7A-152CD75A9159}.Debug|Any CPU.Build.0 = Debug|Any CPU
		{D765B120-B3DD-46CA-BC7A-152CD75A9159}.Release|Any CPU.ActiveCfg = Release|Any CPU
		{D765B120-B3DD-46CA-BC7A-152CD75A9159}.Release|Any CPU.Build.0 = Release|Any CPU
	EndGlobalSection
	GlobalSection(NestedProjects) = preSolution
		{7312A099-6FAD-462A-8D94-FB817B531A27} = {96700308-E324-4D7A-854D-9ED17ECEE9B7}
		{4901FBDE-1248-402F-89F2-8027655B703D} = {96700308-E324-4D7A-854D-9ED17ECEE9B7}
		{0C7E9C5A-090E-4D48-A2CC-D60AF87591AA} = {96700308-E324-4D7A-854D-9ED17ECEE9B7}
		{669B0F34-5D92-4047-969B-6F07F1DEAAC0} = {96700308-E324-4D7A-854D-9ED17ECEE9B7}
		{D765B120-B3DD-46CA-BC7A-152CD75A9159} = {96700308-E324-4D7A-854D-9ED17ECEE9B7}
	EndGlobalSection
EndGlobal
