
Microsoft Visual Studio Solution File, Format Version 12.00
Project("{2150E333-8FDC-42A3-9474-1A3956D46DE8}") = "Core", "Core", "{CC9592F6-C639-4C1E-A089-E5A7F4B9BAEA}"
EndProject
Project("{2150E333-8FDC-42A3-9474-1A3956D46DE8}") = "Carts", "Carts", "{190C033E-DF29-4F8F-A048-7E860ADD082D}"
EndProject
Project("{FAE04EC0-301F-11D3-BF4B-00C04F79EFBC}") = "Carts", "Carts\Carts\Carts.csproj", "{6ED65CEC-8661-483F-A7BE-5B6EAAE7E5A2}"
EndProject
Project("{FAE04EC0-301F-11D3-BF4B-00C04F79EFBC}") = "Carts.Api", "Carts\Carts.Api\Carts.Api.csproj", "{AB956DE1-6927-49D3-986C-6298AD92FC04}"
EndProject
Project("{FAE04EC0-301F-11D3-BF4B-00C04F79EFBC}") = "Carts.Api.Tests", "Carts\Carts.Api.Tests\Carts.Api.Tests.csproj", "{CC1B576D-02A7-422D-9F3E-359B2D56C572}"
EndProject
Project("{FAE04EC0-301F-11D3-BF4B-00C04F79EFBC}") = "Carts.Tests", "Carts\Carts.Tests\Carts.Tests.csproj", "{8A084C8F-71B2-43C4-9666-A4D94F0852BD}"
EndProject
Project("{FAE04EC0-301F-11D3-BF4B-00C04F79EFBC}") = "Core", "..\..\..\Core\Core.csproj", "{E20E3E94-7D22-4239-9780-560CBE715EF8}"
EndProject
Project("{FAE04EC0-301F-11D3-BF4B-00C04F79EFBC}") = "Core.EventStoreDB", "..\..\..\Core.EventStoreDB\Core.EventStoreDB.csproj", "{6ECD3BB6-1B37-4537-9DB7-B1E7D21BED4D}"
EndProject
Project("{FAE04EC0-301F-11D3-BF4B-00C04F79EFBC}") = "Core.Marten", "..\..\..\Core.Marten\Core.Marten.csproj", "{8ABE8C39-E448-49F9-8E43-10B174842137}"
EndProject
Project("{FAE04EC0-301F-11D3-BF4B-00C04F79EFBC}") = "Core.Testing", "..\..\..\Core.Testing\Core.Testing.csproj", "{A43269B8-0F19-4556-A759-C9D10F786189}"
EndProject
Project("{FAE04EC0-301F-11D3-BF4B-00C04F79EFBC}") = "Core.WebApi", "..\..\..\Core.WebApi\Core.WebApi.csproj", "{921935A7-E757-45C0-913B-65892EFFE920}"
EndProject
Project("{2150E333-8FDC-42A3-9474-1A3956D46DE8}") = "docker", "docker", "{94838965-E83B-4DA3-9533-E065E3E8718C}"
	ProjectSection(SolutionItems) = preProject
		docker\docker-compose.yml = docker\docker-compose.yml
	EndProjectSection
EndProject
Project("{2150E333-8FDC-42A3-9474-1A3956D46DE8}") = "Docs", "Docs", "{05FA325E-387E-4297-9AAA-8BBDFBBB9B13}"
	ProjectSection(SolutionItems) = preProject
		README.md = README.md
	EndProjectSection
EndProject
Global
	GlobalSection(SolutionConfigurationPlatforms) = preSolution
		Debug|Any CPU = Debug|Any CPU
		Release|Any CPU = Release|Any CPU
	EndGlobalSection
	GlobalSection(NestedProjects) = preSolution
		{6ED65CEC-8661-483F-A7BE-5B6EAAE7E5A2} = {190C033E-DF29-4F8F-A048-7E860ADD082D}
		{AB956DE1-6927-49D3-986C-6298AD92FC04} = {190C033E-DF29-4F8F-A048-7E860ADD082D}
		{CC1B576D-02A7-422D-9F3E-359B2D56C572} = {190C033E-DF29-4F8F-A048-7E860ADD082D}
		{8A084C8F-71B2-43C4-9666-A4D94F0852BD} = {190C033E-DF29-4F8F-A048-7E860ADD082D}
		{E20E3E94-7D22-4239-9780-560CBE715EF8} = {CC9592F6-C639-4C1E-A089-E5A7F4B9BAEA}
		{6ECD3BB6-1B37-4537-9DB7-B1E7D21BED4D} = {CC9592F6-C639-4C1E-A089-E5A7F4B9BAEA}
		{8ABE8C39-E448-49F9-8E43-10B174842137} = {CC9592F6-C639-4C1E-A089-E5A7F4B9BAEA}
		{A43269B8-0F19-4556-A759-C9D10F786189} = {CC9592F6-C639-4C1E-A089-E5A7F4B9BAEA}
		{921935A7-E757-45C0-913B-65892EFFE920} = {CC9592F6-C639-4C1E-A089-E5A7F4B9BAEA}
	EndGlobalSection
	GlobalSection(ProjectConfigurationPlatforms) = postSolution
		{6ED65CEC-8661-483F-A7BE-5B6EAAE7E5A2}.Debug|Any CPU.ActiveCfg = Debug|Any CPU
		{6ED65CEC-8661-483F-A7BE-5B6EAAE7E5A2}.Debug|Any CPU.Build.0 = Debug|Any CPU
		{6ED65CEC-8661-483F-A7BE-5B6EAAE7E5A2}.Release|Any CPU.ActiveCfg = Release|Any CPU
		{6ED65CEC-8661-483F-A7BE-5B6EAAE7E5A2}.Release|Any CPU.Build.0 = Release|Any CPU
		{AB956DE1-6927-49D3-986C-6298AD92FC04}.Debug|Any CPU.ActiveCfg = Debug|Any CPU
		{AB956DE1-6927-49D3-986C-6298AD92FC04}.Debug|Any CPU.Build.0 = Debug|Any CPU
		{AB956DE1-6927-49D3-986C-6298AD92FC04}.Release|Any CPU.ActiveCfg = Release|Any CPU
		{AB956DE1-6927-49D3-986C-6298AD92FC04}.Release|Any CPU.Build.0 = Release|Any CPU
		{CC1B576D-02A7-422D-9F3E-359B2D56C572}.Debug|Any CPU.ActiveCfg = Debug|Any CPU
		{CC1B576D-02A7-422D-9F3E-359B2D56C572}.Debug|Any CPU.Build.0 = Debug|Any CPU
		{CC1B576D-02A7-422D-9F3E-359B2D56C572}.Release|Any CPU.ActiveCfg = Release|Any CPU
		{CC1B576D-02A7-422D-9F3E-359B2D56C572}.Release|Any CPU.Build.0 = Release|Any CPU
		{8A084C8F-71B2-43C4-9666-A4D94F0852BD}.Debug|Any CPU.ActiveCfg = Debug|Any CPU
		{8A084C8F-71B2-43C4-9666-A4D94F0852BD}.Debug|Any CPU.Build.0 = Debug|Any CPU
		{8A084C8F-71B2-43C4-9666-A4D94F0852BD}.Release|Any CPU.ActiveCfg = Release|Any CPU
		{8A084C8F-71B2-43C4-9666-A4D94F0852BD}.Release|Any CPU.Build.0 = Release|Any CPU
		{E20E3E94-7D22-4239-9780-560CBE715EF8}.Debug|Any CPU.ActiveCfg = Debug|Any CPU
		{E20E3E94-7D22-4239-9780-560CBE715EF8}.Debug|Any CPU.Build.0 = Debug|Any CPU
		{E20E3E94-7D22-4239-9780-560CBE715EF8}.Release|Any CPU.ActiveCfg = Release|Any CPU
		{E20E3E94-7D22-4239-9780-560CBE715EF8}.Release|Any CPU.Build.0 = Release|Any CPU
		{6ECD3BB6-1B37-4537-9DB7-B1E7D21BED4D}.Debug|Any CPU.ActiveCfg = Debug|Any CPU
		{6ECD3BB6-1B37-4537-9DB7-B1E7D21BED4D}.Debug|Any CPU.Build.0 = Debug|Any CPU
		{6ECD3BB6-1B37-4537-9DB7-B1E7D21BED4D}.Release|Any CPU.ActiveCfg = Release|Any CPU
		{6ECD3BB6-1B37-4537-9DB7-B1E7D21BED4D}.Release|Any CPU.Build.0 = Release|Any CPU
		{8ABE8C39-E448-49F9-8E43-10B174842137}.Debug|Any CPU.ActiveCfg = Debug|Any CPU
		{8ABE8C39-E448-49F9-8E43-10B174842137}.Debug|Any CPU.Build.0 = Debug|Any CPU
		{8ABE8C39-E448-49F9-8E43-10B174842137}.Release|Any CPU.ActiveCfg = Release|Any CPU
		{8ABE8C39-E448-49F9-8E43-10B174842137}.Release|Any CPU.Build.0 = Release|Any CPU
		{A43269B8-0F19-4556-A759-C9D10F786189}.Debug|Any CPU.ActiveCfg = Debug|Any CPU
		{A43269B8-0F19-4556-A759-C9D10F786189}.Debug|Any CPU.Build.0 = Debug|Any CPU
		{A43269B8-0F19-4556-A759-C9D10F786189}.Release|Any CPU.ActiveCfg = Release|Any CPU
		{A43269B8-0F19-4556-A759-C9D10F786189}.Release|Any CPU.Build.0 = Release|Any CPU
		{921935A7-E757-45C0-913B-65892EFFE920}.Debug|Any CPU.ActiveCfg = Debug|Any CPU
		{921935A7-E757-45C0-913B-65892EFFE920}.Debug|Any CPU.Build.0 = Debug|Any CPU
		{921935A7-E757-45C0-913B-65892EFFE920}.Release|Any CPU.ActiveCfg = Release|Any CPU
		{921935A7-E757-45C0-913B-65892EFFE920}.Release|Any CPU.Build.0 = Release|Any CPU
	EndGlobalSection
EndGlobal
