
Microsoft Visual Studio Solution File, Format Version 12.00
Project("{2150E333-8FDC-42A3-9474-1A3956D46DE8}") = "Core", "Core", "{CC9592F6-C639-4C1E-A089-E5A7F4B9BAEA}"
EndProject
Project("{FAE04EC0-301F-11D3-BF4B-00C04F79EFBC}") = "Core", "..\..\Core\Core.csproj", "{607CC0DE-712A-4FFB-9862-FEB4F10100D2}"
EndProject
Project("{FAE04EC0-301F-11D3-BF4B-00C04F79EFBC}") = "Core.Marten", "..\..\Core.Marten\Core.Marten.csproj", "{9268B3EA-71E1-4B50-A459-5732F4977942}"
EndProject
Project("{FAE04EC0-301F-11D3-BF4B-00C04F79EFBC}") = "Core.Streaming", "..\..\Core.Streaming\Core.Streaming.csproj", "{DCA2C049-E82C-4E31-8F8A-9BC3053F2D63}"
EndProject
Project("{FAE04EC0-301F-11D3-BF4B-00C04F79EFBC}") = "Core.Streaming.Kafka", "..\..\Core.Streaming.Kafka\Core.Streaming.Kafka.csproj", "{1BA27C9E-8540-4EE2-BE44-6E990C05D162}"
EndProject
Project("{FAE04EC0-301F-11D3-BF4B-00C04F79EFBC}") = "Core.Testing", "..\..\Core.Testing\Core.Testing.csproj", "{8A50B198-C3ED-4DE8-8D63-11FF005C53C1}"
EndProject
Project("{FAE04EC0-301F-11D3-BF4B-00C04F79EFBC}") = "Core.WebApi", "..\..\Core.WebApi\Core.WebApi.csproj", "{72ACB5C8-FD64-4041-BA20-BFCC5A04E97C}"
EndProject
Project("{2150E333-8FDC-42A3-9474-1A3956D46DE8}") = "Carts", "Carts", "{190C033E-DF29-4F8F-A048-7E860ADD082D}"
EndProject
Project("{2150E333-8FDC-42A3-9474-1A3956D46DE8}") = "Orders", "Orders", "{6D7E5471-77EA-4969-81AA-A12CB4A616D5}"
EndProject
Project("{2150E333-8FDC-42A3-9474-1A3956D46DE8}") = "Payments", "Payments", "{4B43A514-2B95-4D1B-8EFE-7F4FE16B991D}"
EndProject
Project("{2150E333-8FDC-42A3-9474-1A3956D46DE8}") = "Shipments", "Shipments", "{8C72B8D9-1542-4703-9530-90EABB6A6DF4}"
EndProject
Project("{FAE04EC0-301F-11D3-BF4B-00C04F79EFBC}") = "Carts", "Carts\Carts\Carts.csproj", "{6ED65CEC-8661-483F-A7BE-5B6EAAE7E5A2}"
EndProject
Project("{FAE04EC0-301F-11D3-BF4B-00C04F79EFBC}") = "Carts.Api", "Carts\Carts.Api\Carts.Api.csproj", "{AB956DE1-6927-49D3-986C-6298AD92FC04}"
EndProject
Project("{FAE04EC0-301F-11D3-BF4B-00C04F79EFBC}") = "Carts.Api.Tests", "Carts\Carts.Api.Tests\Carts.Api.Tests.csproj", "{CC1B576D-02A7-422D-9F3E-359B2D56C572}"
EndProject
Project("{FAE04EC0-301F-11D3-BF4B-00C04F79EFBC}") = "Carts.Tests", "Carts\Carts.Tests\Carts.Tests.csproj", "{8A084C8F-71B2-43C4-9666-A4D94F0852BD}"
EndProject
Project("{FAE04EC0-301F-11D3-BF4B-00C04F79EFBC}") = "Orders", "Orders\Orders\Orders.csproj", "{F1350018-4466-44FE-AA9F-D950DE4E09A1}"
EndProject
Project("{FAE04EC0-301F-11D3-BF4B-00C04F79EFBC}") = "Orders.Api", "Orders\Orders.Api\Orders.Api.csproj", "{13A73D98-3F30-4C30-80D0-DC189DAE612B}"
EndProject
Project("{FAE04EC0-301F-11D3-BF4B-00C04F79EFBC}") = "Orders.Api.Tests", "Orders\Orders.Api.Tests\Orders.Api.Tests.csproj", "{42B5C7CE-3D56-4D3F-AB41-A320E01E9003}"
EndProject
Project("{FAE04EC0-301F-11D3-BF4B-00C04F79EFBC}") = "Orders.Tests", "Orders\Orders.Tests\Orders.Tests.csproj", "{FF2DCAE1-BFBA-412B-8D43-AF7879D58C27}"
EndProject
Project("{FAE04EC0-301F-11D3-BF4B-00C04F79EFBC}") = "Payments", "Payments\Payments\Payments.csproj", "{06016473-7214-4482-8BBD-1930701F2969}"
EndProject
Project("{FAE04EC0-301F-11D3-BF4B-00C04F79EFBC}") = "Payments.Api", "Payments\Payments.Api\Payments.Api.csproj", "{93568783-333F-4C54-918A-42F34D5884A5}"
EndProject
Project("{FAE04EC0-301F-11D3-BF4B-00C04F79EFBC}") = "Payments.Api.Tests", "Payments\Payments.Api.Tests\Payments.Api.Tests.csproj", "{BDB64E5C-D4E9-49A2-9375-E8019E5AF8EE}"
EndProject
Project("{FAE04EC0-301F-11D3-BF4B-00C04F79EFBC}") = "Payments.Tests", "Payments\Payments.Tests\Payments.Tests.csproj", "{5642CB1E-138B-45B6-B0AF-4D4B31E0F721}"
EndProject
Project("{FAE04EC0-301F-11D3-BF4B-00C04F79EFBC}") = "Shipments", "Shipments\Shipments\Shipments.csproj", "{0CE319F7-6CA4-4659-8CD1-AD2814CFC99A}"
EndProject
Project("{FAE04EC0-301F-11D3-BF4B-00C04F79EFBC}") = "Shipments.Api", "Shipments\Shipments.Api\Shipments.Api.csproj", "{5C59079B-5ED0-418D-A09E-E879B69B50ED}"
EndProject
Project("{FAE04EC0-301F-11D3-BF4B-00C04F79EFBC}") = "Shipments.Api.Tests", "Shipments\Shipments.Api.Tests\Shipments.Api.Tests.csproj", "{494CAEE8-548A-481A-AAD2-3CADD2A198B4}"
EndProject
Project("{FAE04EC0-301F-11D3-BF4B-00C04F79EFBC}") = "Shipments.Tests", "Shipments\Shipments.Tests\Shipments.Tests.csproj", "{30E21C9B-5680-4F09-9FDA-6447A25EB1F7}"
EndProject
Global
	GlobalSection(SolutionConfigurationPlatforms) = preSolution
		Debug|Any CPU = Debug|Any CPU
		Release|Any CPU = Release|Any CPU
	EndGlobalSection
	GlobalSection(NestedProjects) = preSolution
		{607CC0DE-712A-4FFB-9862-FEB4F10100D2} = {CC9592F6-C639-4C1E-A089-E5A7F4B9BAEA}
		{9268B3EA-71E1-4B50-A459-5732F4977942} = {CC9592F6-C639-4C1E-A089-E5A7F4B9BAEA}
		{DCA2C049-E82C-4E31-8F8A-9BC3053F2D63} = {CC9592F6-C639-4C1E-A089-E5A7F4B9BAEA}
		{1BA27C9E-8540-4EE2-BE44-6E990C05D162} = {CC9592F6-C639-4C1E-A089-E5A7F4B9BAEA}
		{8A50B198-C3ED-4DE8-8D63-11FF005C53C1} = {CC9592F6-C639-4C1E-A089-E5A7F4B9BAEA}
		{72ACB5C8-FD64-4041-BA20-BFCC5A04E97C} = {CC9592F6-C639-4C1E-A089-E5A7F4B9BAEA}
		{6ED65CEC-8661-483F-A7BE-5B6EAAE7E5A2} = {190C033E-DF29-4F8F-A048-7E860ADD082D}
		{AB956DE1-6927-49D3-986C-6298AD92FC04} = {190C033E-DF29-4F8F-A048-7E860ADD082D}
		{CC1B576D-02A7-422D-9F3E-359B2D56C572} = {190C033E-DF29-4F8F-A048-7E860ADD082D}
		{8A084C8F-71B2-43C4-9666-A4D94F0852BD} = {190C033E-DF29-4F8F-A048-7E860ADD082D}
		{F1350018-4466-44FE-AA9F-D950DE4E09A1} = {6D7E5471-77EA-4969-81AA-A12CB4A616D5}
		{13A73D98-3F30-4C30-80D0-DC189DAE612B} = {6D7E5471-77EA-4969-81AA-A12CB4A616D5}
		{42B5C7CE-3D56-4D3F-AB41-A320E01E9003} = {6D7E5471-77EA-4969-81AA-A12CB4A616D5}
		{FF2DCAE1-BFBA-412B-8D43-AF7879D58C27} = {6D7E5471-77EA-4969-81AA-A12CB4A616D5}
		{06016473-7214-4482-8BBD-1930701F2969} = {4B43A514-2B95-4D1B-8EFE-7F4FE16B991D}
		{93568783-333F-4C54-918A-42F34D5884A5} = {4B43A514-2B95-4D1B-8EFE-7F4FE16B991D}
		{BDB64E5C-D4E9-49A2-9375-E8019E5AF8EE} = {4B43A514-2B95-4D1B-8EFE-7F4FE16B991D}
		{5642CB1E-138B-45B6-B0AF-4D4B31E0F721} = {4B43A514-2B95-4D1B-8EFE-7F4FE16B991D}
		{0CE319F7-6CA4-4659-8CD1-AD2814CFC99A} = {8C72B8D9-1542-4703-9530-90EABB6A6DF4}
		{5C59079B-5ED0-418D-A09E-E879B69B50ED} = {8C72B8D9-1542-4703-9530-90EABB6A6DF4}
		{494CAEE8-548A-481A-AAD2-3CADD2A198B4} = {8C72B8D9-1542-4703-9530-90EABB6A6DF4}
		{30E21C9B-5680-4F09-9FDA-6447A25EB1F7} = {8C72B8D9-1542-4703-9530-90EABB6A6DF4}
	EndGlobalSection
	GlobalSection(ProjectConfigurationPlatforms) = postSolution
		{607CC0DE-712A-4FFB-9862-FEB4F10100D2}.Debug|Any CPU.ActiveCfg = Debug|Any CPU
		{607CC0DE-712A-4FFB-9862-FEB4F10100D2}.Debug|Any CPU.Build.0 = Debug|Any CPU
		{607CC0DE-712A-4FFB-9862-FEB4F10100D2}.Release|Any CPU.ActiveCfg = Release|Any CPU
		{607CC0DE-712A-4FFB-9862-FEB4F10100D2}.Release|Any CPU.Build.0 = Release|Any CPU
		{9268B3EA-71E1-4B50-A459-5732F4977942}.Debug|Any CPU.ActiveCfg = Debug|Any CPU
		{9268B3EA-71E1-4B50-A459-5732F4977942}.Debug|Any CPU.Build.0 = Debug|Any CPU
		{9268B3EA-71E1-4B50-A459-5732F4977942}.Release|Any CPU.ActiveCfg = Release|Any CPU
		{9268B3EA-71E1-4B50-A459-5732F4977942}.Release|Any CPU.Build.0 = Release|Any CPU
		{DCA2C049-E82C-4E31-8F8A-9BC3053F2D63}.Debug|Any CPU.ActiveCfg = Debug|Any CPU
		{DCA2C049-E82C-4E31-8F8A-9BC3053F2D63}.Debug|Any CPU.Build.0 = Debug|Any CPU
		{DCA2C049-E82C-4E31-8F8A-9BC3053F2D63}.Release|Any CPU.ActiveCfg = Release|Any CPU
		{DCA2C049-E82C-4E31-8F8A-9BC3053F2D63}.Release|Any CPU.Build.0 = Release|Any CPU
		{1BA27C9E-8540-4EE2-BE44-6E990C05D162}.Debug|Any CPU.ActiveCfg = Debug|Any CPU
		{1BA27C9E-8540-4EE2-BE44-6E990C05D162}.Debug|Any CPU.Build.0 = Debug|Any CPU
		{1BA27C9E-8540-4EE2-BE44-6E990C05D162}.Release|Any CPU.ActiveCfg = Release|Any CPU
		{1BA27C9E-8540-4EE2-BE44-6E990C05D162}.Release|Any CPU.Build.0 = Release|Any CPU
		{8A50B198-C3ED-4DE8-8D63-11FF005C53C1}.Debug|Any CPU.ActiveCfg = Debug|Any CPU
		{8A50B198-C3ED-4DE8-8D63-11FF005C53C1}.Debug|Any CPU.Build.0 = Debug|Any CPU
		{8A50B198-C3ED-4DE8-8D63-11FF005C53C1}.Release|Any CPU.ActiveCfg = Release|Any CPU
		{8A50B198-C3ED-4DE8-8D63-11FF005C53C1}.Release|Any CPU.Build.0 = Release|Any CPU
		{72ACB5C8-FD64-4041-BA20-BFCC5A04E97C}.Debug|Any CPU.ActiveCfg = Debug|Any CPU
		{72ACB5C8-FD64-4041-BA20-BFCC5A04E97C}.Debug|Any CPU.Build.0 = Debug|Any CPU
		{72ACB5C8-FD64-4041-BA20-BFCC5A04E97C}.Release|Any CPU.ActiveCfg = Release|Any CPU
		{72ACB5C8-FD64-4041-BA20-BFCC5A04E97C}.Release|Any CPU.Build.0 = Release|Any CPU
		{6ED65CEC-8661-483F-A7BE-5B6EAAE7E5A2}.Debug|Any CPU.ActiveCfg = Debug|Any CPU
		{6ED65CEC-8661-483F-A7BE-5B6EAAE7E5A2}.Debug|Any CPU.Build.0 = Debug|Any CPU
		{6ED65CEC-8661-483F-A7BE-5B6EAAE7E5A2}.Release|Any CPU.ActiveCfg = Release|Any CPU
		{6ED65CEC-8661-483F-A7BE-5B6EAAE7E5A2}.Release|Any CPU.Build.0 = Release|Any CPU
		{AB956DE1-6927-49D3-986C-6298AD92FC04}.Debug|Any CPU.ActiveCfg = Debug|Any CPU
		{AB956DE1-6927-49D3-986C-6298AD92FC04}.Debug|Any CPU.Build.0 = Debug|Any CPU
		{AB956DE1-6927-49D3-986C-6298AD92FC04}.Release|Any CPU.ActiveCfg = Release|Any CPU
		{AB956DE1-6927-49D3-986C-6298AD92FC04}.Release|Any CPU.Build.0 = Release|Any CPU
		{CC1B576D-02A7-422D-9F3E-359B2D56C572}.Debug|Any CPU.ActiveCfg = Debug|Any CPU
		{CC1B576D-02A7-422D-9F3E-359B2D56C572}.Debug|Any CPU.Build.0 = Debug|Any CPU
		{CC1B576D-02A7-422D-9F3E-359B2D56C572}.Release|Any CPU.ActiveCfg = Release|Any CPU
		{CC1B576D-02A7-422D-9F3E-359B2D56C572}.Release|Any CPU.Build.0 = Release|Any CPU
		{8A084C8F-71B2-43C4-9666-A4D94F0852BD}.Debug|Any CPU.ActiveCfg = Debug|Any CPU
		{8A084C8F-71B2-43C4-9666-A4D94F0852BD}.Debug|Any CPU.Build.0 = Debug|Any CPU
		{8A084C8F-71B2-43C4-9666-A4D94F0852BD}.Release|Any CPU.ActiveCfg = Release|Any CPU
		{8A084C8F-71B2-43C4-9666-A4D94F0852BD}.Release|Any CPU.Build.0 = Release|Any CPU
		{F1350018-4466-44FE-AA9F-D950DE4E09A1}.Debug|Any CPU.ActiveCfg = Debug|Any CPU
		{F1350018-4466-44FE-AA9F-D950DE4E09A1}.Debug|Any CPU.Build.0 = Debug|Any CPU
		{F1350018-4466-44FE-AA9F-D950DE4E09A1}.Release|Any CPU.ActiveCfg = Release|Any CPU
		{F1350018-4466-44FE-AA9F-D950DE4E09A1}.Release|Any CPU.Build.0 = Release|Any CPU
		{13A73D98-3F30-4C30-80D0-DC189DAE612B}.Debug|Any CPU.ActiveCfg = Debug|Any CPU
		{13A73D98-3F30-4C30-80D0-DC189DAE612B}.Debug|Any CPU.Build.0 = Debug|Any CPU
		{13A73D98-3F30-4C30-80D0-DC189DAE612B}.Release|Any CPU.ActiveCfg = Release|Any CPU
		{13A73D98-3F30-4C30-80D0-DC189DAE612B}.Release|Any CPU.Build.0 = Release|Any CPU
		{42B5C7CE-3D56-4D3F-AB41-A320E01E9003}.Debug|Any CPU.ActiveCfg = Debug|Any CPU
		{42B5C7CE-3D56-4D3F-AB41-A320E01E9003}.Debug|Any CPU.Build.0 = Debug|Any CPU
		{42B5C7CE-3D56-4D3F-AB41-A320E01E9003}.Release|Any CPU.ActiveCfg = Release|Any CPU
		{42B5C7CE-3D56-4D3F-AB41-A320E01E9003}.Release|Any CPU.Build.0 = Release|Any CPU
		{FF2DCAE1-BFBA-412B-8D43-AF7879D58C27}.Debug|Any CPU.ActiveCfg = Debug|Any CPU
		{FF2DCAE1-BFBA-412B-8D43-AF7879D58C27}.Debug|Any CPU.Build.0 = Debug|Any CPU
		{FF2DCAE1-BFBA-412B-8D43-AF7879D58C27}.Release|Any CPU.ActiveCfg = Release|Any CPU
		{FF2DCAE1-BFBA-412B-8D43-AF7879D58C27}.Release|Any CPU.Build.0 = Release|Any CPU
		{06016473-7214-4482-8BBD-1930701F2969}.Debug|Any CPU.ActiveCfg = Debug|Any CPU
		{06016473-7214-4482-8BBD-1930701F2969}.Debug|Any CPU.Build.0 = Debug|Any CPU
		{06016473-7214-4482-8BBD-1930701F2969}.Release|Any CPU.ActiveCfg = Release|Any CPU
		{06016473-7214-4482-8BBD-1930701F2969}.Release|Any CPU.Build.0 = Release|Any CPU
		{93568783-333F-4C54-918A-42F34D5884A5}.Debug|Any CPU.ActiveCfg = Debug|Any CPU
		{93568783-333F-4C54-918A-42F34D5884A5}.Debug|Any CPU.Build.0 = Debug|Any CPU
		{93568783-333F-4C54-918A-42F34D5884A5}.Release|Any CPU.ActiveCfg = Release|Any CPU
		{93568783-333F-4C54-918A-42F34D5884A5}.Release|Any CPU.Build.0 = Release|Any CPU
		{BDB64E5C-D4E9-49A2-9375-E8019E5AF8EE}.Debug|Any CPU.ActiveCfg = Debug|Any CPU
		{BDB64E5C-D4E9-49A2-9375-E8019E5AF8EE}.Debug|Any CPU.Build.0 = Debug|Any CPU
		{BDB64E5C-D4E9-49A2-9375-E8019E5AF8EE}.Release|Any CPU.ActiveCfg = Release|Any CPU
		{BDB64E5C-D4E9-49A2-9375-E8019E5AF8EE}.Release|Any CPU.Build.0 = Release|Any CPU
		{5642CB1E-138B-45B6-B0AF-4D4B31E0F721}.Debug|Any CPU.ActiveCfg = Debug|Any CPU
		{5642CB1E-138B-45B6-B0AF-4D4B31E0F721}.Debug|Any CPU.Build.0 = Debug|Any CPU
		{5642CB1E-138B-45B6-B0AF-4D4B31E0F721}.Release|Any CPU.ActiveCfg = Release|Any CPU
		{5642CB1E-138B-45B6-B0AF-4D4B31E0F721}.Release|Any CPU.Build.0 = Release|Any CPU
		{0CE319F7-6CA4-4659-8CD1-AD2814CFC99A}.Debug|Any CPU.ActiveCfg = Debug|Any CPU
		{0CE319F7-6CA4-4659-8CD1-AD2814CFC99A}.Debug|Any CPU.Build.0 = Debug|Any CPU
		{0CE319F7-6CA4-4659-8CD1-AD2814CFC99A}.Release|Any CPU.ActiveCfg = Release|Any CPU
		{0CE319F7-6CA4-4659-8CD1-AD2814CFC99A}.Release|Any CPU.Build.0 = Release|Any CPU
		{5C59079B-5ED0-418D-A09E-E879B69B50ED}.Debug|Any CPU.ActiveCfg = Debug|Any CPU
		{5C59079B-5ED0-418D-A09E-E879B69B50ED}.Debug|Any CPU.Build.0 = Debug|Any CPU
		{5C59079B-5ED0-418D-A09E-E879B69B50ED}.Release|Any CPU.ActiveCfg = Release|Any CPU
		{5C59079B-5ED0-418D-A09E-E879B69B50ED}.Release|Any CPU.Build.0 = Release|Any CPU
		{494CAEE8-548A-481A-AAD2-3CADD2A198B4}.Debug|Any CPU.ActiveCfg = Debug|Any CPU
		{494CAEE8-548A-481A-AAD2-3CADD2A198B4}.Debug|Any CPU.Build.0 = Debug|Any CPU
		{494CAEE8-548A-481A-AAD2-3CADD2A198B4}.Release|Any CPU.ActiveCfg = Release|Any CPU
		{494CAEE8-548A-481A-AAD2-3CADD2A198B4}.Release|Any CPU.Build.0 = Release|Any CPU
		{30E21C9B-5680-4F09-9FDA-6447A25EB1F7}.Debug|Any CPU.ActiveCfg = Debug|Any CPU
		{30E21C9B-5680-4F09-9FDA-6447A25EB1F7}.Debug|Any CPU.Build.0 = Debug|Any CPU
		{30E21C9B-5680-4F09-9FDA-6447A25EB1F7}.Release|Any CPU.ActiveCfg = Release|Any CPU
		{30E21C9B-5680-4F09-9FDA-6447A25EB1F7}.Release|Any CPU.Build.0 = Release|Any CPU
	EndGlobalSection
EndGlobal
