
Microsoft Visual Studio Solution File, Format Version 12.00
Project("{FAE04EC0-301F-11D3-BF4B-00C04F79EFBC}") = "01-EventsDefinition", "01-EventsDefinition\01-EventsDefinition.csproj", "{6FECB845-9416-44A0-B18E-F526474B3130}"
EndProject
Project("{FAE04EC0-301F-11D3-BF4B-00C04F79EFBC}") = "02-GettingStateFromEvents", "02-GettingStateFromEvents\02-GettingStateFromEvents.csproj", "{E982BD11-0550-44A0-BD8B-71FFE8837869}"
EndProject
Project("{FAE04EC0-301F-11D3-BF4B-00C04F79EFBC}") = "03-AppendingEvents.Marten", "03-AppendingEvents.Marten\03-AppendingEvents.Marten.csproj", "{95CB183E-DC20-4AA4-9F3C-313915E3AE70}"
EndProject
Project("{FAE04EC0-301F-11D3-BF4B-00C04F79EFBC}") = "04-AppendingEvents.EventStoreDB", "04-AppendingEvents.EventStoreDB\04-AppendingEvents.EventStoreDB.csproj", "{23D059F0-765C-4440-9148-5D063598473C}"
EndProject
Project("{FAE04EC0-301F-11D3-BF4B-00C04F79EFBC}") = "05-GettingStateFromEvents.Marten", "05-GettingStateFromEvents.Marten\05-GettingStateFromEvents.Marten.csproj", "{378F4894-1D4D-4717-BB69-2C1D8E897246}"
EndProject
Project("{FAE04EC0-301F-11D3-BF4B-00C04F79EFBC}") = "06-GettingStateFromEvents.EventStoreDB", "06-GettingStateFromEvents.EventStoreDB\06-GettingStateFromEvents.EventStoreDB.csproj", "{887D0122-F9FC-463B-B887-730E612E9CDB}"
EndProject
Project("{FAE04EC0-301F-11D3-BF4B-00C04F79EFBC}") = "07-BusinessLogic", "07-BusinessLogic\07-BusinessLogic.csproj", "{72CA8C3A-512F-4128-A65F-EEE4B0831D6D}"
EndProject
Project("{FAE04EC0-301F-11D3-BF4B-00C04F79EFBC}") = "10-OptimisticConcurrency.Marten", "10-OptimisticConcurrency.Marten\10-OptimisticConcurrency.Marten.csproj", "{84C818FE-C9AF-4A99-AACC-6F549552EDFA}"
EndProject
Project("{FAE04EC0-301F-11D3-BF4B-00C04F79EFBC}") = "11-OptimisticConcurrency.EventStoreDB", "11-OptimisticConcurrency.EventStoreDB\11-OptimisticConcurrency.EventStoreDB.csproj", "{BFD5FB88-431B-4759-87CB-C982CB81197A}"
EndProject
Project("{2150E333-8FDC-42A3-9474-1A3956D46DE8}") = "docs", "docs", "{C07EC023-0515-4734-B6CB-18775FB97063}"
	ProjectSection(SolutionItems) = preProject
		README.md = README.md
	EndProjectSection
EndProject
Project("{2150E333-8FDC-42A3-9474-1A3956D46DE8}") = "docker", "docker", "{2BDFA622-061E-4685-A76D-B9616D0FE814}"
	ProjectSection(SolutionItems) = preProject
		docker-compose.yml = docker-compose.yml
		docker-compose.arm.yml = docker-compose.arm.yml
	EndProjectSection
EndProject
Project("{FAE04EC0-301F-11D3-BF4B-00C04F79EFBC}") = "12-Projections.SingleStream", "12-Projections.SingleStream\12-Projections.SingleStream.csproj", "{9829BFD1-CC7D-45E1-9CAB-E33A6E756B19}"
EndProject
Project("{FAE04EC0-301F-11D3-BF4B-00C04F79EFBC}") = "13-Projections.SingleStream.Idempotency", "13-Projections.SingleStream.Idempotency\13-Projections.SingleStream.Idempotency.csproj", "{74319775-B137-42AC-9705-7D3F0B08EB5C}"
EndProject
Project("{FAE04EC0-301F-11D3-BF4B-00C04F79EFBC}") = "14-Projections.SingleStream.EventualConsistency", "14-Projections.SingleStream.EventualConsistency\14-Projections.SingleStream.EventualConsistency.csproj", "{4F4B6653-10F2-4D96-8465-AD39F54EE597}"
EndProject
Project("{FAE04EC0-301F-11D3-BF4B-00C04F79EFBC}") = "07-BusinessLogic.Slimmed", "07-BusinessLogic.Slimmed\07-BusinessLogic.Slimmed.csproj", "{2BB349DA-D394-43CF-9515-F7D49F59A49D}"
EndProject
Project("{FAE04EC0-301F-11D3-BF4B-00C04F79EFBC}") = "08-ApplicationLogic.Marten", "08-ApplicationLogic.Marten\08-ApplicationLogic.Marten.csproj", "{3722FF43-B508-4974-87D6-ED1C06B7E912}"
EndProject
Project("{FAE04EC0-301F-11D3-BF4B-00C04F79EFBC}") = "08-ApplicationLogic.Marten.Tests", "08-ApplicationLogic.Marten.Tests\08-ApplicationLogic.Marten.Tests.csproj", "{E18205F5-19F4-46D8-8ED8-FC84B44327BD}"
EndProject
Project("{FAE04EC0-301F-11D3-BF4B-00C04F79EFBC}") = "09-ApplicationLogic.EventStoreDB", "09-ApplicationLogic.EventStoreDB\09-ApplicationLogic.EventStoreDB.csproj", "{B6B116B5-723F-4507-AE7F-3E98281F6FE6}"
EndProject
Project("{FAE04EC0-301F-11D3-BF4B-00C04F79EFBC}") = "09-ApplicationLogic.EventStoreDB.Tests", "09-ApplicationLogic.EventStoreDB.Tests\09-ApplicationLogic.EventStoreDB.Tests.csproj", "{B762CFD6-7ECF-408D-A696-CDE29419B18F}"
EndProject
Project("{FAE04EC0-301F-11D3-BF4B-00C04F79EFBC}") = "10-OptimisticConcurrency.Marten.Tests", "10-OptimisticConcurrency.Marten.Tests\10-OptimisticConcurrency.Marten.Tests.csproj", "{6E27F746-612D-4FFF-ACF8-3CE7D88F588C}"
EndProject
Project("{FAE04EC0-301F-11D3-BF4B-00C04F79EFBC}") = "11-OptimisticConcurrency.EventStoreDB.Tests", "11-OptimisticConcurrency.EventStoreDB.Tests\11-OptimisticConcurrency.EventStoreDB.Tests.csproj", "{B5FE59B6-E649-4D63-A3D4-E307ADF6CBA6}"
EndProject
Project("{FAE04EC0-301F-11D3-BF4B-00C04F79EFBC}") = "15-EventsDefinition", "15-EventsDefinition\15-EventsDefinition.csproj", "{715FF4D0-3378-4397-B249-6C675CEFBA14}"
EndProject
Project("{FAE04EC0-301F-11D3-BF4B-00C04F79EFBC}") = "16-EntitiesDefinition", "16-EntitiesDefinition\16-EntitiesDefinition.csproj", "{2C819F93-23F1-49B9-AF33-33CEA4FE5438}"
EndProject
Project("{FAE04EC0-301F-11D3-BF4B-00C04F79EFBC}") = "17-BusinessProcesses", "17-BusinessProcesses\17-BusinessProcesses.csproj", "{F681E7A7-7E7F-4EA3-9DFA-9B041327A367}"
EndProject
Project("{FAE04EC0-301F-11D3-BF4B-00C04F79EFBC}") = "18-Idempotency", "18-Idempotency\18-Idempotency.csproj", "{8CD14393-C881-4ADC-8477-B929F6EA4927}"
EndProject
Project("{FAE04EC0-301F-11D3-BF4B-00C04F79EFBC}") = "19-Consistency", "19-Consistency\19-Consistency.csproj", "{D8D1A9AF-869D-417C-93A4-D813B9F52E60}"
EndProject
Global
	GlobalSection(SolutionConfigurationPlatforms) = preSolution
		Debug|Any CPU = Debug|Any CPU
		Release|Any CPU = Release|Any CPU
	EndGlobalSection
	GlobalSection(ProjectConfigurationPlatforms) = postSolution
		{6FECB845-9416-44A0-B18E-F526474B3130}.Debug|Any CPU.ActiveCfg = Debug|Any CPU
		{6FECB845-9416-44A0-B18E-F526474B3130}.Debug|Any CPU.Build.0 = Debug|Any CPU
		{6FECB845-9416-44A0-B18E-F526474B3130}.Release|Any CPU.ActiveCfg = Release|Any CPU
		{6FECB845-9416-44A0-B18E-F526474B3130}.Release|Any CPU.Build.0 = Release|Any CPU
		{E982BD11-0550-44A0-BD8B-71FFE8837869}.Debug|Any CPU.ActiveCfg = Debug|Any CPU
		{E982BD11-0550-44A0-BD8B-71FFE8837869}.Debug|Any CPU.Build.0 = Debug|Any CPU
		{E982BD11-0550-44A0-BD8B-71FFE8837869}.Release|Any CPU.ActiveCfg = Release|Any CPU
		{E982BD11-0550-44A0-BD8B-71FFE8837869}.Release|Any CPU.Build.0 = Release|Any CPU
		{95CB183E-DC20-4AA4-9F3C-313915E3AE70}.Debug|Any CPU.ActiveCfg = Debug|Any CPU
		{95CB183E-DC20-4AA4-9F3C-313915E3AE70}.Debug|Any CPU.Build.0 = Debug|Any CPU
		{95CB183E-DC20-4AA4-9F3C-313915E3AE70}.Release|Any CPU.ActiveCfg = Release|Any CPU
		{95CB183E-DC20-4AA4-9F3C-313915E3AE70}.Release|Any CPU.Build.0 = Release|Any CPU
		{23D059F0-765C-4440-9148-5D063598473C}.Debug|Any CPU.ActiveCfg = Debug|Any CPU
		{23D059F0-765C-4440-9148-5D063598473C}.Debug|Any CPU.Build.0 = Debug|Any CPU
		{23D059F0-765C-4440-9148-5D063598473C}.Release|Any CPU.ActiveCfg = Release|Any CPU
		{23D059F0-765C-4440-9148-5D063598473C}.Release|Any CPU.Build.0 = Release|Any CPU
		{378F4894-1D4D-4717-BB69-2C1D8E897246}.Debug|Any CPU.ActiveCfg = Debug|Any CPU
		{378F4894-1D4D-4717-BB69-2C1D8E897246}.Debug|Any CPU.Build.0 = Debug|Any CPU
		{378F4894-1D4D-4717-BB69-2C1D8E897246}.Release|Any CPU.ActiveCfg = Release|Any CPU
		{378F4894-1D4D-4717-BB69-2C1D8E897246}.Release|Any CPU.Build.0 = Release|Any CPU
		{887D0122-F9FC-463B-B887-730E612E9CDB}.Debug|Any CPU.ActiveCfg = Debug|Any CPU
		{887D0122-F9FC-463B-B887-730E612E9CDB}.Debug|Any CPU.Build.0 = Debug|Any CPU
		{887D0122-F9FC-463B-B887-730E612E9CDB}.Release|Any CPU.ActiveCfg = Release|Any CPU
		{887D0122-F9FC-463B-B887-730E612E9CDB}.Release|Any CPU.Build.0 = Release|Any CPU
		{72CA8C3A-512F-4128-A65F-EEE4B0831D6D}.Debug|Any CPU.ActiveCfg = Debug|Any CPU
		{72CA8C3A-512F-4128-A65F-EEE4B0831D6D}.Debug|Any CPU.Build.0 = Debug|Any CPU
		{72CA8C3A-512F-4128-A65F-EEE4B0831D6D}.Release|Any CPU.ActiveCfg = Release|Any CPU
		{72CA8C3A-512F-4128-A65F-EEE4B0831D6D}.Release|Any CPU.Build.0 = Release|Any CPU
		{84C818FE-C9AF-4A99-AACC-6F549552EDFA}.Debug|Any CPU.ActiveCfg = Debug|Any CPU
		{84C818FE-C9AF-4A99-AACC-6F549552EDFA}.Debug|Any CPU.Build.0 = Debug|Any CPU
		{84C818FE-C9AF-4A99-AACC-6F549552EDFA}.Release|Any CPU.ActiveCfg = Release|Any CPU
		{84C818FE-C9AF-4A99-AACC-6F549552EDFA}.Release|Any CPU.Build.0 = Release|Any CPU
		{BFD5FB88-431B-4759-87CB-C982CB81197A}.Debug|Any CPU.ActiveCfg = Debug|Any CPU
		{BFD5FB88-431B-4759-87CB-C982CB81197A}.Debug|Any CPU.Build.0 = Debug|Any CPU
		{BFD5FB88-431B-4759-87CB-C982CB81197A}.Release|Any CPU.ActiveCfg = Release|Any CPU
		{BFD5FB88-431B-4759-87CB-C982CB81197A}.Release|Any CPU.Build.0 = Release|Any CPU
		{9829BFD1-CC7D-45E1-9CAB-E33A6E756B19}.Debug|Any CPU.ActiveCfg = Debug|Any CPU
		{9829BFD1-CC7D-45E1-9CAB-E33A6E756B19}.Debug|Any CPU.Build.0 = Debug|Any CPU
		{9829BFD1-CC7D-45E1-9CAB-E33A6E756B19}.Release|Any CPU.ActiveCfg = Release|Any CPU
		{9829BFD1-CC7D-45E1-9CAB-E33A6E756B19}.Release|Any CPU.Build.0 = Release|Any CPU
		{74319775-B137-42AC-9705-7D3F0B08EB5C}.Debug|Any CPU.ActiveCfg = Debug|Any CPU
		{74319775-B137-42AC-9705-7D3F0B08EB5C}.Debug|Any CPU.Build.0 = Debug|Any CPU
		{74319775-B137-42AC-9705-7D3F0B08EB5C}.Release|Any CPU.ActiveCfg = Release|Any CPU
		{74319775-B137-42AC-9705-7D3F0B08EB5C}.Release|Any CPU.Build.0 = Release|Any CPU
		{4F4B6653-10F2-4D96-8465-AD39F54EE597}.Debug|Any CPU.ActiveCfg = Debug|Any CPU
		{4F4B6653-10F2-4D96-8465-AD39F54EE597}.Debug|Any CPU.Build.0 = Debug|Any CPU
		{4F4B6653-10F2-4D96-8465-AD39F54EE597}.Release|Any CPU.ActiveCfg = Release|Any CPU
		{4F4B6653-10F2-4D96-8465-AD39F54EE597}.Release|Any CPU.Build.0 = Release|Any CPU
		{2BB349DA-D394-43CF-9515-F7D49F59A49D}.Debug|Any CPU.ActiveCfg = Debug|Any CPU
		{2BB349DA-D394-43CF-9515-F7D49F59A49D}.Debug|Any CPU.Build.0 = Debug|Any CPU
		{2BB349DA-D394-43CF-9515-F7D49F59A49D}.Release|Any CPU.ActiveCfg = Release|Any CPU
		{2BB349DA-D394-43CF-9515-F7D49F59A49D}.Release|Any CPU.Build.0 = Release|Any CPU
		{3722FF43-B508-4974-87D6-ED1C06B7E912}.Debug|Any CPU.ActiveCfg = Debug|Any CPU
		{3722FF43-B508-4974-87D6-ED1C06B7E912}.Debug|Any CPU.Build.0 = Debug|Any CPU
		{3722FF43-B508-4974-87D6-ED1C06B7E912}.Release|Any CPU.ActiveCfg = Release|Any CPU
		{3722FF43-B508-4974-87D6-ED1C06B7E912}.Release|Any CPU.Build.0 = Release|Any CPU
		{E18205F5-19F4-46D8-8ED8-FC84B44327BD}.Debug|Any CPU.ActiveCfg = Debug|Any CPU
		{E18205F5-19F4-46D8-8ED8-FC84B44327BD}.Debug|Any CPU.Build.0 = Debug|Any CPU
		{E18205F5-19F4-46D8-8ED8-FC84B44327BD}.Release|Any CPU.ActiveCfg = Release|Any CPU
		{E18205F5-19F4-46D8-8ED8-FC84B44327BD}.Release|Any CPU.Build.0 = Release|Any CPU
		{B6B116B5-723F-4507-AE7F-3E98281F6FE6}.Debug|Any CPU.ActiveCfg = Debug|Any CPU
		{B6B116B5-723F-4507-AE7F-3E98281F6FE6}.Debug|Any CPU.Build.0 = Debug|Any CPU
		{B6B116B5-723F-4507-AE7F-3E98281F6FE6}.Release|Any CPU.ActiveCfg = Release|Any CPU
		{B6B116B5-723F-4507-AE7F-3E98281F6FE6}.Release|Any CPU.Build.0 = Release|Any CPU
		{B762CFD6-7ECF-408D-A696-CDE29419B18F}.Debug|Any CPU.ActiveCfg = Debug|Any CPU
		{B762CFD6-7ECF-408D-A696-CDE29419B18F}.Debug|Any CPU.Build.0 = Debug|Any CPU
		{B762CFD6-7ECF-408D-A696-CDE29419B18F}.Release|Any CPU.ActiveCfg = Release|Any CPU
		{B762CFD6-7ECF-408D-A696-CDE29419B18F}.Release|Any CPU.Build.0 = Release|Any CPU
		{6E27F746-612D-4FFF-ACF8-3CE7D88F588C}.Debug|Any CPU.ActiveCfg = Debug|Any CPU
		{6E27F746-612D-4FFF-ACF8-3CE7D88F588C}.Debug|Any CPU.Build.0 = Debug|Any CPU
		{6E27F746-612D-4FFF-ACF8-3CE7D88F588C}.Release|Any CPU.ActiveCfg = Release|Any CPU
		{6E27F746-612D-4FFF-ACF8-3CE7D88F588C}.Release|Any CPU.Build.0 = Release|Any CPU
		{B5FE59B6-E649-4D63-A3D4-E307ADF6CBA6}.Debug|Any CPU.ActiveCfg = Debug|Any CPU
		{B5FE59B6-E649-4D63-A3D4-E307ADF6CBA6}.Debug|Any CPU.Build.0 = Debug|Any CPU
		{B5FE59B6-E649-4D63-A3D4-E307ADF6CBA6}.Release|Any CPU.ActiveCfg = Release|Any CPU
		{B5FE59B6-E649-4D63-A3D4-E307ADF6CBA6}.Release|Any CPU.Build.0 = Release|Any CPU
		{715FF4D0-3378-4397-B249-6C675CEFBA14}.Debug|Any CPU.ActiveCfg = Debug|Any CPU
		{715FF4D0-3378-4397-B249-6C675CEFBA14}.Debug|Any CPU.Build.0 = Debug|Any CPU
		{715FF4D0-3378-4397-B249-6C675CEFBA14}.Release|Any CPU.ActiveCfg = Release|Any CPU
		{715FF4D0-3378-4397-B249-6C675CEFBA14}.Release|Any CPU.Build.0 = Release|Any CPU
		{2C819F93-23F1-49B9-AF33-33CEA4FE5438}.Debug|Any CPU.ActiveCfg = Debug|Any CPU
		{2C819F93-23F1-49B9-AF33-33CEA4FE5438}.Debug|Any CPU.Build.0 = Debug|Any CPU
		{2C819F93-23F1-49B9-AF33-33CEA4FE5438}.Release|Any CPU.ActiveCfg = Release|Any CPU
		{2C819F93-23F1-49B9-AF33-33CEA4FE5438}.Release|Any CPU.Build.0 = Release|Any CPU
		{F681E7A7-7E7F-4EA3-9DFA-9B041327A367}.Debug|Any CPU.ActiveCfg = Debug|Any CPU
		{F681E7A7-7E7F-4EA3-9DFA-9B041327A367}.Debug|Any CPU.Build.0 = Debug|Any CPU
		{F681E7A7-7E7F-4EA3-9DFA-9B041327A367}.Release|Any CPU.ActiveCfg = Release|Any CPU
		{F681E7A7-7E7F-4EA3-9DFA-9B041327A367}.Release|Any CPU.Build.0 = Release|Any CPU
		{8CD14393-C881-4ADC-8477-B929F6EA4927}.Debug|Any CPU.ActiveCfg = Debug|Any CPU
		{8CD14393-C881-4ADC-8477-B929F6EA4927}.Debug|Any CPU.Build.0 = Debug|Any CPU
		{8CD14393-C881-4ADC-8477-B929F6EA4927}.Release|Any CPU.ActiveCfg = Release|Any CPU
		{8CD14393-C881-4ADC-8477-B929F6EA4927}.Release|Any CPU.Build.0 = Release|Any CPU
		{D8D1A9AF-869D-417C-93A4-D813B9F52E60}.Debug|Any CPU.ActiveCfg = Debug|Any CPU
		{D8D1A9AF-869D-417C-93A4-D813B9F52E60}.Debug|Any CPU.Build.0 = Debug|Any CPU
		{D8D1A9AF-869D-417C-93A4-D813B9F52E60}.Release|Any CPU.ActiveCfg = Release|Any CPU
		{D8D1A9AF-869D-417C-93A4-D813B9F52E60}.Release|Any CPU.Build.0 = Release|Any CPU
	EndGlobalSection
EndGlobal
