
Microsoft Visual Studio Solution File, Format Version 12.00
Project("{FAE04EC0-301F-11D3-BF4B-00C04F79EFBC}") = "Core", "Core.csproj", "{5B1C1FE1-1B47-4E71-9386-CD1372917544}"
EndProject
Project("{FAE04EC0-301F-11D3-BF4B-00C04F79EFBC}") = "Core.Serialization", "..\Core.Serialization\Core.Serialization.csproj", "{8D17011E-E2E0-44EB-AAC2-F778415E83BC}"
EndProject
Global
	GlobalSection(SolutionConfigurationPlatforms) = preSolution
		Debug|Any CPU = Debug|Any CPU
		Release|Any CPU = Release|Any CPU
	EndGlobalSection
	GlobalSection(ProjectConfigurationPlatforms) = postSolution
		{5B1C1FE1-1B47-4E71-9386-CD1372917544}.Debug|Any CPU.ActiveCfg = Debug|Any CPU
		{5B1C1FE1-1B47-4E71-9386-CD1372917544}.Debug|Any CPU.Build.0 = Debug|Any CPU
		{5B1C1FE1-1B47-4E71-9386-CD1372917544}.Release|Any CPU.ActiveCfg = Release|Any CPU
		{5B1C1FE1-1B47-4E71-9386-CD1372917544}.Release|Any CPU.Build.0 = Release|Any CPU
		{8D17011E-E2E0-44EB-AAC2-F778415E83BC}.Debug|Any CPU.ActiveCfg = Debug|Any CPU
		{8D17011E-E2E0-44EB-AAC2-F778415E83BC}.Debug|Any CPU.Build.0 = Debug|Any CPU
		{8D17011E-E2E0-44EB-AAC2-F778415E83BC}.Release|Any CPU.ActiveCfg = Release|Any CPU
		{8D17011E-E2E0-44EB-AAC2-F778415E83BC}.Release|Any CPU.Build.0 = Release|Any CPU
	EndGlobalSection
EndGlobal
