
Microsoft Visual Studio Solution File, Format Version 12.00
Project("{2150E333-8FDC-42A3-9474-1A3956D46DE8}") = "01-Carts", "01-Carts", "{C05D6F7B-A1E6-4016-89D4-9F1A1972CB0C}"
EndProject
Project("{2150E333-8FDC-42A3-9474-1A3956D46DE8}") = "02-Payments", "02-Payments", "{D5077616-A33A-42C3-A431-E5B8BBD3BDC6}"
EndProject
Project("{2150E333-8FDC-42A3-9474-1A3956D46DE8}") = "04-Orders", "04-Orders", "{09AF9D14-9D35-49DA-8A8D-6F7ABAE69399}"
EndProject
Project("{2150E333-8FDC-42A3-9474-1A3956D46DE8}") = "03-Shipments", "03-Shipments", "{40C2C47F-DF46-494B-92DD-86ECC6D062F7}"
EndProject
Project("{2150E333-8FDC-42A3-9474-1A3956D46DE8}") = "Core", "Core", "{CC9592F6-C639-4C1E-A089-E5A7F4B9BAEA}"
EndProject
Project("{FAE04EC0-301F-11D3-BF4B-00C04F79EFBC}") = "Core", "..\..\Core\Core.csproj", "{607CC0DE-712A-4FFB-9862-FEB4F10100D2}"
EndProject
Project("{FAE04EC0-301F-11D3-BF4B-00C04F79EFBC}") = "Core.Marten", "..\..\Core.Marten\Core.Marten.csproj", "{9268B3EA-71E1-4B50-A459-5732F4977942}"
EndProject
Project("{FAE04EC0-301F-11D3-BF4B-00C04F79EFBC}") = "Core.Streaming", "..\..\Core.Streaming\Core.Streaming.csproj", "{DCA2C049-E82C-4E31-8F8A-9BC3053F2D63}"
EndProject
Project("{FAE04EC0-301F-11D3-BF4B-00C04F79EFBC}") = "Core.Streaming.Kafka", "..\..\Core.Streaming.Kafka\Core.Streaming.Kafka.csproj", "{1BA27C9E-8540-4EE2-BE44-6E990C05D162}"
EndProject
Project("{FAE04EC0-301F-11D3-BF4B-00C04F79EFBC}") = "Core.Testing", "..\..\Core.Testing\Core.Testing.csproj", "{8A50B198-C3ED-4DE8-8D63-11FF005C53C1}"
EndProject
Project("{FAE04EC0-301F-11D3-BF4B-00C04F79EFBC}") = "Core.WebApi", "..\..\Core.WebApi\Core.WebApi.csproj", "{72ACB5C8-FD64-4041-BA20-BFCC5A04E97C}"
EndProject
Project("{2150E333-8FDC-42A3-9474-1A3956D46DE8}") = "Carts", "Carts", "{1B90FBCD-2DCA-4F51-AC8A-F2C7E06ACC57}"
EndProject
Project("{FAE04EC0-301F-11D3-BF4B-00C04F79EFBC}") = "Carts", "Exercises\01-Carts\Carts\Carts\Carts.csproj", "{D7ACC440-E6D8-427A-9751-033FF3ABC428}"
EndProject
Project("{FAE04EC0-301F-11D3-BF4B-00C04F79EFBC}") = "Carts.Api", "Exercises\01-Carts\Carts\Carts.Api\Carts.Api.csproj", "{4888A6BE-1858-4CCD-BAA9-095CE6D7203B}"
EndProject
Project("{FAE04EC0-301F-11D3-BF4B-00C04F79EFBC}") = "Carts.Api.Tests", "Exercises\01-Carts\Carts\Carts.Api.Tests\Carts.Api.Tests.csproj", "{B20CE553-A468-46AD-AA31-584CBF9A577C}"
EndProject
Project("{FAE04EC0-301F-11D3-BF4B-00C04F79EFBC}") = "Carts.Tests", "Exercises\01-Carts\Carts\Carts.Tests\Carts.Tests.csproj", "{EDB648BF-7FBA-4C8D-81C8-41A40F92B623}"
EndProject
Project("{2150E333-8FDC-42A3-9474-1A3956D46DE8}") = "Payments", "Payments", "{51D0585D-629E-4782-AF06-1C62EF6E0FFC}"
EndProject
Project("{FAE04EC0-301F-11D3-BF4B-00C04F79EFBC}") = "Payments", "Exercises\02-Payments\Payments\Payments\Payments.csproj", "{084FF900-3D2C-49B5-85F9-0E5B06D880E5}"
EndProject
Project("{FAE04EC0-301F-11D3-BF4B-00C04F79EFBC}") = "Payments.Api.Tests", "Exercises\02-Payments\Payments\Payments.Api.Tests\Payments.Api.Tests.csproj", "{84DC4589-C16B-4C27-820B-6A486AAEF6B1}"
EndProject
Project("{FAE04EC0-301F-11D3-BF4B-00C04F79EFBC}") = "Payments.Tests", "Exercises\02-Payments\Payments\Payments.Tests\Payments.Tests.csproj", "{885BCBEA-E65E-4E9B-AFBA-3DE88910AB52}"
EndProject
Project("{FAE04EC0-301F-11D3-BF4B-00C04F79EFBC}") = "Payments.Api", "Exercises\02-Payments\Payments\Payments.Api\Payments.Api.csproj", "{4D29D143-9AF2-4DC5-A43E-7BC5277B6F08}"
EndProject
Project("{2150E333-8FDC-42A3-9474-1A3956D46DE8}") = "Carts", "Carts", "{FB2F154F-9C82-409D-BA66-67C9ADB00FA5}"
EndProject
Project("{2150E333-8FDC-42A3-9474-1A3956D46DE8}") = "Payments", "Payments", "{4304E2E7-6A10-413D-87D2-4FDAA720B747}"
EndProject
Project("{2150E333-8FDC-42A3-9474-1A3956D46DE8}") = "Shipments", "Shipments", "{1936DC56-7978-4E78-8EAD-2C98A0B2833C}"
EndProject
Project("{2150E333-8FDC-42A3-9474-1A3956D46DE8}") = "Shipments", "Shipments", "{4825EADF-E003-4F46-84C6-223FBB916930}"
EndProject
Project("{2150E333-8FDC-42A3-9474-1A3956D46DE8}") = "Orders", "Orders", "{C470E651-EA27-4864-9266-E501A998665B}"
EndProject
Project("{FAE04EC0-301F-11D3-BF4B-00C04F79EFBC}") = "Orders", "Exercises\04-Orders\Orders\Orders\Orders.csproj", "{1CB5D708-57E8-4FEE-ACB9-127242DB1BB8}"
EndProject
Project("{FAE04EC0-301F-11D3-BF4B-00C04F79EFBC}") = "Orders.Api", "Exercises\04-Orders\Orders\Orders.Api\Orders.Api.csproj", "{011EB609-DB2D-4E9F-978F-5334654863D8}"
EndProject
Project("{FAE04EC0-301F-11D3-BF4B-00C04F79EFBC}") = "Orders.Api.Tests", "Exercises\04-Orders\Orders\Orders.Api.Tests\Orders.Api.Tests.csproj", "{8EC73C76-12C8-4052-91B9-8DB4D9BF3C21}"
EndProject
Project("{FAE04EC0-301F-11D3-BF4B-00C04F79EFBC}") = "Orders.Tests", "Exercises\04-Orders\Orders\Orders.Tests\Orders.Tests.csproj", "{0DEC1C3F-B3AB-475B-B931-8EF0F857D3D0}"
EndProject
Project("{FAE04EC0-301F-11D3-BF4B-00C04F79EFBC}") = "Shipments", "Exercises\03-Shipments\Shipments\Shipments\Shipments.csproj", "{845C5FBB-ABCD-4C31-92FD-F783D260D246}"
EndProject
Project("{FAE04EC0-301F-11D3-BF4B-00C04F79EFBC}") = "Shipments.Api", "Exercises\03-Shipments\Shipments\Shipments.Api\Shipments.Api.csproj", "{652E5E33-A85F-4F60-A66F-1A20AF675C26}"
EndProject
Project("{FAE04EC0-301F-11D3-BF4B-00C04F79EFBC}") = "Shipments.Api.Tests", "Exercises\03-Shipments\Shipments\Shipments.Api.Tests\Shipments.Api.Tests.csproj", "{6939FFF9-B3F6-4BDC-BC50-A18961FFBF71}"
EndProject
Project("{FAE04EC0-301F-11D3-BF4B-00C04F79EFBC}") = "Shipments.Tests", "Exercises\03-Shipments\Shipments\Shipments.Tests\Shipments.Tests.csproj", "{143C5B88-CC98-4291-95D0-CBC63BF2F009}"
EndProject
Project("{FAE04EC0-301F-11D3-BF4B-00C04F79EFBC}") = "Carts", "Carts\Carts\Carts.csproj", "{7454095D-5BD6-4F16-88A2-477AED4DA6F6}"
EndProject
Project("{FAE04EC0-301F-11D3-BF4B-00C04F79EFBC}") = "Carts.Api", "Carts\Carts.Api\Carts.Api.csproj", "{B0E2BEF2-8847-404C-85DD-56A5FDDE114D}"
EndProject
Project("{FAE04EC0-301F-11D3-BF4B-00C04F79EFBC}") = "Carts.Api.Tests", "Carts\Carts.Api.Tests\Carts.Api.Tests.csproj", "{E396EB68-8A1C-4B7C-B82D-FDBE57E645D8}"
EndProject
Project("{FAE04EC0-301F-11D3-BF4B-00C04F79EFBC}") = "Carts.Tests", "Carts\Carts.Tests\Carts.Tests.csproj", "{E1D75CC7-5C87-4A72-8DAB-15B6CE3D04C5}"
EndProject
Project("{FAE04EC0-301F-11D3-BF4B-00C04F79EFBC}") = "Payments", "Payments\Payments\Payments.csproj", "{4CEAC3C9-4841-44DA-845E-3DEB4D51D4A6}"
EndProject
Project("{FAE04EC0-301F-11D3-BF4B-00C04F79EFBC}") = "Payments.Api", "Payments\Payments.Api\Payments.Api.csproj", "{DE578CA0-299C-4797-8CA3-0FE3B070AA69}"
EndProject
Project("{FAE04EC0-301F-11D3-BF4B-00C04F79EFBC}") = "Payments.Api.Tests", "Payments\Payments.Api.Tests\Payments.Api.Tests.csproj", "{F2259D63-19EE-4E05-A93E-EF780ACA7779}"
EndProject
Project("{FAE04EC0-301F-11D3-BF4B-00C04F79EFBC}") = "Payments.Tests", "Payments\Payments.Tests\Payments.Tests.csproj", "{A4331871-B4ED-41B7-A093-8D100261085A}"
EndProject
Project("{FAE04EC0-301F-11D3-BF4B-00C04F79EFBC}") = "Shipments", "Shipments\Shipments\Shipments.csproj", "{FD6EA4E3-E9F7-4D9B-BD0F-3F2A871DACA9}"
EndProject
Project("{FAE04EC0-301F-11D3-BF4B-00C04F79EFBC}") = "Shipments.Api", "Shipments\Shipments.Api\Shipments.Api.csproj", "{5ED9930F-A63C-4D0E-B792-7C58D84DD271}"
EndProject
Project("{FAE04EC0-301F-11D3-BF4B-00C04F79EFBC}") = "Shipments.Api.Tests", "Shipments\Shipments.Api.Tests\Shipments.Api.Tests.csproj", "{68BCCAA3-57E8-44DB-82F5-004E87572423}"
EndProject
Project("{FAE04EC0-301F-11D3-BF4B-00C04F79EFBC}") = "Shipments.Tests", "Shipments\Shipments.Tests\Shipments.Tests.csproj", "{4198282C-C674-4DA0-9865-B2821D71CA99}"
EndProject
Global
	GlobalSection(SolutionConfigurationPlatforms) = preSolution
		Debug|Any CPU = Debug|Any CPU
		Release|Any CPU = Release|Any CPU
	EndGlobalSection
	GlobalSection(NestedProjects) = preSolution
		{607CC0DE-712A-4FFB-9862-FEB4F10100D2} = {CC9592F6-C639-4C1E-A089-E5A7F4B9BAEA}
		{9268B3EA-71E1-4B50-A459-5732F4977942} = {CC9592F6-C639-4C1E-A089-E5A7F4B9BAEA}
		{DCA2C049-E82C-4E31-8F8A-9BC3053F2D63} = {CC9592F6-C639-4C1E-A089-E5A7F4B9BAEA}
		{1BA27C9E-8540-4EE2-BE44-6E990C05D162} = {CC9592F6-C639-4C1E-A089-E5A7F4B9BAEA}
		{8A50B198-C3ED-4DE8-8D63-11FF005C53C1} = {CC9592F6-C639-4C1E-A089-E5A7F4B9BAEA}
		{72ACB5C8-FD64-4041-BA20-BFCC5A04E97C} = {CC9592F6-C639-4C1E-A089-E5A7F4B9BAEA}
		{1B90FBCD-2DCA-4F51-AC8A-F2C7E06ACC57} = {C05D6F7B-A1E6-4016-89D4-9F1A1972CB0C}
		{D7ACC440-E6D8-427A-9751-033FF3ABC428} = {1B90FBCD-2DCA-4F51-AC8A-F2C7E06ACC57}
		{4888A6BE-1858-4CCD-BAA9-095CE6D7203B} = {1B90FBCD-2DCA-4F51-AC8A-F2C7E06ACC57}
		{B20CE553-A468-46AD-AA31-584CBF9A577C} = {1B90FBCD-2DCA-4F51-AC8A-F2C7E06ACC57}
		{EDB648BF-7FBA-4C8D-81C8-41A40F92B623} = {1B90FBCD-2DCA-4F51-AC8A-F2C7E06ACC57}
		{51D0585D-629E-4782-AF06-1C62EF6E0FFC} = {D5077616-A33A-42C3-A431-E5B8BBD3BDC6}
		{084FF900-3D2C-49B5-85F9-0E5B06D880E5} = {51D0585D-629E-4782-AF06-1C62EF6E0FFC}
		{84DC4589-C16B-4C27-820B-6A486AAEF6B1} = {51D0585D-629E-4782-AF06-1C62EF6E0FFC}
		{885BCBEA-E65E-4E9B-AFBA-3DE88910AB52} = {51D0585D-629E-4782-AF06-1C62EF6E0FFC}
		{4D29D143-9AF2-4DC5-A43E-7BC5277B6F08} = {51D0585D-629E-4782-AF06-1C62EF6E0FFC}
		{FB2F154F-9C82-409D-BA66-67C9ADB00FA5} = {09AF9D14-9D35-49DA-8A8D-6F7ABAE69399}
		{4304E2E7-6A10-413D-87D2-4FDAA720B747} = {09AF9D14-9D35-49DA-8A8D-6F7ABAE69399}
		{1936DC56-7978-4E78-8EAD-2C98A0B2833C} = {40C2C47F-DF46-494B-92DD-86ECC6D062F7}
		{4825EADF-E003-4F46-84C6-223FBB916930} = {09AF9D14-9D35-49DA-8A8D-6F7ABAE69399}
		{C470E651-EA27-4864-9266-E501A998665B} = {09AF9D14-9D35-49DA-8A8D-6F7ABAE69399}
		{1CB5D708-57E8-4FEE-ACB9-127242DB1BB8} = {C470E651-EA27-4864-9266-E501A998665B}
		{011EB609-DB2D-4E9F-978F-5334654863D8} = {C470E651-EA27-4864-9266-E501A998665B}
		{8EC73C76-12C8-4052-91B9-8DB4D9BF3C21} = {C470E651-EA27-4864-9266-E501A998665B}
		{0DEC1C3F-B3AB-475B-B931-8EF0F857D3D0} = {C470E651-EA27-4864-9266-E501A998665B}
		{845C5FBB-ABCD-4C31-92FD-F783D260D246} = {1936DC56-7978-4E78-8EAD-2C98A0B2833C}
		{652E5E33-A85F-4F60-A66F-1A20AF675C26} = {1936DC56-7978-4E78-8EAD-2C98A0B2833C}
		{6939FFF9-B3F6-4BDC-BC50-A18961FFBF71} = {1936DC56-7978-4E78-8EAD-2C98A0B2833C}
		{143C5B88-CC98-4291-95D0-CBC63BF2F009} = {1936DC56-7978-4E78-8EAD-2C98A0B2833C}
		{7454095D-5BD6-4F16-88A2-477AED4DA6F6} = {FB2F154F-9C82-409D-BA66-67C9ADB00FA5}
		{B0E2BEF2-8847-404C-85DD-56A5FDDE114D} = {FB2F154F-9C82-409D-BA66-67C9ADB00FA5}
		{E396EB68-8A1C-4B7C-B82D-FDBE57E645D8} = {FB2F154F-9C82-409D-BA66-67C9ADB00FA5}
		{E1D75CC7-5C87-4A72-8DAB-15B6CE3D04C5} = {FB2F154F-9C82-409D-BA66-67C9ADB00FA5}
		{4CEAC3C9-4841-44DA-845E-3DEB4D51D4A6} = {4304E2E7-6A10-413D-87D2-4FDAA720B747}
		{DE578CA0-299C-4797-8CA3-0FE3B070AA69} = {4304E2E7-6A10-413D-87D2-4FDAA720B747}
		{F2259D63-19EE-4E05-A93E-EF780ACA7779} = {4304E2E7-6A10-413D-87D2-4FDAA720B747}
		{A4331871-B4ED-41B7-A093-8D100261085A} = {4304E2E7-6A10-413D-87D2-4FDAA720B747}
		{FD6EA4E3-E9F7-4D9B-BD0F-3F2A871DACA9} = {4825EADF-E003-4F46-84C6-223FBB916930}
		{5ED9930F-A63C-4D0E-B792-7C58D84DD271} = {4825EADF-E003-4F46-84C6-223FBB916930}
		{68BCCAA3-57E8-44DB-82F5-004E87572423} = {4825EADF-E003-4F46-84C6-223FBB916930}
		{4198282C-C674-4DA0-9865-B2821D71CA99} = {4825EADF-E003-4F46-84C6-223FBB916930}
	EndGlobalSection
	GlobalSection(ProjectConfigurationPlatforms) = postSolution
		{607CC0DE-712A-4FFB-9862-FEB4F10100D2}.Debug|Any CPU.ActiveCfg = Debug|Any CPU
		{607CC0DE-712A-4FFB-9862-FEB4F10100D2}.Debug|Any CPU.Build.0 = Debug|Any CPU
		{607CC0DE-712A-4FFB-9862-FEB4F10100D2}.Release|Any CPU.ActiveCfg = Release|Any CPU
		{607CC0DE-712A-4FFB-9862-FEB4F10100D2}.Release|Any CPU.Build.0 = Release|Any CPU
		{9268B3EA-71E1-4B50-A459-5732F4977942}.Debug|Any CPU.ActiveCfg = Debug|Any CPU
		{9268B3EA-71E1-4B50-A459-5732F4977942}.Debug|Any CPU.Build.0 = Debug|Any CPU
		{9268B3EA-71E1-4B50-A459-5732F4977942}.Release|Any CPU.ActiveCfg = Release|Any CPU
		{9268B3EA-71E1-4B50-A459-5732F4977942}.Release|Any CPU.Build.0 = Release|Any CPU
		{DCA2C049-E82C-4E31-8F8A-9BC3053F2D63}.Debug|Any CPU.ActiveCfg = Debug|Any CPU
		{DCA2C049-E82C-4E31-8F8A-9BC3053F2D63}.Debug|Any CPU.Build.0 = Debug|Any CPU
		{DCA2C049-E82C-4E31-8F8A-9BC3053F2D63}.Release|Any CPU.ActiveCfg = Release|Any CPU
		{DCA2C049-E82C-4E31-8F8A-9BC3053F2D63}.Release|Any CPU.Build.0 = Release|Any CPU
		{1BA27C9E-8540-4EE2-BE44-6E990C05D162}.Debug|Any CPU.ActiveCfg = Debug|Any CPU
		{1BA27C9E-8540-4EE2-BE44-6E990C05D162}.Debug|Any CPU.Build.0 = Debug|Any CPU
		{1BA27C9E-8540-4EE2-BE44-6E990C05D162}.Release|Any CPU.ActiveCfg = Release|Any CPU
		{1BA27C9E-8540-4EE2-BE44-6E990C05D162}.Release|Any CPU.Build.0 = Release|Any CPU
		{8A50B198-C3ED-4DE8-8D63-11FF005C53C1}.Debug|Any CPU.ActiveCfg = Debug|Any CPU
		{8A50B198-C3ED-4DE8-8D63-11FF005C53C1}.Debug|Any CPU.Build.0 = Debug|Any CPU
		{8A50B198-C3ED-4DE8-8D63-11FF005C53C1}.Release|Any CPU.ActiveCfg = Release|Any CPU
		{8A50B198-C3ED-4DE8-8D63-11FF005C53C1}.Release|Any CPU.Build.0 = Release|Any CPU
		{72ACB5C8-FD64-4041-BA20-BFCC5A04E97C}.Debug|Any CPU.ActiveCfg = Debug|Any CPU
		{72ACB5C8-FD64-4041-BA20-BFCC5A04E97C}.Debug|Any CPU.Build.0 = Debug|Any CPU
		{72ACB5C8-FD64-4041-BA20-BFCC5A04E97C}.Release|Any CPU.ActiveCfg = Release|Any CPU
		{72ACB5C8-FD64-4041-BA20-BFCC5A04E97C}.Release|Any CPU.Build.0 = Release|Any CPU
		{D7ACC440-E6D8-427A-9751-033FF3ABC428}.Debug|Any CPU.ActiveCfg = Debug|Any CPU
		{D7ACC440-E6D8-427A-9751-033FF3ABC428}.Debug|Any CPU.Build.0 = Debug|Any CPU
		{D7ACC440-E6D8-427A-9751-033FF3ABC428}.Release|Any CPU.ActiveCfg = Release|Any CPU
		{D7ACC440-E6D8-427A-9751-033FF3ABC428}.Release|Any CPU.Build.0 = Release|Any CPU
		{4888A6BE-1858-4CCD-BAA9-095CE6D7203B}.Debug|Any CPU.ActiveCfg = Debug|Any CPU
		{4888A6BE-1858-4CCD-BAA9-095CE6D7203B}.Debug|Any CPU.Build.0 = Debug|Any CPU
		{4888A6BE-1858-4CCD-BAA9-095CE6D7203B}.Release|Any CPU.ActiveCfg = Release|Any CPU
		{4888A6BE-1858-4CCD-BAA9-095CE6D7203B}.Release|Any CPU.Build.0 = Release|Any CPU
		{B20CE553-A468-46AD-AA31-584CBF9A577C}.Debug|Any CPU.ActiveCfg = Debug|Any CPU
		{B20CE553-A468-46AD-AA31-584CBF9A577C}.Debug|Any CPU.Build.0 = Debug|Any CPU
		{B20CE553-A468-46AD-AA31-584CBF9A577C}.Release|Any CPU.ActiveCfg = Release|Any CPU
		{B20CE553-A468-46AD-AA31-584CBF9A577C}.Release|Any CPU.Build.0 = Release|Any CPU
		{EDB648BF-7FBA-4C8D-81C8-41A40F92B623}.Debug|Any CPU.ActiveCfg = Debug|Any CPU
		{EDB648BF-7FBA-4C8D-81C8-41A40F92B623}.Debug|Any CPU.Build.0 = Debug|Any CPU
		{EDB648BF-7FBA-4C8D-81C8-41A40F92B623}.Release|Any CPU.ActiveCfg = Release|Any CPU
		{EDB648BF-7FBA-4C8D-81C8-41A40F92B623}.Release|Any CPU.Build.0 = Release|Any CPU
		{084FF900-3D2C-49B5-85F9-0E5B06D880E5}.Debug|Any CPU.ActiveCfg = Debug|Any CPU
		{084FF900-3D2C-49B5-85F9-0E5B06D880E5}.Debug|Any CPU.Build.0 = Debug|Any CPU
		{084FF900-3D2C-49B5-85F9-0E5B06D880E5}.Release|Any CPU.ActiveCfg = Release|Any CPU
		{084FF900-3D2C-49B5-85F9-0E5B06D880E5}.Release|Any CPU.Build.0 = Release|Any CPU
		{84DC4589-C16B-4C27-820B-6A486AAEF6B1}.Debug|Any CPU.ActiveCfg = Debug|Any CPU
		{84DC4589-C16B-4C27-820B-6A486AAEF6B1}.Debug|Any CPU.Build.0 = Debug|Any CPU
		{84DC4589-C16B-4C27-820B-6A486AAEF6B1}.Release|Any CPU.ActiveCfg = Release|Any CPU
		{84DC4589-C16B-4C27-820B-6A486AAEF6B1}.Release|Any CPU.Build.0 = Release|Any CPU
		{885BCBEA-E65E-4E9B-AFBA-3DE88910AB52}.Debug|Any CPU.ActiveCfg = Debug|Any CPU
		{885BCBEA-E65E-4E9B-AFBA-3DE88910AB52}.Debug|Any CPU.Build.0 = Debug|Any CPU
		{885BCBEA-E65E-4E9B-AFBA-3DE88910AB52}.Release|Any CPU.ActiveCfg = Release|Any CPU
		{885BCBEA-E65E-4E9B-AFBA-3DE88910AB52}.Release|Any CPU.Build.0 = Release|Any CPU
		{4D29D143-9AF2-4DC5-A43E-7BC5277B6F08}.Debug|Any CPU.ActiveCfg = Debug|Any CPU
		{4D29D143-9AF2-4DC5-A43E-7BC5277B6F08}.Debug|Any CPU.Build.0 = Debug|Any CPU
		{4D29D143-9AF2-4DC5-A43E-7BC5277B6F08}.Release|Any CPU.ActiveCfg = Release|Any CPU
		{4D29D143-9AF2-4DC5-A43E-7BC5277B6F08}.Release|Any CPU.Build.0 = Release|Any CPU
		{1CB5D708-57E8-4FEE-ACB9-127242DB1BB8}.Debug|Any CPU.ActiveCfg = Debug|Any CPU
		{1CB5D708-57E8-4FEE-ACB9-127242DB1BB8}.Debug|Any CPU.Build.0 = Debug|Any CPU
		{1CB5D708-57E8-4FEE-ACB9-127242DB1BB8}.Release|Any CPU.ActiveCfg = Release|Any CPU
		{1CB5D708-57E8-4FEE-ACB9-127242DB1BB8}.Release|Any CPU.Build.0 = Release|Any CPU
		{011EB609-DB2D-4E9F-978F-5334654863D8}.Debug|Any CPU.ActiveCfg = Debug|Any CPU
		{011EB609-DB2D-4E9F-978F-5334654863D8}.Debug|Any CPU.Build.0 = Debug|Any CPU
		{011EB609-DB2D-4E9F-978F-5334654863D8}.Release|Any CPU.ActiveCfg = Release|Any CPU
		{011EB609-DB2D-4E9F-978F-5334654863D8}.Release|Any CPU.Build.0 = Release|Any CPU
		{8EC73C76-12C8-4052-91B9-8DB4D9BF3C21}.Debug|Any CPU.ActiveCfg = Debug|Any CPU
		{8EC73C76-12C8-4052-91B9-8DB4D9BF3C21}.Debug|Any CPU.Build.0 = Debug|Any CPU
		{8EC73C76-12C8-4052-91B9-8DB4D9BF3C21}.Release|Any CPU.ActiveCfg = Release|Any CPU
		{8EC73C76-12C8-4052-91B9-8DB4D9BF3C21}.Release|Any CPU.Build.0 = Release|Any CPU
		{0DEC1C3F-B3AB-475B-B931-8EF0F857D3D0}.Debug|Any CPU.ActiveCfg = Debug|Any CPU
		{0DEC1C3F-B3AB-475B-B931-8EF0F857D3D0}.Debug|Any CPU.Build.0 = Debug|Any CPU
		{0DEC1C3F-B3AB-475B-B931-8EF0F857D3D0}.Release|Any CPU.ActiveCfg = Release|Any CPU
		{0DEC1C3F-B3AB-475B-B931-8EF0F857D3D0}.Release|Any CPU.Build.0 = Release|Any CPU
		{845C5FBB-ABCD-4C31-92FD-F783D260D246}.Debug|Any CPU.ActiveCfg = Debug|Any CPU
		{845C5FBB-ABCD-4C31-92FD-F783D260D246}.Debug|Any CPU.Build.0 = Debug|Any CPU
		{845C5FBB-ABCD-4C31-92FD-F783D260D246}.Release|Any CPU.ActiveCfg = Release|Any CPU
		{845C5FBB-ABCD-4C31-92FD-F783D260D246}.Release|Any CPU.Build.0 = Release|Any CPU
		{652E5E33-A85F-4F60-A66F-1A20AF675C26}.Debug|Any CPU.ActiveCfg = Debug|Any CPU
		{652E5E33-A85F-4F60-A66F-1A20AF675C26}.Debug|Any CPU.Build.0 = Debug|Any CPU
		{652E5E33-A85F-4F60-A66F-1A20AF675C26}.Release|Any CPU.ActiveCfg = Release|Any CPU
		{652E5E33-A85F-4F60-A66F-1A20AF675C26}.Release|Any CPU.Build.0 = Release|Any CPU
		{6939FFF9-B3F6-4BDC-BC50-A18961FFBF71}.Debug|Any CPU.ActiveCfg = Debug|Any CPU
		{6939FFF9-B3F6-4BDC-BC50-A18961FFBF71}.Debug|Any CPU.Build.0 = Debug|Any CPU
		{6939FFF9-B3F6-4BDC-BC50-A18961FFBF71}.Release|Any CPU.ActiveCfg = Release|Any CPU
		{6939FFF9-B3F6-4BDC-BC50-A18961FFBF71}.Release|Any CPU.Build.0 = Release|Any CPU
		{143C5B88-CC98-4291-95D0-CBC63BF2F009}.Debug|Any CPU.ActiveCfg = Debug|Any CPU
		{143C5B88-CC98-4291-95D0-CBC63BF2F009}.Debug|Any CPU.Build.0 = Debug|Any CPU
		{143C5B88-CC98-4291-95D0-CBC63BF2F009}.Release|Any CPU.ActiveCfg = Release|Any CPU
		{143C5B88-CC98-4291-95D0-CBC63BF2F009}.Release|Any CPU.Build.0 = Release|Any CPU
		{7454095D-5BD6-4F16-88A2-477AED4DA6F6}.Debug|Any CPU.ActiveCfg = Debug|Any CPU
		{7454095D-5BD6-4F16-88A2-477AED4DA6F6}.Debug|Any CPU.Build.0 = Debug|Any CPU
		{7454095D-5BD6-4F16-88A2-477AED4DA6F6}.Release|Any CPU.ActiveCfg = Release|Any CPU
		{7454095D-5BD6-4F16-88A2-477AED4DA6F6}.Release|Any CPU.Build.0 = Release|Any CPU
		{B0E2BEF2-8847-404C-85DD-56A5FDDE114D}.Debug|Any CPU.ActiveCfg = Debug|Any CPU
		{B0E2BEF2-8847-404C-85DD-56A5FDDE114D}.Debug|Any CPU.Build.0 = Debug|Any CPU
		{B0E2BEF2-8847-404C-85DD-56A5FDDE114D}.Release|Any CPU.ActiveCfg = Release|Any CPU
		{B0E2BEF2-8847-404C-85DD-56A5FDDE114D}.Release|Any CPU.Build.0 = Release|Any CPU
		{E396EB68-8A1C-4B7C-B82D-FDBE57E645D8}.Debug|Any CPU.ActiveCfg = Debug|Any CPU
		{E396EB68-8A1C-4B7C-B82D-FDBE57E645D8}.Debug|Any CPU.Build.0 = Debug|Any CPU
		{E396EB68-8A1C-4B7C-B82D-FDBE57E645D8}.Release|Any CPU.ActiveCfg = Release|Any CPU
		{E396EB68-8A1C-4B7C-B82D-FDBE57E645D8}.Release|Any CPU.Build.0 = Release|Any CPU
		{E1D75CC7-5C87-4A72-8DAB-15B6CE3D04C5}.Debug|Any CPU.ActiveCfg = Debug|Any CPU
		{E1D75CC7-5C87-4A72-8DAB-15B6CE3D04C5}.Debug|Any CPU.Build.0 = Debug|Any CPU
		{E1D75CC7-5C87-4A72-8DAB-15B6CE3D04C5}.Release|Any CPU.ActiveCfg = Release|Any CPU
		{E1D75CC7-5C87-4A72-8DAB-15B6CE3D04C5}.Release|Any CPU.Build.0 = Release|Any CPU
		{4CEAC3C9-4841-44DA-845E-3DEB4D51D4A6}.Debug|Any CPU.ActiveCfg = Debug|Any CPU
		{4CEAC3C9-4841-44DA-845E-3DEB4D51D4A6}.Debug|Any CPU.Build.0 = Debug|Any CPU
		{4CEAC3C9-4841-44DA-845E-3DEB4D51D4A6}.Release|Any CPU.ActiveCfg = Release|Any CPU
		{4CEAC3C9-4841-44DA-845E-3DEB4D51D4A6}.Release|Any CPU.Build.0 = Release|Any CPU
		{DE578CA0-299C-4797-8CA3-0FE3B070AA69}.Debug|Any CPU.ActiveCfg = Debug|Any CPU
		{DE578CA0-299C-4797-8CA3-0FE3B070AA69}.Debug|Any CPU.Build.0 = Debug|Any CPU
		{DE578CA0-299C-4797-8CA3-0FE3B070AA69}.Release|Any CPU.ActiveCfg = Release|Any CPU
		{DE578CA0-299C-4797-8CA3-0FE3B070AA69}.Release|Any CPU.Build.0 = Release|Any CPU
		{F2259D63-19EE-4E05-A93E-EF780ACA7779}.Debug|Any CPU.ActiveCfg = Debug|Any CPU
		{F2259D63-19EE-4E05-A93E-EF780ACA7779}.Debug|Any CPU.Build.0 = Debug|Any CPU
		{F2259D63-19EE-4E05-A93E-EF780ACA7779}.Release|Any CPU.ActiveCfg = Release|Any CPU
		{F2259D63-19EE-4E05-A93E-EF780ACA7779}.Release|Any CPU.Build.0 = Release|Any CPU
		{A4331871-B4ED-41B7-A093-8D100261085A}.Debug|Any CPU.ActiveCfg = Debug|Any CPU
		{A4331871-B4ED-41B7-A093-8D100261085A}.Debug|Any CPU.Build.0 = Debug|Any CPU
		{A4331871-B4ED-41B7-A093-8D100261085A}.Release|Any CPU.ActiveCfg = Release|Any CPU
		{A4331871-B4ED-41B7-A093-8D100261085A}.Release|Any CPU.Build.0 = Release|Any CPU
		{FD6EA4E3-E9F7-4D9B-BD0F-3F2A871DACA9}.Debug|Any CPU.ActiveCfg = Debug|Any CPU
		{FD6EA4E3-E9F7-4D9B-BD0F-3F2A871DACA9}.Debug|Any CPU.Build.0 = Debug|Any CPU
		{FD6EA4E3-E9F7-4D9B-BD0F-3F2A871DACA9}.Release|Any CPU.ActiveCfg = Release|Any CPU
		{FD6EA4E3-E9F7-4D9B-BD0F-3F2A871DACA9}.Release|Any CPU.Build.0 = Release|Any CPU
		{5ED9930F-A63C-4D0E-B792-7C58D84DD271}.Debug|Any CPU.ActiveCfg = Debug|Any CPU
		{5ED9930F-A63C-4D0E-B792-7C58D84DD271}.Debug|Any CPU.Build.0 = Debug|Any CPU
		{5ED9930F-A63C-4D0E-B792-7C58D84DD271}.Release|Any CPU.ActiveCfg = Release|Any CPU
		{5ED9930F-A63C-4D0E-B792-7C58D84DD271}.Release|Any CPU.Build.0 = Release|Any CPU
		{68BCCAA3-57E8-44DB-82F5-004E87572423}.Debug|Any CPU.ActiveCfg = Debug|Any CPU
		{68BCCAA3-57E8-44DB-82F5-004E87572423}.Debug|Any CPU.Build.0 = Debug|Any CPU
		{68BCCAA3-57E8-44DB-82F5-004E87572423}.Release|Any CPU.ActiveCfg = Release|Any CPU
		{68BCCAA3-57E8-44DB-82F5-004E87572423}.Release|Any CPU.Build.0 = Release|Any CPU
		{4198282C-C674-4DA0-9865-B2821D71CA99}.Debug|Any CPU.ActiveCfg = Debug|Any CPU
		{4198282C-C674-4DA0-9865-B2821D71CA99}.Debug|Any CPU.Build.0 = Debug|Any CPU
		{4198282C-C674-4DA0-9865-B2821D71CA99}.Release|Any CPU.ActiveCfg = Release|Any CPU
		{4198282C-C674-4DA0-9865-B2821D71CA99}.Release|Any CPU.Build.0 = Release|Any CPU
	EndGlobalSection
EndGlobal
