
Microsoft Visual Studio Solution File, Format Version 12.00
Project("{FAE04EC0-301F-11D3-BF4B-00C04F79EFBC}") = "ECommerce.Api", "ECommerce.Api\ECommerce.Api.csproj", "{A5F8DE31-400A-4E3F-81FB-08A62E48E9E3}"
EndProject
Project("{FAE04EC0-301F-11D3-BF4B-00C04F79EFBC}") = "ECommerce", "ECommerce\ECommerce.csproj", "{7AA17923-7368-449B-95E6-5A64C1FAF4B6}"
EndProject
Project("{FAE04EC0-301F-11D3-BF4B-00C04F79EFBC}") = "ECommerce.Api.Tests", "ECommerce.Api.Tests\ECommerce.Api.Tests.csproj", "{1F59AAB3-7391-4742-9D8B-AE10DBA0BA4C}"
EndProject
Project("{2150E333-8FDC-42A3-9474-1A3956D46DE8}") = "Core", "Core", "{1F491B11-2201-4616-976F-A3012D95BD9C}"
EndProject
Project("{FAE04EC0-301F-11D3-BF4B-00C04F79EFBC}") = "Core.WebApi", "..\..\..\Core.WebApi\Core.WebApi.csproj", "{AE9175ED-054C-46F6-A91D-0F2691BD935B}"
EndProject
Project("{FAE04EC0-301F-11D3-BF4B-00C04F79EFBC}") = "Core.Api.Testing", "..\..\..\Core.Api.Testing\Core.Api.Testing.csproj", "{3C69FDAF-20C4-49C4-A648-C0AD8958CB3D}"
EndProject
Project("{FAE04EC0-301F-11D3-BF4B-00C04F79EFBC}") = "ECommerce.Core", "ECommerce.Core\ECommerce.Core.csproj", "{3DF5E171-72BD-4129-B66C-5428029CF932}"
EndProject
Project("{2150E333-8FDC-42A3-9474-1A3956D46DE8}") = "Docs", "Docs", "{6C654A81-F8CF-46DE-9CD8-442162F3F6FD}"
ProjectSection(SolutionItems) = preProject
	README.md = README.md
EndProjectSection
EndProject
Global
	GlobalSection(SolutionConfigurationPlatforms) = preSolution
		Debug|Any CPU = Debug|Any CPU
		Release|Any CPU = Release|Any CPU
	EndGlobalSection
	GlobalSection(NestedProjects) = preSolution
		{AE9175ED-054C-46F6-A91D-0F2691BD935B} = {1F491B11-2201-4616-976F-A3012D95BD9C}
		{3C69FDAF-20C4-49C4-A648-C0AD8958CB3D} = {1F491B11-2201-4616-976F-A3012D95BD9C}
	EndGlobalSection
	GlobalSection(ProjectConfigurationPlatforms) = postSolution
		{7AA17923-7368-449B-95E6-5A64C1FAF4B6}.Debug|Any CPU.ActiveCfg = Debug|Any CPU
		{7AA17923-7368-449B-95E6-5A64C1FAF4B6}.Debug|Any CPU.Build.0 = Debug|Any CPU
		{7AA17923-7368-449B-95E6-5A64C1FAF4B6}.Release|Any CPU.ActiveCfg = Release|Any CPU
		{7AA17923-7368-449B-95E6-5A64C1FAF4B6}.Release|Any CPU.Build.0 = Release|Any CPU
		{A5F8DE31-400A-4E3F-81FB-08A62E48E9E3}.Debug|Any CPU.ActiveCfg = Debug|Any CPU
		{A5F8DE31-400A-4E3F-81FB-08A62E48E9E3}.Debug|Any CPU.Build.0 = Debug|Any CPU
		{A5F8DE31-400A-4E3F-81FB-08A62E48E9E3}.Release|Any CPU.ActiveCfg = Release|Any CPU
		{A5F8DE31-400A-4E3F-81FB-08A62E48E9E3}.Release|Any CPU.Build.0 = Release|Any CPU
		{1F59AAB3-7391-4742-9D8B-AE10DBA0BA4C}.Debug|Any CPU.ActiveCfg = Debug|Any CPU
		{1F59AAB3-7391-4742-9D8B-AE10DBA0BA4C}.Debug|Any CPU.Build.0 = Debug|Any CPU
		{1F59AAB3-7391-4742-9D8B-AE10DBA0BA4C}.Release|Any CPU.ActiveCfg = Release|Any CPU
		{1F59AAB3-7391-4742-9D8B-AE10DBA0BA4C}.Release|Any CPU.Build.0 = Release|Any CPU
		{AE9175ED-054C-46F6-A91D-0F2691BD935B}.Debug|Any CPU.ActiveCfg = Debug|Any CPU
		{AE9175ED-054C-46F6-A91D-0F2691BD935B}.Debug|Any CPU.Build.0 = Debug|Any CPU
		{AE9175ED-054C-46F6-A91D-0F2691BD935B}.Release|Any CPU.ActiveCfg = Release|Any CPU
		{AE9175ED-054C-46F6-A91D-0F2691BD935B}.Release|Any CPU.Build.0 = Release|Any CPU
		{3C69FDAF-20C4-49C4-A648-C0AD8958CB3D}.Debug|Any CPU.ActiveCfg = Debug|Any CPU
		{3C69FDAF-20C4-49C4-A648-C0AD8958CB3D}.Debug|Any CPU.Build.0 = Debug|Any CPU
		{3C69FDAF-20C4-49C4-A648-C0AD8958CB3D}.Release|Any CPU.ActiveCfg = Release|Any CPU
		{3C69FDAF-20C4-49C4-A648-C0AD8958CB3D}.Release|Any CPU.Build.0 = Release|Any CPU
		{3DF5E171-72BD-4129-B66C-5428029CF932}.Debug|Any CPU.ActiveCfg = Debug|Any CPU
		{3DF5E171-72BD-4129-B66C-5428029CF932}.Debug|Any CPU.Build.0 = Debug|Any CPU
		{3DF5E171-72BD-4129-B66C-5428029CF932}.Release|Any CPU.ActiveCfg = Release|Any CPU
		{3DF5E171-72BD-4129-B66C-5428029CF932}.Release|Any CPU.Build.0 = Release|Any CPU
	EndGlobalSection
EndGlobal
