
Microsoft Visual Studio Solution File, Format Version 12.00
Project("{FAE04EC0-301F-11D3-BF4B-00C04F79EFBC}") = "EventPipelines", "EventPipelines\EventPipelines.csproj", "{B312C3E4-5CE7-4025-A610-C59F2ED60D94}"
EndProject
Project("{FAE04EC0-301F-11D3-BF4B-00C04F79EFBC}") = "EventPipelines.Tests", "EventPipelines.Tests\EventPipelines.Tests.csproj", "{36865DC1-445B-40EB-98DA-19537FE561A7}"
EndProject
Project("{FAE04EC0-301F-11D3-BF4B-00C04F79EFBC}") = "EventPipelines.MediatR", "EventPipelines.MediatR\EventPipelines.MediatR.csproj", "{070BF725-A56D-4FA0-8CEA-62FE2E63AA4C}"
EndProject
Global
	GlobalSection(SolutionConfigurationPlatforms) = preSolution
		Debug|Any CPU = Debug|Any CPU
		Release|Any CPU = Release|Any CPU
	EndGlobalSection
	GlobalSection(ProjectConfigurationPlatforms) = postSolution
		{B312C3E4-5CE7-4025-A610-C59F2ED60D94}.Debug|Any CPU.ActiveCfg = Debug|Any CPU
		{B312C3E4-5CE7-4025-A610-C59F2ED60D94}.Debug|Any CPU.Build.0 = Debug|Any CPU
		{B312C3E4-5CE7-4025-A610-C59F2ED60D94}.Release|Any CPU.ActiveCfg = Release|Any CPU
		{B312C3E4-5CE7-4025-A610-C59F2ED60D94}.Release|Any CPU.Build.0 = Release|Any CPU
		{36865DC1-445B-40EB-98DA-19537FE561A7}.Debug|Any CPU.ActiveCfg = Debug|Any CPU
		{36865DC1-445B-40EB-98DA-19537FE561A7}.Debug|Any CPU.Build.0 = Debug|Any CPU
		{36865DC1-445B-40EB-98DA-19537FE561A7}.Release|Any CPU.ActiveCfg = Release|Any CPU
		{36865DC1-445B-40EB-98DA-19537FE561A7}.Release|Any CPU.Build.0 = Release|Any CPU
		{070BF725-A56D-4FA0-8CEA-62FE2E63AA4C}.Debug|Any CPU.ActiveCfg = Debug|Any CPU
		{070BF725-A56D-4FA0-8CEA-62FE2E63AA4C}.Debug|Any CPU.Build.0 = Debug|Any CPU
		{070BF725-A56D-4FA0-8CEA-62FE2E63AA4C}.Release|Any CPU.ActiveCfg = Release|Any CPU
		{070BF725-A56D-4FA0-8CEA-62FE2E63AA4C}.Release|Any CPU.Build.0 = Release|Any CPU
	EndGlobalSection
EndGlobal
