
Microsoft Visual Studio Solution File, Format Version 12.00
Project("{FAE04EC0-301F-11D3-BF4B-00C04F79EFBC}") = "Helpdesk.Api", "Helpdesk.Api\Helpdesk.Api.csproj", "{03E9705E-AA25-42F2-A851-4ACEF2337B41}"
EndProject
Project("{2150E333-8FDC-42A3-9474-1A3956D46DE8}") = "docker", "docker", "{DD9FA469-889B-4BC0-BA5A-6A2C85C58387}"
	ProjectSection(SolutionItems) = preProject
		docker-compose.yml = docker-compose.yml
	EndProjectSection
EndProject
Global
	GlobalSection(SolutionConfigurationPlatforms) = preSolution
		Debug|Any CPU = Debug|Any CPU
		Release|Any CPU = Release|Any CPU
	EndGlobalSection
	GlobalSection(ProjectConfigurationPlatforms) = postSolution
		{03E9705E-AA25-42F2-A851-4ACEF2337B41}.Debug|Any CPU.ActiveCfg = Debug|Any CPU
		{03E9705E-AA25-42F2-A851-4ACEF2337B41}.Debug|Any CPU.Build.0 = Debug|Any CPU
		{03E9705E-AA25-42F2-A851-4ACEF2337B41}.Release|Any CPU.ActiveCfg = Release|Any CPU
		{03E9705E-AA25-42F2-A851-4ACEF2337B41}.Release|Any CPU.Build.0 = Release|Any CPU
	EndGlobalSection
EndGlobal
